{
  "version": 4,
  "terraform_version": "1.3.6",
  "serial": 101,
  "lineage": "106d09cf-9d4a-9050-0414-746bd63ba4da",
  "outputs": {},
  "resources": [
    {
      "mode": "managed",
      "type": "aws_api_gateway_deployment",
      "name": "auth_api_deployment",
      "provider": "provider[\"registry.terraform.io/hashicorp/aws\"]",
      "instances": [
        {
          "schema_version": 0,
          "attributes": {
            "created_date": "2023-01-31T09:41:55Z",
            "description": "",
            "execution_arn": "arn:aws:execute-api:eu-central-1:556433906636:lxe4b8taqj/",
            "id": "ek8t7e",
            "invoke_url": "https://lxe4b8taqj.execute-api.eu-central-1.amazonaws.com/",
            "rest_api_id": "lxe4b8taqj",
            "stage_description": null,
            "stage_name": null,
            "triggers": {
              "redeployment": "cabe48f2572c30cfb3acafdcfaa0a602787c479a"
            },
            "variables": {
              "source_code_hash": "3sQ/T+CSXXPh51KMBa/0zbEQm09dg5ee0F2YVj9TUQI="
            }
          },
          "sensitive_attributes": [],
          "private": "bnVsbA==",
          "dependencies": [
            "aws_api_gateway_integration.login_options_integration",
            "aws_api_gateway_integration.login_post_integration",
            "aws_api_gateway_integration.validate_token_options_integration",
            "aws_api_gateway_integration.validate_token_post_integration",
            "aws_api_gateway_integration_response.login_options_integration_response",
            "aws_api_gateway_integration_response.login_post_integration_response",
            "aws_api_gateway_integration_response.validate_token_options_integration_response",
            "aws_api_gateway_integration_response.validate_token_post_integration_response",
            "aws_api_gateway_method.login_options_method",
            "aws_api_gateway_method.login_post_method",
            "aws_api_gateway_method.validate_token_options_method",
            "aws_api_gateway_method.validate_token_post_method",
            "aws_api_gateway_method_response.login_options_method_response",
            "aws_api_gateway_method_response.login_post_method_response",
            "aws_api_gateway_method_response.validate_token_options_method_response",
            "aws_api_gateway_method_response.validate_token_post_method_response",
            "aws_api_gateway_resource.login_api_resource",
            "aws_api_gateway_resource.validate_token_api_resource",
            "aws_api_gateway_rest_api.auth_api",
            "aws_iam_role.iam_for_lambda",
            "aws_lambda_function.login_lambda",
            "aws_lambda_function.validate_token_lambda"
          ],
          "create_before_destroy": true
        }
      ]
    },
    {
      "mode": "managed",
      "type": "aws_api_gateway_integration",
      "name": "login_options_integration",
      "provider": "provider[\"registry.terraform.io/hashicorp/aws\"]",
      "instances": [
        {
          "schema_version": 0,
          "attributes": {
            "cache_key_parameters": [],
            "cache_namespace": "xp3ore",
            "connection_id": "",
            "connection_type": "INTERNET",
            "content_handling": "",
            "credentials": "",
            "http_method": "OPTIONS",
            "id": "agi-lxe4b8taqj-xp3ore-OPTIONS",
            "integration_http_method": "",
            "passthrough_behavior": "WHEN_NO_MATCH",
            "request_parameters": {},
            "request_templates": {
              "application/json": "{\"statusCode\": 200}\n"
            },
            "resource_id": "xp3ore",
            "rest_api_id": "lxe4b8taqj",
            "timeout_milliseconds": 29000,
            "tls_config": [],
            "type": "MOCK",
            "uri": ""
          },
          "sensitive_attributes": [],
          "private": "bnVsbA==",
          "dependencies": [
            "aws_api_gateway_method.login_options_method",
            "aws_api_gateway_resource.login_api_resource",
            "aws_api_gateway_rest_api.auth_api"
          ],
          "create_before_destroy": true
        }
      ]
    },
    {
      "mode": "managed",
      "type": "aws_api_gateway_integration",
      "name": "login_post_integration",
      "provider": "provider[\"registry.terraform.io/hashicorp/aws\"]",
      "instances": [
        {
          "schema_version": 0,
          "attributes": {
            "cache_key_parameters": [],
            "cache_namespace": "xp3ore",
            "connection_id": "",
            "connection_type": "INTERNET",
            "content_handling": "",
            "credentials": "",
            "http_method": "POST",
            "id": "agi-lxe4b8taqj-xp3ore-POST",
            "integration_http_method": "POST",
            "passthrough_behavior": "WHEN_NO_MATCH",
            "request_parameters": {},
            "request_templates": {},
            "resource_id": "xp3ore",
            "rest_api_id": "lxe4b8taqj",
            "timeout_milliseconds": 29000,
            "tls_config": [],
            "type": "AWS",
            "uri": "arn:aws:apigateway:eu-central-1:lambda:path/2015-03-31/functions/arn:aws:lambda:eu-central-1:556433906636:function:login/invocations"
          },
          "sensitive_attributes": [],
          "private": "bnVsbA==",
          "dependencies": [
            "aws_api_gateway_method.login_post_method",
            "aws_api_gateway_resource.login_api_resource",
            "aws_api_gateway_rest_api.auth_api",
            "aws_iam_role.iam_for_lambda",
            "aws_lambda_function.login_lambda"
          ],
          "create_before_destroy": true
        }
      ]
    },
    {
      "mode": "managed",
      "type": "aws_api_gateway_integration",
      "name": "validate_token_options_integration",
      "provider": "provider[\"registry.terraform.io/hashicorp/aws\"]",
      "instances": [
        {
          "schema_version": 0,
          "attributes": {
            "cache_key_parameters": [],
            "cache_namespace": "zxgv5m",
            "connection_id": "",
            "connection_type": "INTERNET",
            "content_handling": "",
            "credentials": "",
            "http_method": "OPTIONS",
            "id": "agi-lxe4b8taqj-zxgv5m-OPTIONS",
            "integration_http_method": "",
            "passthrough_behavior": "WHEN_NO_MATCH",
            "request_parameters": {},
            "request_templates": {
              "application/json": "{\"statusCode\": 200}\n"
            },
            "resource_id": "zxgv5m",
            "rest_api_id": "lxe4b8taqj",
            "timeout_milliseconds": 29000,
            "tls_config": [],
            "type": "MOCK",
            "uri": ""
          },
          "sensitive_attributes": [],
          "private": "bnVsbA==",
          "dependencies": [
            "aws_api_gateway_method.validate_token_options_method",
            "aws_api_gateway_resource.validate_token_api_resource",
            "aws_api_gateway_rest_api.auth_api"
          ],
          "create_before_destroy": true
        }
      ]
    },
    {
      "mode": "managed",
      "type": "aws_api_gateway_integration",
      "name": "validate_token_post_integration",
      "provider": "provider[\"registry.terraform.io/hashicorp/aws\"]",
      "instances": [
        {
          "schema_version": 0,
          "attributes": {
            "cache_key_parameters": [],
            "cache_namespace": "zxgv5m",
            "connection_id": "",
            "connection_type": "INTERNET",
            "content_handling": "",
            "credentials": "",
            "http_method": "POST",
            "id": "agi-lxe4b8taqj-zxgv5m-POST",
            "integration_http_method": "POST",
            "passthrough_behavior": "WHEN_NO_MATCH",
            "request_parameters": {},
            "request_templates": {},
            "resource_id": "zxgv5m",
            "rest_api_id": "lxe4b8taqj",
            "timeout_milliseconds": 29000,
            "tls_config": [],
            "type": "AWS",
            "uri": "arn:aws:apigateway:eu-central-1:lambda:path/2015-03-31/functions/arn:aws:lambda:eu-central-1:556433906636:function:validate-token/invocations"
          },
          "sensitive_attributes": [],
          "private": "bnVsbA==",
          "dependencies": [
            "aws_api_gateway_method.validate_token_post_method",
            "aws_api_gateway_resource.validate_token_api_resource",
            "aws_api_gateway_rest_api.auth_api",
            "aws_iam_role.iam_for_lambda",
            "aws_lambda_function.validate_token_lambda"
          ],
          "create_before_destroy": true
        }
      ]
    },
    {
      "mode": "managed",
      "type": "aws_api_gateway_integration_response",
      "name": "login_options_integration_response",
      "provider": "provider[\"registry.terraform.io/hashicorp/aws\"]",
      "instances": [
        {
          "schema_version": 0,
          "attributes": {
            "content_handling": "",
            "http_method": "OPTIONS",
            "id": "agir-lxe4b8taqj-xp3ore-OPTIONS-200",
            "resource_id": "xp3ore",
            "response_parameters": {
              "method.response.header.Access-Control-Allow-Headers": "'Content-Type,X-Amz-Date,Authorization,X-Api-Key,X-Amz-Security-Token'",
              "method.response.header.Access-Control-Allow-Methods": "'OPTIONS,POST'",
              "method.response.header.Access-Control-Allow-Origin": "'*'"
            },
            "response_templates": {},
            "rest_api_id": "lxe4b8taqj",
            "selection_pattern": "",
            "status_code": "200"
          },
          "sensitive_attributes": [],
          "private": "bnVsbA==",
          "dependencies": [
            "aws_api_gateway_method.login_options_method",
            "aws_api_gateway_method_response.login_options_method_response",
            "aws_api_gateway_resource.login_api_resource",
            "aws_api_gateway_rest_api.auth_api"
          ],
          "create_before_destroy": true
        }
      ]
    },
    {
      "mode": "managed",
      "type": "aws_api_gateway_integration_response",
      "name": "login_post_integration_response",
      "provider": "provider[\"registry.terraform.io/hashicorp/aws\"]",
      "instances": [
        {
          "schema_version": 0,
          "attributes": {
            "content_handling": "",
            "http_method": "POST",
            "id": "agir-lxe4b8taqj-xp3ore-POST-200",
            "resource_id": "xp3ore",
            "response_parameters": {
              "method.response.header.Access-Control-Allow-Origin": "'*'"
            },
            "response_templates": {},
            "rest_api_id": "lxe4b8taqj",
            "selection_pattern": "",
            "status_code": "200"
          },
          "sensitive_attributes": [],
          "private": "bnVsbA==",
          "dependencies": [
            "aws_api_gateway_method.login_post_method",
            "aws_api_gateway_method_response.login_post_method_response",
            "aws_api_gateway_resource.login_api_resource",
            "aws_api_gateway_rest_api.auth_api"
          ],
          "create_before_destroy": true
        }
      ]
    },
    {
      "mode": "managed",
      "type": "aws_api_gateway_integration_response",
      "name": "validate_token_options_integration_response",
      "provider": "provider[\"registry.terraform.io/hashicorp/aws\"]",
      "instances": [
        {
          "schema_version": 0,
          "attributes": {
            "content_handling": "",
            "http_method": "OPTIONS",
            "id": "agir-lxe4b8taqj-zxgv5m-OPTIONS-200",
            "resource_id": "zxgv5m",
            "response_parameters": {
              "method.response.header.Access-Control-Allow-Headers": "'Content-Type,X-Amz-Date,Authorization,X-Api-Key,X-Amz-Security-Token'",
              "method.response.header.Access-Control-Allow-Methods": "'OPTIONS,POST'",
              "method.response.header.Access-Control-Allow-Origin": "'*'"
            },
            "response_templates": {},
            "rest_api_id": "lxe4b8taqj",
            "selection_pattern": "",
            "status_code": "200"
          },
          "sensitive_attributes": [],
          "private": "bnVsbA==",
          "dependencies": [
            "aws_api_gateway_method.validate_token_options_method",
            "aws_api_gateway_method_response.validate_token_options_method_response",
            "aws_api_gateway_resource.validate_token_api_resource",
            "aws_api_gateway_rest_api.auth_api"
          ],
          "create_before_destroy": true
        }
      ]
    },
    {
      "mode": "managed",
      "type": "aws_api_gateway_integration_response",
      "name": "validate_token_post_integration_response",
      "provider": "provider[\"registry.terraform.io/hashicorp/aws\"]",
      "instances": [
        {
          "schema_version": 0,
          "attributes": {
            "content_handling": "",
            "http_method": "POST",
            "id": "agir-lxe4b8taqj-zxgv5m-POST-200",
            "resource_id": "zxgv5m",
            "response_parameters": {
              "method.response.header.Access-Control-Allow-Origin": "'*'"
            },
            "response_templates": {},
            "rest_api_id": "lxe4b8taqj",
            "selection_pattern": "",
            "status_code": "200"
          },
          "sensitive_attributes": [],
          "private": "bnVsbA==",
          "dependencies": [
            "aws_api_gateway_method.validate_token_post_method",
            "aws_api_gateway_method_response.validate_token_post_method_response",
            "aws_api_gateway_resource.validate_token_api_resource",
            "aws_api_gateway_rest_api.auth_api"
          ],
          "create_before_destroy": true
        }
      ]
    },
    {
      "mode": "managed",
      "type": "aws_api_gateway_method",
      "name": "login_options_method",
      "provider": "provider[\"registry.terraform.io/hashicorp/aws\"]",
      "instances": [
        {
          "schema_version": 0,
          "attributes": {
            "api_key_required": false,
            "authorization": "NONE",
            "authorization_scopes": [],
            "authorizer_id": "",
            "http_method": "OPTIONS",
            "id": "agm-lxe4b8taqj-xp3ore-OPTIONS",
            "operation_name": "",
            "request_models": {},
            "request_parameters": {},
            "request_validator_id": "",
            "resource_id": "xp3ore",
            "rest_api_id": "lxe4b8taqj"
          },
          "sensitive_attributes": [],
          "private": "bnVsbA==",
          "dependencies": [
            "aws_api_gateway_resource.login_api_resource",
            "aws_api_gateway_rest_api.auth_api"
          ],
          "create_before_destroy": true
        }
      ]
    },
    {
      "mode": "managed",
      "type": "aws_api_gateway_method",
      "name": "login_post_method",
      "provider": "provider[\"registry.terraform.io/hashicorp/aws\"]",
      "instances": [
        {
          "schema_version": 0,
          "attributes": {
            "api_key_required": false,
            "authorization": "NONE",
            "authorization_scopes": [],
            "authorizer_id": "",
            "http_method": "POST",
            "id": "agm-lxe4b8taqj-xp3ore-POST",
            "operation_name": "",
            "request_models": {},
            "request_parameters": {},
            "request_validator_id": "",
            "resource_id": "xp3ore",
            "rest_api_id": "lxe4b8taqj"
          },
          "sensitive_attributes": [],
          "private": "bnVsbA==",
          "dependencies": [
            "aws_api_gateway_resource.login_api_resource",
            "aws_api_gateway_rest_api.auth_api"
          ],
          "create_before_destroy": true
        }
      ]
    },
    {
      "mode": "managed",
      "type": "aws_api_gateway_method",
      "name": "validate_token_options_method",
      "provider": "provider[\"registry.terraform.io/hashicorp/aws\"]",
      "instances": [
        {
          "schema_version": 0,
          "attributes": {
            "api_key_required": false,
            "authorization": "NONE",
            "authorization_scopes": [],
            "authorizer_id": "",
            "http_method": "OPTIONS",
            "id": "agm-lxe4b8taqj-zxgv5m-OPTIONS",
            "operation_name": "",
            "request_models": {},
            "request_parameters": {},
            "request_validator_id": "",
            "resource_id": "zxgv5m",
            "rest_api_id": "lxe4b8taqj"
          },
          "sensitive_attributes": [],
          "private": "bnVsbA==",
          "dependencies": [
            "aws_api_gateway_resource.validate_token_api_resource",
            "aws_api_gateway_rest_api.auth_api"
          ],
          "create_before_destroy": true
        }
      ]
    },
    {
      "mode": "managed",
      "type": "aws_api_gateway_method",
      "name": "validate_token_post_method",
      "provider": "provider[\"registry.terraform.io/hashicorp/aws\"]",
      "instances": [
        {
          "schema_version": 0,
          "attributes": {
            "api_key_required": false,
            "authorization": "NONE",
            "authorization_scopes": [],
            "authorizer_id": "",
            "http_method": "POST",
            "id": "agm-lxe4b8taqj-zxgv5m-POST",
            "operation_name": "",
            "request_models": {},
            "request_parameters": {},
            "request_validator_id": "",
            "resource_id": "zxgv5m",
            "rest_api_id": "lxe4b8taqj"
          },
          "sensitive_attributes": [],
          "private": "bnVsbA==",
          "dependencies": [
            "aws_api_gateway_resource.validate_token_api_resource",
            "aws_api_gateway_rest_api.auth_api"
          ],
          "create_before_destroy": true
        }
      ]
    },
    {
      "mode": "managed",
      "type": "aws_api_gateway_method_response",
      "name": "login_options_method_response",
      "provider": "provider[\"registry.terraform.io/hashicorp/aws\"]",
      "instances": [
        {
          "schema_version": 0,
          "attributes": {
            "http_method": "OPTIONS",
            "id": "agmr-lxe4b8taqj-xp3ore-OPTIONS-200",
            "resource_id": "xp3ore",
            "response_models": {
              "application/json": "Empty"
            },
            "response_parameters": {
              "method.response.header.Access-Control-Allow-Headers": true,
              "method.response.header.Access-Control-Allow-Methods": true,
              "method.response.header.Access-Control-Allow-Origin": true
            },
            "rest_api_id": "lxe4b8taqj",
            "status_code": "200"
          },
          "sensitive_attributes": [],
          "private": "bnVsbA==",
          "dependencies": [
            "aws_api_gateway_method.login_options_method",
            "aws_api_gateway_resource.login_api_resource",
            "aws_api_gateway_rest_api.auth_api"
          ],
          "create_before_destroy": true
        }
      ]
    },
    {
      "mode": "managed",
      "type": "aws_api_gateway_method_response",
      "name": "login_post_method_response",
      "provider": "provider[\"registry.terraform.io/hashicorp/aws\"]",
      "instances": [
        {
          "schema_version": 0,
          "attributes": {
            "http_method": "POST",
            "id": "agmr-lxe4b8taqj-xp3ore-POST-200",
            "resource_id": "xp3ore",
            "response_models": {
              "application/json": "Empty"
            },
            "response_parameters": {
              "method.response.header.Access-Control-Allow-Origin": true
            },
            "rest_api_id": "lxe4b8taqj",
            "status_code": "200"
          },
          "sensitive_attributes": [],
          "private": "bnVsbA==",
          "dependencies": [
            "aws_api_gateway_method.login_post_method",
            "aws_api_gateway_resource.login_api_resource",
            "aws_api_gateway_rest_api.auth_api"
          ],
          "create_before_destroy": true
        }
      ]
    },
    {
      "mode": "managed",
      "type": "aws_api_gateway_method_response",
      "name": "validate_token_options_method_response",
      "provider": "provider[\"registry.terraform.io/hashicorp/aws\"]",
      "instances": [
        {
          "schema_version": 0,
          "attributes": {
            "http_method": "OPTIONS",
            "id": "agmr-lxe4b8taqj-zxgv5m-OPTIONS-200",
            "resource_id": "zxgv5m",
            "response_models": {
              "application/json": "Empty"
            },
            "response_parameters": {
              "method.response.header.Access-Control-Allow-Headers": true,
              "method.response.header.Access-Control-Allow-Methods": true,
              "method.response.header.Access-Control-Allow-Origin": true
            },
            "rest_api_id": "lxe4b8taqj",
            "status_code": "200"
          },
          "sensitive_attributes": [],
          "private": "bnVsbA==",
          "dependencies": [
            "aws_api_gateway_method.validate_token_options_method",
            "aws_api_gateway_resource.validate_token_api_resource",
            "aws_api_gateway_rest_api.auth_api"
          ],
          "create_before_destroy": true
        }
      ]
    },
    {
      "mode": "managed",
      "type": "aws_api_gateway_method_response",
      "name": "validate_token_post_method_response",
      "provider": "provider[\"registry.terraform.io/hashicorp/aws\"]",
      "instances": [
        {
          "schema_version": 0,
          "attributes": {
            "http_method": "POST",
            "id": "agmr-lxe4b8taqj-zxgv5m-POST-200",
            "resource_id": "zxgv5m",
            "response_models": {
              "application/json": "Empty"
            },
            "response_parameters": {
              "method.response.header.Access-Control-Allow-Origin": true
            },
            "rest_api_id": "lxe4b8taqj",
            "status_code": "200"
          },
          "sensitive_attributes": [],
          "private": "bnVsbA==",
          "dependencies": [
            "aws_api_gateway_method.validate_token_post_method",
            "aws_api_gateway_resource.validate_token_api_resource",
            "aws_api_gateway_rest_api.auth_api"
          ],
          "create_before_destroy": true
        }
      ]
    },
    {
      "mode": "managed",
      "type": "aws_api_gateway_resource",
      "name": "login_api_resource",
      "provider": "provider[\"registry.terraform.io/hashicorp/aws\"]",
      "instances": [
        {
          "schema_version": 0,
          "attributes": {
            "id": "xp3ore",
            "parent_id": "2kwvhvfrld",
            "path": "/login",
            "path_part": "login",
            "rest_api_id": "lxe4b8taqj"
          },
          "sensitive_attributes": [],
          "private": "bnVsbA==",
          "dependencies": [
            "aws_api_gateway_rest_api.auth_api"
          ],
          "create_before_destroy": true
        }
      ]
    },
    {
      "mode": "managed",
      "type": "aws_api_gateway_resource",
      "name": "validate_token_api_resource",
      "provider": "provider[\"registry.terraform.io/hashicorp/aws\"]",
      "instances": [
        {
          "schema_version": 0,
          "attributes": {
            "id": "zxgv5m",
            "parent_id": "2kwvhvfrld",
            "path": "/validate-token",
            "path_part": "validate-token",
            "rest_api_id": "lxe4b8taqj"
          },
          "sensitive_attributes": [],
          "private": "bnVsbA==",
          "dependencies": [
            "aws_api_gateway_rest_api.auth_api"
          ],
          "create_before_destroy": true
        }
      ]
    },
    {
      "mode": "managed",
      "type": "aws_api_gateway_rest_api",
      "name": "auth_api",
      "provider": "provider[\"registry.terraform.io/hashicorp/aws\"]",
      "instances": [
        {
          "schema_version": 0,
          "attributes": {
            "api_key_source": "HEADER",
            "arn": "arn:aws:apigateway:eu-central-1::/restapis/lxe4b8taqj",
            "binary_media_types": [],
            "body": null,
            "created_date": "2023-01-13T12:31:52Z",
            "description": "AuthN/Z API",
            "disable_execute_api_endpoint": false,
            "endpoint_configuration": [
              {
                "types": [
                  "EDGE"
                ],
                "vpc_endpoint_ids": []
              }
            ],
            "execution_arn": "arn:aws:execute-api:eu-central-1:556433906636:lxe4b8taqj",
            "id": "lxe4b8taqj",
            "minimum_compression_size": -1,
            "name": "Auth API",
            "parameters": null,
            "policy": "",
            "put_rest_api_mode": null,
            "root_resource_id": "2kwvhvfrld",
            "tags": {},
            "tags_all": {}
          },
          "sensitive_attributes": [],
          "private": "bnVsbA==",
          "create_before_destroy": true
        }
      ]
    },
    {
      "mode": "managed",
      "type": "aws_api_gateway_stage",
      "name": "auth_api_dev",
      "provider": "provider[\"registry.terraform.io/hashicorp/aws\"]",
      "instances": [
        {
          "schema_version": 0,
          "attributes": {
            "access_log_settings": [],
            "arn": "arn:aws:apigateway:eu-central-1::/restapis/lxe4b8taqj/stages/dev",
            "cache_cluster_enabled": false,
            "cache_cluster_size": "",
            "canary_settings": [],
            "client_certificate_id": "",
            "deployment_id": "ek8t7e",
            "description": "",
            "documentation_version": "",
            "execution_arn": "arn:aws:execute-api:eu-central-1:556433906636:lxe4b8taqj/dev",
            "id": "ags-lxe4b8taqj-dev",
            "invoke_url": "https://lxe4b8taqj.execute-api.eu-central-1.amazonaws.com/dev",
            "rest_api_id": "lxe4b8taqj",
            "stage_name": "dev",
            "tags": {},
            "tags_all": {},
            "variables": {},
            "web_acl_arn": "",
            "xray_tracing_enabled": false
          },
          "sensitive_attributes": [],
          "private": "bnVsbA==",
          "dependencies": [
            "aws_api_gateway_deployment.auth_api_deployment",
            "aws_api_gateway_integration.login_options_integration",
            "aws_api_gateway_integration.login_post_integration",
            "aws_api_gateway_integration.validate_token_options_integration",
            "aws_api_gateway_integration.validate_token_post_integration",
            "aws_api_gateway_integration_response.login_options_integration_response",
            "aws_api_gateway_integration_response.login_post_integration_response",
            "aws_api_gateway_integration_response.validate_token_options_integration_response",
            "aws_api_gateway_integration_response.validate_token_post_integration_response",
            "aws_api_gateway_method.login_options_method",
            "aws_api_gateway_method.login_post_method",
            "aws_api_gateway_method.validate_token_options_method",
            "aws_api_gateway_method.validate_token_post_method",
            "aws_api_gateway_method_response.login_options_method_response",
            "aws_api_gateway_method_response.login_post_method_response",
            "aws_api_gateway_method_response.validate_token_options_method_response",
            "aws_api_gateway_method_response.validate_token_post_method_response",
            "aws_api_gateway_resource.login_api_resource",
            "aws_api_gateway_resource.validate_token_api_resource",
            "aws_api_gateway_rest_api.auth_api",
            "aws_iam_role.iam_for_lambda",
            "aws_lambda_function.login_lambda",
            "aws_lambda_function.validate_token_lambda"
          ]
        }
      ]
    },
    {
      "mode": "managed",
      "type": "aws_api_gateway_stage",
      "name": "auth_api_preprod",
      "provider": "provider[\"registry.terraform.io/hashicorp/aws\"]",
      "instances": [
        {
          "schema_version": 0,
          "attributes": {
            "access_log_settings": [],
            "arn": "arn:aws:apigateway:eu-central-1::/restapis/lxe4b8taqj/stages/preprod",
            "cache_cluster_enabled": false,
            "cache_cluster_size": "",
            "canary_settings": [],
            "client_certificate_id": "",
            "deployment_id": "ek8t7e",
            "description": "",
            "documentation_version": "",
            "execution_arn": "arn:aws:execute-api:eu-central-1:556433906636:lxe4b8taqj/preprod",
            "id": "ags-lxe4b8taqj-preprod",
            "invoke_url": "https://lxe4b8taqj.execute-api.eu-central-1.amazonaws.com/preprod",
            "rest_api_id": "lxe4b8taqj",
            "stage_name": "preprod",
            "tags": {},
            "tags_all": {},
            "variables": {},
            "web_acl_arn": "",
            "xray_tracing_enabled": false
          },
          "sensitive_attributes": [],
          "private": "bnVsbA==",
          "dependencies": [
            "aws_api_gateway_deployment.auth_api_deployment",
            "aws_api_gateway_integration.login_options_integration",
            "aws_api_gateway_integration.login_post_integration",
            "aws_api_gateway_integration.validate_token_options_integration",
            "aws_api_gateway_integration.validate_token_post_integration",
            "aws_api_gateway_integration_response.login_options_integration_response",
            "aws_api_gateway_integration_response.login_post_integration_response",
            "aws_api_gateway_integration_response.validate_token_options_integration_response",
            "aws_api_gateway_integration_response.validate_token_post_integration_response",
            "aws_api_gateway_method.login_options_method",
            "aws_api_gateway_method.login_post_method",
            "aws_api_gateway_method.validate_token_options_method",
            "aws_api_gateway_method.validate_token_post_method",
            "aws_api_gateway_method_response.login_options_method_response",
            "aws_api_gateway_method_response.login_post_method_response",
            "aws_api_gateway_method_response.validate_token_options_method_response",
            "aws_api_gateway_method_response.validate_token_post_method_response",
            "aws_api_gateway_resource.login_api_resource",
            "aws_api_gateway_resource.validate_token_api_resource",
            "aws_api_gateway_rest_api.auth_api",
            "aws_iam_role.iam_for_lambda",
            "aws_lambda_function.login_lambda",
            "aws_lambda_function.validate_token_lambda"
          ]
        }
      ]
    },
    {
      "mode": "managed",
      "type": "aws_api_gateway_stage",
      "name": "auth_api_prod",
      "provider": "provider[\"registry.terraform.io/hashicorp/aws\"]",
      "instances": [
        {
          "schema_version": 0,
          "attributes": {
            "access_log_settings": [],
            "arn": "arn:aws:apigateway:eu-central-1::/restapis/lxe4b8taqj/stages/prod",
            "cache_cluster_enabled": false,
            "cache_cluster_size": "",
            "canary_settings": [],
            "client_certificate_id": "",
            "deployment_id": "ek8t7e",
            "description": "",
            "documentation_version": "",
            "execution_arn": "arn:aws:execute-api:eu-central-1:556433906636:lxe4b8taqj/prod",
            "id": "ags-lxe4b8taqj-prod",
            "invoke_url": "https://lxe4b8taqj.execute-api.eu-central-1.amazonaws.com/prod",
            "rest_api_id": "lxe4b8taqj",
            "stage_name": "prod",
            "tags": {},
            "tags_all": {},
            "variables": {},
            "web_acl_arn": "",
            "xray_tracing_enabled": false
          },
          "sensitive_attributes": [],
          "private": "bnVsbA==",
          "dependencies": [
            "aws_api_gateway_deployment.auth_api_deployment",
            "aws_api_gateway_integration.login_options_integration",
            "aws_api_gateway_integration.login_post_integration",
            "aws_api_gateway_integration.validate_token_options_integration",
            "aws_api_gateway_integration.validate_token_post_integration",
            "aws_api_gateway_integration_response.login_options_integration_response",
            "aws_api_gateway_integration_response.login_post_integration_response",
            "aws_api_gateway_integration_response.validate_token_options_integration_response",
            "aws_api_gateway_integration_response.validate_token_post_integration_response",
            "aws_api_gateway_method.login_options_method",
            "aws_api_gateway_method.login_post_method",
            "aws_api_gateway_method.validate_token_options_method",
            "aws_api_gateway_method.validate_token_post_method",
            "aws_api_gateway_method_response.login_options_method_response",
            "aws_api_gateway_method_response.login_post_method_response",
            "aws_api_gateway_method_response.validate_token_options_method_response",
            "aws_api_gateway_method_response.validate_token_post_method_response",
            "aws_api_gateway_resource.login_api_resource",
            "aws_api_gateway_resource.validate_token_api_resource",
            "aws_api_gateway_rest_api.auth_api",
            "aws_iam_role.iam_for_lambda",
            "aws_lambda_function.login_lambda",
            "aws_lambda_function.validate_token_lambda"
          ]
        }
      ]
    },
    {
      "mode": "managed",
      "type": "aws_iam_role",
      "name": "iam_for_lambda",
      "provider": "provider[\"registry.terraform.io/hashicorp/aws\"]",
      "instances": [
        {
          "schema_version": 0,
          "attributes": {
            "arn": "arn:aws:iam::556433906636:role/iam_for_lambda",
            "assume_role_policy": "{\"Statement\":[{\"Action\":\"sts:AssumeRole\",\"Effect\":\"Allow\",\"Principal\":{\"Service\":\"lambda.amazonaws.com\"},\"Sid\":\"\"}],\"Version\":\"2012-10-17\"}",
            "create_date": "2023-01-13T09:46:44Z",
            "description": "",
            "force_detach_policies": false,
            "id": "iam_for_lambda",
            "inline_policy": [],
            "managed_policy_arns": [
              "arn:aws:iam::aws:policy/SecretsManagerReadWrite"
            ],
            "max_session_duration": 3600,
            "name": "iam_for_lambda",
            "name_prefix": "",
            "path": "/",
            "permissions_boundary": null,
            "tags": {},
            "tags_all": {},
            "unique_id": "AROAYDDQLTPGO2P4WSYMC"
          },
          "sensitive_attributes": [],
          "private": "bnVsbA==",
          "create_before_destroy": true
        }
      ]
    },
    {
      "mode": "managed",
      "type": "aws_iam_role_policy_attachment",
      "name": "lambda_access_secrets",
      "provider": "provider[\"registry.terraform.io/hashicorp/aws\"]",
      "instances": [
        {
          "schema_version": 0,
          "attributes": {
            "id": "iam_for_lambda-20230118120334879300000001",
            "policy_arn": "arn:aws:iam::aws:policy/SecretsManagerReadWrite",
            "role": "iam_for_lambda"
          },
          "sensitive_attributes": [],
          "private": "bnVsbA==",
          "dependencies": [
            "aws_iam_role.iam_for_lambda"
          ]
        }
      ]
    },
    {
      "mode": "managed",
      "type": "aws_lambda_function",
      "name": "login_lambda",
      "provider": "provider[\"registry.terraform.io/hashicorp/aws\"]",
      "instances": [
        {
          "schema_version": 0,
          "attributes": {
            "architectures": [
              "x86_64"
            ],
            "arn": "arn:aws:lambda:eu-central-1:556433906636:function:login",
            "code_signing_config_arn": "",
            "dead_letter_config": [],
            "description": "",
            "environment": [
              {
                "variables": {
                  "JWT_EXPIRE_DAYS": "30",
                  "JWT_SECRET": "fe1a1915a379f3be5394b64d14794932",
                  "SECRETS_STORAGE_NAME": "annapivunova.me_secrets_storage"
                }
              }
            ],
            "ephemeral_storage": [
              {
                "size": 512
              }
            ],
            "file_system_config": [],
            "filename": "lambda.zip",
            "function_name": "login",
            "handler": "login.handler",
            "id": "login",
            "image_config": [],
            "image_uri": "",
            "invoke_arn": "arn:aws:apigateway:eu-central-1:lambda:path/2015-03-31/functions/arn:aws:lambda:eu-central-1:556433906636:function:login/invocations",
            "kms_key_arn": "",
            "last_modified": "2023-01-31T09:41:44.000+0000",
            "layers": [],
            "memory_size": 128,
            "package_type": "Zip",
            "publish": false,
            "qualified_arn": "arn:aws:lambda:eu-central-1:556433906636:function:login:$LATEST",
            "qualified_invoke_arn": "arn:aws:apigateway:eu-central-1:lambda:path/2015-03-31/functions/arn:aws:lambda:eu-central-1:556433906636:function:login:$LATEST/invocations",
            "reserved_concurrent_executions": -1,
            "role": "arn:aws:iam::556433906636:role/iam_for_lambda",
            "runtime": "nodejs18.x",
            "s3_bucket": null,
            "s3_key": null,
            "s3_object_version": null,
            "signing_job_arn": "",
            "signing_profile_version_arn": "",
            "snap_start": [],
            "source_code_hash": "3sQ/T+CSXXPh51KMBa/0zbEQm09dg5ee0F2YVj9TUQI=",
            "source_code_size": 9145,
            "tags": {},
            "tags_all": {},
            "timeout": 3,
            "timeouts": null,
            "tracing_config": [
              {
                "mode": "PassThrough"
              }
            ],
            "version": "$LATEST",
            "vpc_config": []
          },
          "sensitive_attributes": [],
          "private": "eyJlMmJmYjczMC1lY2FhLTExZTYtOGY4OC0zNDM2M2JjN2M0YzAiOnsiY3JlYXRlIjo2MDAwMDAwMDAwMDB9fQ==",
          "dependencies": [
            "aws_iam_role.iam_for_lambda"
          ],
          "create_before_destroy": true
        }
      ]
    },
    {
      "mode": "managed",
      "type": "aws_lambda_function",
      "name": "validate_token_lambda",
      "provider": "provider[\"registry.terraform.io/hashicorp/aws\"]",
      "instances": [
        {
          "schema_version": 0,
          "attributes": {
            "architectures": [
              "x86_64"
            ],
            "arn": "arn:aws:lambda:eu-central-1:556433906636:function:validate-token",
            "code_signing_config_arn": "",
            "dead_letter_config": [],
            "description": "",
            "environment": [
              {
                "variables": {
                  "JWT_EXPIRE_DAYS": "30",
                  "JWT_SECRET": "fe1a1915a379f3be5394b64d14794932"
                }
              }
            ],
            "ephemeral_storage": [
              {
                "size": 512
              }
            ],
            "file_system_config": [],
            "filename": "lambda.zip",
            "function_name": "validate-token",
            "handler": "validate-token.handler",
            "id": "validate-token",
            "image_config": [],
            "image_uri": "",
            "invoke_arn": "arn:aws:apigateway:eu-central-1:lambda:path/2015-03-31/functions/arn:aws:lambda:eu-central-1:556433906636:function:validate-token/invocations",
            "kms_key_arn": "",
            "last_modified": "2023-01-31T09:41:49.000+0000",
            "layers": [],
            "memory_size": 128,
            "package_type": "Zip",
            "publish": false,
            "qualified_arn": "arn:aws:lambda:eu-central-1:556433906636:function:validate-token:$LATEST",
            "qualified_invoke_arn": "arn:aws:apigateway:eu-central-1:lambda:path/2015-03-31/functions/arn:aws:lambda:eu-central-1:556433906636:function:validate-token:$LATEST/invocations",
            "reserved_concurrent_executions": -1,
            "role": "arn:aws:iam::556433906636:role/iam_for_lambda",
            "runtime": "nodejs18.x",
            "s3_bucket": null,
            "s3_key": null,
            "s3_object_version": null,
            "signing_job_arn": "",
            "signing_profile_version_arn": "",
            "snap_start": [],
            "source_code_hash": "3sQ/T+CSXXPh51KMBa/0zbEQm09dg5ee0F2YVj9TUQI=",
            "source_code_size": 9145,
            "tags": {},
            "tags_all": {},
            "timeout": 3,
            "timeouts": null,
            "tracing_config": [
              {
                "mode": "PassThrough"
              }
            ],
            "version": "$LATEST",
            "vpc_config": []
          },
          "sensitive_attributes": [],
          "private": "eyJlMmJmYjczMC1lY2FhLTExZTYtOGY4OC0zNDM2M2JjN2M0YzAiOnsiY3JlYXRlIjo2MDAwMDAwMDAwMDB9fQ==",
          "dependencies": [
            "aws_iam_role.iam_for_lambda"
          ],
          "create_before_destroy": true
        }
      ]
    },
    {
      "mode": "managed",
      "type": "aws_lambda_permission",
      "name": "login_lambda_permission",
      "provider": "provider[\"registry.terraform.io/hashicorp/aws\"]",
      "instances": [
        {
          "schema_version": 0,
          "attributes": {
            "action": "lambda:InvokeFunction",
            "event_source_token": null,
            "function_name": "login",
            "function_url_auth_type": null,
            "id": "AllowExecutionFromAPIGateway",
            "principal": "apigateway.amazonaws.com",
            "principal_org_id": null,
            "qualifier": "",
            "source_account": null,
            "source_arn": "arn:aws:execute-api:eu-central-1:556433906636:lxe4b8taqj/*/*",
            "statement_id": "AllowExecutionFromAPIGateway",
            "statement_id_prefix": ""
          },
          "sensitive_attributes": [],
          "private": "bnVsbA==",
          "dependencies": [
            "aws_api_gateway_rest_api.auth_api",
            "aws_iam_role.iam_for_lambda",
            "aws_lambda_function.login_lambda"
          ]
        }
      ]
    },
    {
      "mode": "managed",
      "type": "aws_lambda_permission",
      "name": "validate_token_lambda_permission",
      "provider": "provider[\"registry.terraform.io/hashicorp/aws\"]",
      "instances": [
        {
          "schema_version": 0,
          "attributes": {
            "action": "lambda:InvokeFunction",
            "event_source_token": null,
            "function_name": "validate-token",
            "function_url_auth_type": null,
            "id": "AllowExecutionFromAPIGateway",
            "principal": "apigateway.amazonaws.com",
            "principal_org_id": null,
            "qualifier": "",
            "source_account": null,
            "source_arn": "arn:aws:execute-api:eu-central-1:556433906636:lxe4b8taqj/*/*",
            "statement_id": "AllowExecutionFromAPIGateway",
            "statement_id_prefix": ""
          },
          "sensitive_attributes": [],
          "private": "bnVsbA==",
          "dependencies": [
            "aws_api_gateway_rest_api.auth_api",
            "aws_iam_role.iam_for_lambda",
            "aws_lambda_function.validate_token_lambda"
          ]
        }
      ]
    },
    {
      "mode": "managed",
      "type": "aws_s3_bucket",
      "name": "dev_bucket",
      "provider": "provider[\"registry.terraform.io/hashicorp/aws\"]",
      "instances": [
        {
          "schema_version": 0,
          "attributes": {
            "acceleration_status": "",
            "acl": null,
            "arn": "arn:aws:s3:::dev.annapivunova.me",
            "bucket": "dev.annapivunova.me",
            "bucket_domain_name": "dev.annapivunova.me.s3.amazonaws.com",
            "bucket_prefix": null,
            "bucket_regional_domain_name": "dev.annapivunova.me.s3.eu-central-1.amazonaws.com",
            "cors_rule": [],
            "force_destroy": false,
            "grant": [
              {
                "id": "fb678b867ffce7920e62584f5750ffe7ee76f6c8f373a1f6810d207227fb0f36",
                "permissions": [
                  "FULL_CONTROL"
                ],
                "type": "CanonicalUser",
                "uri": ""
              }
            ],
            "hosted_zone_id": "Z21DNDUVLTQW6Q",
            "id": "dev.annapivunova.me",
            "lifecycle_rule": [],
            "logging": [],
            "object_lock_configuration": [],
            "object_lock_enabled": false,
            "policy": "{\"Version\":\"2012-10-17\",\"Statement\":[{\"Sid\":\"AllowPublicReadAccess\",\"Effect\":\"Allow\",\"Principal\":\"*\",\"Action\":\"s3:GetObject\",\"Resource\":\"arn:aws:s3:::dev.annapivunova.me/*\"}]}",
            "region": "eu-central-1",
            "replication_configuration": [],
            "request_payer": "BucketOwner",
            "server_side_encryption_configuration": [
              {
                "rule": [
                  {
                    "apply_server_side_encryption_by_default": [
                      {
                        "kms_master_key_id": "",
                        "sse_algorithm": "AES256"
                      }
                    ],
                    "bucket_key_enabled": false
                  }
                ]
              }
            ],
            "tags": {
              "Environment": "dev"
            },
            "tags_all": {
              "Environment": "dev"
            },
            "timeouts": null,
            "versioning": [
              {
                "enabled": false,
                "mfa_delete": false
              }
            ],
            "website": [
              {
                "error_document": "index.html",
                "index_document": "index.html",
                "redirect_all_requests_to": "",
                "routing_rules": ""
              }
            ],
            "website_domain": "s3-website.eu-central-1.amazonaws.com",
            "website_endpoint": "dev.annapivunova.me.s3-website.eu-central-1.amazonaws.com"
          },
          "sensitive_attributes": [],
          "private": "eyJlMmJmYjczMC1lY2FhLTExZTYtOGY4OC0zNDM2M2JjN2M0YzAiOnsiY3JlYXRlIjoxMjAwMDAwMDAwMDAwLCJkZWxldGUiOjM2MDAwMDAwMDAwMDAsInJlYWQiOjEyMDAwMDAwMDAwMDAsInVwZGF0ZSI6MTIwMDAwMDAwMDAwMH19"
        }
      ]
    },
    {
      "mode": "managed",
      "type": "aws_s3_bucket",
      "name": "preprod_bucket",
      "provider": "provider[\"registry.terraform.io/hashicorp/aws\"]",
      "instances": [
        {
          "schema_version": 0,
          "attributes": {
            "acceleration_status": "",
            "acl": null,
            "arn": "arn:aws:s3:::preprod.annapivunova.me",
            "bucket": "preprod.annapivunova.me",
            "bucket_domain_name": "preprod.annapivunova.me.s3.amazonaws.com",
            "bucket_prefix": null,
            "bucket_regional_domain_name": "preprod.annapivunova.me.s3.eu-central-1.amazonaws.com",
            "cors_rule": [],
            "force_destroy": false,
            "grant": [
              {
                "id": "fb678b867ffce7920e62584f5750ffe7ee76f6c8f373a1f6810d207227fb0f36",
                "permissions": [
                  "FULL_CONTROL"
                ],
                "type": "CanonicalUser",
                "uri": ""
              }
            ],
            "hosted_zone_id": "Z21DNDUVLTQW6Q",
            "id": "preprod.annapivunova.me",
            "lifecycle_rule": [],
            "logging": [],
            "object_lock_configuration": [],
            "object_lock_enabled": false,
            "policy": "{\"Version\":\"2012-10-17\",\"Statement\":[{\"Sid\":\"AllowPublicReadAccess\",\"Effect\":\"Allow\",\"Principal\":\"*\",\"Action\":\"s3:GetObject\",\"Resource\":\"arn:aws:s3:::preprod.annapivunova.me/*\"}]}",
            "region": "eu-central-1",
            "replication_configuration": [],
            "request_payer": "BucketOwner",
            "server_side_encryption_configuration": [
              {
                "rule": [
                  {
                    "apply_server_side_encryption_by_default": [
                      {
                        "kms_master_key_id": "",
                        "sse_algorithm": "AES256"
                      }
                    ],
                    "bucket_key_enabled": false
                  }
                ]
              }
            ],
            "tags": {
              "Environment": "preprod"
            },
            "tags_all": {
              "Environment": "preprod"
            },
            "timeouts": null,
            "versioning": [
              {
                "enabled": false,
                "mfa_delete": false
              }
            ],
            "website": [
              {
                "error_document": "index.html",
                "index_document": "index.html",
                "redirect_all_requests_to": "",
                "routing_rules": ""
              }
            ],
            "website_domain": "s3-website.eu-central-1.amazonaws.com",
            "website_endpoint": "preprod.annapivunova.me.s3-website.eu-central-1.amazonaws.com"
          },
          "sensitive_attributes": [],
          "private": "eyJlMmJmYjczMC1lY2FhLTExZTYtOGY4OC0zNDM2M2JjN2M0YzAiOnsiY3JlYXRlIjoxMjAwMDAwMDAwMDAwLCJkZWxldGUiOjM2MDAwMDAwMDAwMDAsInJlYWQiOjEyMDAwMDAwMDAwMDAsInVwZGF0ZSI6MTIwMDAwMDAwMDAwMH19"
        }
      ]
    },
    {
      "mode": "managed",
      "type": "aws_s3_bucket",
      "name": "prod_bucket",
      "provider": "provider[\"registry.terraform.io/hashicorp/aws\"]",
      "instances": [
        {
          "schema_version": 0,
          "attributes": {
            "acceleration_status": "",
            "acl": null,
            "arn": "arn:aws:s3:::annapivunova.me",
            "bucket": "annapivunova.me",
            "bucket_domain_name": "annapivunova.me.s3.amazonaws.com",
            "bucket_prefix": null,
            "bucket_regional_domain_name": "annapivunova.me.s3.eu-central-1.amazonaws.com",
            "cors_rule": [],
            "force_destroy": false,
            "grant": [
              {
                "id": "fb678b867ffce7920e62584f5750ffe7ee76f6c8f373a1f6810d207227fb0f36",
                "permissions": [
                  "FULL_CONTROL"
                ],
                "type": "CanonicalUser",
                "uri": ""
              }
            ],
            "hosted_zone_id": "Z21DNDUVLTQW6Q",
            "id": "annapivunova.me",
            "lifecycle_rule": [],
            "logging": [],
            "object_lock_configuration": [],
            "object_lock_enabled": false,
            "policy": "{\"Version\":\"2012-10-17\",\"Statement\":[{\"Sid\":\"AllowPublicReadAccess\",\"Effect\":\"Allow\",\"Principal\":\"*\",\"Action\":\"s3:GetObject\",\"Resource\":\"arn:aws:s3:::annapivunova.me/*\"}]}",
            "region": "eu-central-1",
            "replication_configuration": [],
            "request_payer": "BucketOwner",
            "server_side_encryption_configuration": [
              {
                "rule": [
                  {
                    "apply_server_side_encryption_by_default": [
                      {
                        "kms_master_key_id": "",
                        "sse_algorithm": "AES256"
                      }
                    ],
                    "bucket_key_enabled": false
                  }
                ]
              }
            ],
            "tags": {
              "Environment": "prod"
            },
            "tags_all": {
              "Environment": "prod"
            },
            "timeouts": null,
            "versioning": [
              {
                "enabled": false,
                "mfa_delete": false
              }
            ],
            "website": [
              {
                "error_document": "index.html",
                "index_document": "index.html",
                "redirect_all_requests_to": "",
                "routing_rules": ""
              }
            ],
            "website_domain": "s3-website.eu-central-1.amazonaws.com",
            "website_endpoint": "annapivunova.me.s3-website.eu-central-1.amazonaws.com"
          },
          "sensitive_attributes": [],
          "private": "eyJlMmJmYjczMC1lY2FhLTExZTYtOGY4OC0zNDM2M2JjN2M0YzAiOnsiY3JlYXRlIjoxMjAwMDAwMDAwMDAwLCJkZWxldGUiOjM2MDAwMDAwMDAwMDAsInJlYWQiOjEyMDAwMDAwMDAwMDAsInVwZGF0ZSI6MTIwMDAwMDAwMDAwMH19"
        }
      ]
    },
    {
      "mode": "managed",
      "type": "aws_s3_bucket_acl",
      "name": "dev_bucket_acl",
      "provider": "provider[\"registry.terraform.io/hashicorp/aws\"]",
      "instances": [
        {
          "schema_version": 0,
          "attributes": {
            "access_control_policy": [
              {
                "grant": [
                  {
                    "grantee": [
                      {
                        "display_name": "",
                        "email_address": "",
                        "id": "fb678b867ffce7920e62584f5750ffe7ee76f6c8f373a1f6810d207227fb0f36",
                        "type": "CanonicalUser",
                        "uri": ""
                      }
                    ],
                    "permission": "FULL_CONTROL"
                  }
                ],
                "owner": [
                  {
                    "display_name": "",
                    "id": "fb678b867ffce7920e62584f5750ffe7ee76f6c8f373a1f6810d207227fb0f36"
                  }
                ]
              }
            ],
            "acl": "private",
            "bucket": "dev.annapivunova.me",
            "expected_bucket_owner": "",
            "id": "dev.annapivunova.me,private"
          },
          "sensitive_attributes": [],
          "private": "bnVsbA==",
          "dependencies": [
            "aws_s3_bucket.dev_bucket"
          ]
        }
      ]
    },
    {
      "mode": "managed",
      "type": "aws_s3_bucket_acl",
      "name": "preprod_bucket_acl",
      "provider": "provider[\"registry.terraform.io/hashicorp/aws\"]",
      "instances": [
        {
          "schema_version": 0,
          "attributes": {
            "access_control_policy": [
              {
                "grant": [
                  {
                    "grantee": [
                      {
                        "display_name": "",
                        "email_address": "",
                        "id": "fb678b867ffce7920e62584f5750ffe7ee76f6c8f373a1f6810d207227fb0f36",
                        "type": "CanonicalUser",
                        "uri": ""
                      }
                    ],
                    "permission": "FULL_CONTROL"
                  }
                ],
                "owner": [
                  {
                    "display_name": "",
                    "id": "fb678b867ffce7920e62584f5750ffe7ee76f6c8f373a1f6810d207227fb0f36"
                  }
                ]
              }
            ],
            "acl": "private",
            "bucket": "preprod.annapivunova.me",
            "expected_bucket_owner": "",
            "id": "preprod.annapivunova.me,private"
          },
          "sensitive_attributes": [],
          "private": "bnVsbA==",
          "dependencies": [
            "aws_s3_bucket.preprod_bucket"
          ]
        }
      ]
    },
    {
      "mode": "managed",
      "type": "aws_s3_bucket_acl",
      "name": "prod_bucket_acl",
      "provider": "provider[\"registry.terraform.io/hashicorp/aws\"]",
      "instances": [
        {
          "schema_version": 0,
          "attributes": {
            "access_control_policy": [
              {
                "grant": [
                  {
                    "grantee": [
                      {
                        "display_name": "",
                        "email_address": "",
                        "id": "fb678b867ffce7920e62584f5750ffe7ee76f6c8f373a1f6810d207227fb0f36",
                        "type": "CanonicalUser",
                        "uri": ""
                      }
                    ],
                    "permission": "FULL_CONTROL"
                  }
                ],
                "owner": [
                  {
                    "display_name": "",
                    "id": "fb678b867ffce7920e62584f5750ffe7ee76f6c8f373a1f6810d207227fb0f36"
                  }
                ]
              }
            ],
            "acl": "private",
            "bucket": "annapivunova.me",
            "expected_bucket_owner": "",
            "id": "annapivunova.me,private"
          },
          "sensitive_attributes": [],
          "private": "bnVsbA==",
          "dependencies": [
            "aws_s3_bucket.prod_bucket"
          ]
        }
      ]
    },
    {
      "mode": "managed",
      "type": "aws_s3_bucket_ownership_controls",
      "name": "dev_bucket_ownnership",
      "provider": "provider[\"registry.terraform.io/hashicorp/aws\"]",
      "instances": [
        {
          "schema_version": 0,
          "attributes": {
            "bucket": "dev.annapivunova.me",
            "id": "dev.annapivunova.me",
            "rule": [
              {
                "object_ownership": "BucketOwnerPreferred"
              }
            ]
          },
          "sensitive_attributes": [],
          "private": "bnVsbA==",
          "dependencies": [
            "aws_s3_bucket.dev_bucket"
          ]
        }
      ]
    },
    {
      "mode": "managed",
      "type": "aws_s3_bucket_ownership_controls",
      "name": "preprod_bucket_ownnership",
      "provider": "provider[\"registry.terraform.io/hashicorp/aws\"]",
      "instances": [
        {
          "schema_version": 0,
          "attributes": {
            "bucket": "preprod.annapivunova.me",
            "id": "preprod.annapivunova.me",
            "rule": [
              {
                "object_ownership": "BucketOwnerPreferred"
              }
            ]
          },
          "sensitive_attributes": [],
          "private": "bnVsbA==",
          "dependencies": [
            "aws_s3_bucket.preprod_bucket"
          ]
        }
      ]
    },
    {
      "mode": "managed",
      "type": "aws_s3_bucket_ownership_controls",
      "name": "prod_bucket_ownnership",
      "provider": "provider[\"registry.terraform.io/hashicorp/aws\"]",
      "instances": [
        {
          "schema_version": 0,
          "attributes": {
            "bucket": "annapivunova.me",
            "id": "annapivunova.me",
            "rule": [
              {
                "object_ownership": "BucketOwnerPreferred"
              }
            ]
          },
          "sensitive_attributes": [],
          "private": "bnVsbA==",
          "dependencies": [
            "aws_s3_bucket.prod_bucket"
          ]
        }
      ]
    },
    {
      "mode": "managed",
      "type": "aws_s3_bucket_policy",
      "name": "dev_bucket_policy",
      "provider": "provider[\"registry.terraform.io/hashicorp/aws\"]",
      "instances": [
        {
          "schema_version": 0,
          "attributes": {
            "bucket": "dev.annapivunova.me",
            "id": "dev.annapivunova.me",
            "policy": "{\"Statement\":[{\"Action\":\"s3:GetObject\",\"Effect\":\"Allow\",\"Principal\":\"*\",\"Resource\":\"arn:aws:s3:::dev.annapivunova.me/*\",\"Sid\":\"AllowPublicReadAccess\"}],\"Version\":\"2012-10-17\"}"
          },
          "sensitive_attributes": [],
          "private": "bnVsbA==",
          "dependencies": [
            "aws_s3_bucket.dev_bucket"
          ]
        }
      ]
    },
    {
      "mode": "managed",
      "type": "aws_s3_bucket_policy",
      "name": "preprod_bucket_policy",
      "provider": "provider[\"registry.terraform.io/hashicorp/aws\"]",
      "instances": [
        {
          "schema_version": 0,
          "attributes": {
            "bucket": "preprod.annapivunova.me",
            "id": "preprod.annapivunova.me",
            "policy": "{\"Statement\":[{\"Action\":\"s3:GetObject\",\"Effect\":\"Allow\",\"Principal\":\"*\",\"Resource\":\"arn:aws:s3:::preprod.annapivunova.me/*\",\"Sid\":\"AllowPublicReadAccess\"}],\"Version\":\"2012-10-17\"}"
          },
          "sensitive_attributes": [],
          "private": "bnVsbA==",
          "dependencies": [
            "aws_s3_bucket.preprod_bucket"
          ]
        }
      ]
    },
    {
      "mode": "managed",
      "type": "aws_s3_bucket_policy",
      "name": "prod_bucket_policy",
      "provider": "provider[\"registry.terraform.io/hashicorp/aws\"]",
      "instances": [
        {
          "schema_version": 0,
          "attributes": {
            "bucket": "annapivunova.me",
            "id": "annapivunova.me",
            "policy": "{\"Statement\":[{\"Action\":\"s3:GetObject\",\"Effect\":\"Allow\",\"Principal\":\"*\",\"Resource\":\"arn:aws:s3:::annapivunova.me/*\",\"Sid\":\"AllowPublicReadAccess\"}],\"Version\":\"2012-10-17\"}"
          },
          "sensitive_attributes": [],
          "private": "bnVsbA==",
          "dependencies": [
            "aws_s3_bucket.prod_bucket"
          ]
        }
      ]
    },
    {
      "mode": "managed",
      "type": "aws_s3_bucket_website_configuration",
      "name": "dev_website_configuration",
      "provider": "provider[\"registry.terraform.io/hashicorp/aws\"]",
      "instances": [
        {
          "schema_version": 0,
          "attributes": {
            "bucket": "dev.annapivunova.me",
            "error_document": [
              {
                "key": "index.html"
              }
            ],
            "expected_bucket_owner": "",
            "id": "dev.annapivunova.me",
            "index_document": [
              {
                "suffix": "index.html"
              }
            ],
            "redirect_all_requests_to": [],
            "routing_rule": [],
            "routing_rules": "",
            "website_domain": "s3-website.eu-central-1.amazonaws.com",
            "website_endpoint": "dev.annapivunova.me.s3-website.eu-central-1.amazonaws.com"
          },
          "sensitive_attributes": [],
          "private": "bnVsbA==",
          "dependencies": [
            "aws_s3_bucket.dev_bucket"
          ]
        }
      ]
    },
    {
      "mode": "managed",
      "type": "aws_s3_bucket_website_configuration",
      "name": "preprod_website_configuration",
      "provider": "provider[\"registry.terraform.io/hashicorp/aws\"]",
      "instances": [
        {
          "schema_version": 0,
          "attributes": {
            "bucket": "preprod.annapivunova.me",
            "error_document": [
              {
                "key": "index.html"
              }
            ],
            "expected_bucket_owner": "",
            "id": "preprod.annapivunova.me",
            "index_document": [
              {
                "suffix": "index.html"
              }
            ],
            "redirect_all_requests_to": [],
            "routing_rule": [],
            "routing_rules": "",
            "website_domain": "s3-website.eu-central-1.amazonaws.com",
            "website_endpoint": "preprod.annapivunova.me.s3-website.eu-central-1.amazonaws.com"
          },
          "sensitive_attributes": [],
          "private": "bnVsbA==",
          "dependencies": [
            "aws_s3_bucket.preprod_bucket"
          ]
        }
      ]
    },
    {
      "mode": "managed",
      "type": "aws_s3_bucket_website_configuration",
      "name": "prod_website_configuration",
      "provider": "provider[\"registry.terraform.io/hashicorp/aws\"]",
      "instances": [
        {
          "schema_version": 0,
          "attributes": {
            "bucket": "annapivunova.me",
            "error_document": [
              {
                "key": "index.html"
              }
            ],
            "expected_bucket_owner": "",
            "id": "annapivunova.me",
            "index_document": [
              {
                "suffix": "index.html"
              }
            ],
            "redirect_all_requests_to": [],
            "routing_rule": [],
            "routing_rules": "",
            "website_domain": "s3-website.eu-central-1.amazonaws.com",
            "website_endpoint": "annapivunova.me.s3-website.eu-central-1.amazonaws.com"
          },
          "sensitive_attributes": [],
          "private": "bnVsbA==",
          "dependencies": [
            "aws_s3_bucket.prod_bucket"
          ]
        }
      ]
    },
    {
      "mode": "managed",
      "type": "aws_s3_object",
      "name": "dist_dev",
      "provider": "provider[\"registry.terraform.io/hashicorp/aws\"]",
      "instances": [
        {
          "index_key": "001c8f0d44c03830dfc2.jpeg",
          "schema_version": 0,
          "attributes": {
            "acl": "private",
            "bucket": "dev.annapivunova.me",
            "bucket_key_enabled": false,
            "cache_control": "",
            "content": null,
            "content_base64": null,
            "content_disposition": "",
            "content_encoding": "",
            "content_language": "",
            "content_type": "image/jpeg",
            "etag": "11a3b5ec0b5be019294beefb4a12b53d",
            "force_destroy": false,
            "id": "001c8f0d44c03830dfc2.jpeg",
            "key": "001c8f0d44c03830dfc2.jpeg",
            "kms_key_id": null,
            "metadata": {},
            "object_lock_legal_hold_status": "",
            "object_lock_mode": "",
            "object_lock_retain_until_date": "",
            "server_side_encryption": "AES256",
            "source": "../dist_preprod/001c8f0d44c03830dfc2.jpeg",
            "source_hash": null,
            "storage_class": "STANDARD",
            "tags": {},
            "tags_all": {},
            "version_id": "",
            "website_redirect": ""
          },
          "sensitive_attributes": [],
          "private": "bnVsbA==",
          "dependencies": [
            "aws_s3_bucket.dev_bucket"
          ]
        },
        {
          "index_key": "007dc30656f75d3a5871.jpg",
          "schema_version": 0,
          "attributes": {
            "acl": "private",
            "bucket": "dev.annapivunova.me",
            "bucket_key_enabled": false,
            "cache_control": "",
            "content": null,
            "content_base64": null,
            "content_disposition": "",
            "content_encoding": "",
            "content_language": "",
            "content_type": "image/jpeg",
            "etag": "d38bbe7390968ee60c6a44e209f7fc3a",
            "force_destroy": false,
            "id": "007dc30656f75d3a5871.jpg",
            "key": "007dc30656f75d3a5871.jpg",
            "kms_key_id": null,
            "metadata": {},
            "object_lock_legal_hold_status": "",
            "object_lock_mode": "",
            "object_lock_retain_until_date": "",
            "server_side_encryption": "AES256",
            "source": "../dist_preprod/007dc30656f75d3a5871.jpg",
            "source_hash": null,
            "storage_class": "STANDARD",
            "tags": {},
            "tags_all": {},
            "version_id": "",
            "website_redirect": ""
          },
          "sensitive_attributes": [],
          "private": "bnVsbA==",
          "dependencies": [
            "aws_s3_bucket.dev_bucket"
          ]
        },
        {
          "index_key": "03bdc10621d4d3a26bed.png",
          "schema_version": 0,
          "attributes": {
            "acl": "private",
            "bucket": "dev.annapivunova.me",
            "bucket_key_enabled": false,
            "cache_control": "",
            "content": null,
            "content_base64": null,
            "content_disposition": "",
            "content_encoding": "",
            "content_language": "",
            "content_type": "image/png",
            "etag": "d9ea29d3d545fee041dde955fc3b0450",
            "force_destroy": false,
            "id": "03bdc10621d4d3a26bed.png",
            "key": "03bdc10621d4d3a26bed.png",
            "kms_key_id": null,
            "metadata": {},
            "object_lock_legal_hold_status": "",
            "object_lock_mode": "",
            "object_lock_retain_until_date": "",
            "server_side_encryption": "AES256",
            "source": "../dist_preprod/03bdc10621d4d3a26bed.png",
            "source_hash": null,
            "storage_class": "STANDARD",
            "tags": {},
            "tags_all": {},
            "version_id": "",
            "website_redirect": ""
          },
          "sensitive_attributes": [],
          "private": "bnVsbA==",
          "dependencies": [
            "aws_s3_bucket.dev_bucket"
          ]
        },
        {
          "index_key": "06116c9f05031f374857.jpeg",
          "schema_version": 0,
          "attributes": {
            "acl": "private",
            "bucket": "dev.annapivunova.me",
            "bucket_key_enabled": false,
            "cache_control": "",
            "content": null,
            "content_base64": null,
            "content_disposition": "",
            "content_encoding": "",
            "content_language": "",
            "content_type": "image/jpeg",
            "etag": "82e59a4ccfd3c239648c2160af96fe6c",
            "force_destroy": false,
            "id": "06116c9f05031f374857.jpeg",
            "key": "06116c9f05031f374857.jpeg",
            "kms_key_id": null,
            "metadata": {},
            "object_lock_legal_hold_status": "",
            "object_lock_mode": "",
            "object_lock_retain_until_date": "",
            "server_side_encryption": "AES256",
            "source": "../dist_preprod/06116c9f05031f374857.jpeg",
            "source_hash": null,
            "storage_class": "STANDARD",
            "tags": {},
            "tags_all": {},
            "version_id": "",
            "website_redirect": ""
          },
          "sensitive_attributes": [],
          "private": "bnVsbA==",
          "dependencies": [
            "aws_s3_bucket.dev_bucket"
          ]
        },
        {
          "index_key": "0ba6e839798a44f524e8.woff",
          "schema_version": 0,
          "attributes": {
            "acl": "private",
            "bucket": "dev.annapivunova.me",
            "bucket_key_enabled": false,
            "cache_control": "",
            "content": null,
            "content_base64": null,
            "content_disposition": "",
            "content_encoding": "",
            "content_language": "",
            "content_type": "font/woff",
            "etag": "b7875934f6279e7189b64244552a2393",
            "force_destroy": false,
            "id": "0ba6e839798a44f524e8.woff",
            "key": "0ba6e839798a44f524e8.woff",
            "kms_key_id": null,
            "metadata": {},
            "object_lock_legal_hold_status": "",
            "object_lock_mode": "",
            "object_lock_retain_until_date": "",
            "server_side_encryption": "AES256",
            "source": "../dist_preprod/0ba6e839798a44f524e8.woff",
            "source_hash": null,
            "storage_class": "STANDARD",
            "tags": {},
            "tags_all": {},
            "version_id": "",
            "website_redirect": ""
          },
          "sensitive_attributes": [],
          "private": "bnVsbA==",
          "dependencies": [
            "aws_s3_bucket.dev_bucket"
          ]
        },
        {
          "index_key": "0d3b49877014db46e7c6.jpeg",
          "schema_version": 0,
          "attributes": {
            "acl": "private",
            "bucket": "dev.annapivunova.me",
            "bucket_key_enabled": false,
            "cache_control": "",
            "content": null,
            "content_base64": null,
            "content_disposition": "",
            "content_encoding": "",
            "content_language": "",
            "content_type": "image/jpeg",
            "etag": "04eb2fbfe88449c84c99549a3cf19a43",
            "force_destroy": false,
            "id": "0d3b49877014db46e7c6.jpeg",
            "key": "0d3b49877014db46e7c6.jpeg",
            "kms_key_id": null,
            "metadata": {},
            "object_lock_legal_hold_status": "",
            "object_lock_mode": "",
            "object_lock_retain_until_date": "",
            "server_side_encryption": "AES256",
            "source": "../dist_preprod/0d3b49877014db46e7c6.jpeg",
            "source_hash": null,
            "storage_class": "STANDARD",
            "tags": {},
            "tags_all": {},
            "version_id": "",
            "website_redirect": ""
          },
          "sensitive_attributes": [],
          "private": "bnVsbA==",
          "dependencies": [
            "aws_s3_bucket.dev_bucket"
          ]
        },
        {
          "index_key": "0ea4d0d26b3481858bf2.jpeg",
          "schema_version": 0,
          "attributes": {
            "acl": "private",
            "bucket": "dev.annapivunova.me",
            "bucket_key_enabled": false,
            "cache_control": "",
            "content": null,
            "content_base64": null,
            "content_disposition": "",
            "content_encoding": "",
            "content_language": "",
            "content_type": "image/jpeg",
            "etag": "6e6f316c1888bde229d5431e94dcfa1b",
            "force_destroy": false,
            "id": "0ea4d0d26b3481858bf2.jpeg",
            "key": "0ea4d0d26b3481858bf2.jpeg",
            "kms_key_id": null,
            "metadata": {},
            "object_lock_legal_hold_status": "",
            "object_lock_mode": "",
            "object_lock_retain_until_date": "",
            "server_side_encryption": "AES256",
            "source": "../dist_preprod/0ea4d0d26b3481858bf2.jpeg",
            "source_hash": null,
            "storage_class": "STANDARD",
            "tags": {},
            "tags_all": {},
            "version_id": "",
            "website_redirect": ""
          },
          "sensitive_attributes": [],
          "private": "bnVsbA==",
          "dependencies": [
            "aws_s3_bucket.dev_bucket"
          ]
        },
        {
          "index_key": "1022515e95a973373e44.jpeg",
          "schema_version": 0,
          "attributes": {
            "acl": "private",
            "bucket": "dev.annapivunova.me",
            "bucket_key_enabled": false,
            "cache_control": "",
            "content": null,
            "content_base64": null,
            "content_disposition": "",
            "content_encoding": "",
            "content_language": "",
            "content_type": "image/jpeg",
            "etag": "4474a1ac0434236be2411b1a7dc1524a",
            "force_destroy": false,
            "id": "1022515e95a973373e44.jpeg",
            "key": "1022515e95a973373e44.jpeg",
            "kms_key_id": null,
            "metadata": {},
            "object_lock_legal_hold_status": "",
            "object_lock_mode": "",
            "object_lock_retain_until_date": "",
            "server_side_encryption": "AES256",
            "source": "../dist_preprod/1022515e95a973373e44.jpeg",
            "source_hash": null,
            "storage_class": "STANDARD",
            "tags": {},
            "tags_all": {},
            "version_id": "",
            "website_redirect": ""
          },
          "sensitive_attributes": [],
          "private": "bnVsbA==",
          "dependencies": [
            "aws_s3_bucket.dev_bucket"
          ]
        },
        {
          "index_key": "10dcdf2d32017bb55b16.svg",
          "schema_version": 0,
          "attributes": {
            "acl": "private",
            "bucket": "dev.annapivunova.me",
            "bucket_key_enabled": false,
            "cache_control": "",
            "content": null,
            "content_base64": null,
            "content_disposition": "",
            "content_encoding": "",
            "content_language": "",
            "content_type": "image/svg+xml",
            "etag": "12f0f04e3ed6bf662681c437bd6fb006",
            "force_destroy": false,
            "id": "10dcdf2d32017bb55b16.svg",
            "key": "10dcdf2d32017bb55b16.svg",
            "kms_key_id": null,
            "metadata": {},
            "object_lock_legal_hold_status": "",
            "object_lock_mode": "",
            "object_lock_retain_until_date": "",
            "server_side_encryption": "AES256",
            "source": "../dist_preprod/10dcdf2d32017bb55b16.svg",
            "source_hash": null,
            "storage_class": "STANDARD",
            "tags": {},
            "tags_all": {},
            "version_id": "",
            "website_redirect": ""
          },
          "sensitive_attributes": [],
          "private": "bnVsbA==",
          "dependencies": [
            "aws_s3_bucket.dev_bucket"
          ]
        },
        {
          "index_key": "11990d3bc0c01f3a14c1.jpeg",
          "schema_version": 0,
          "attributes": {
            "acl": "private",
            "bucket": "dev.annapivunova.me",
            "bucket_key_enabled": false,
            "cache_control": "",
            "content": null,
            "content_base64": null,
            "content_disposition": "",
            "content_encoding": "",
            "content_language": "",
            "content_type": "image/jpeg",
            "etag": "99e6bfd369aabd7a7bca02d3ab184c61",
            "force_destroy": false,
            "id": "11990d3bc0c01f3a14c1.jpeg",
            "key": "11990d3bc0c01f3a14c1.jpeg",
            "kms_key_id": null,
            "metadata": {},
            "object_lock_legal_hold_status": "",
            "object_lock_mode": "",
            "object_lock_retain_until_date": "",
            "server_side_encryption": "AES256",
            "source": "../dist_preprod/11990d3bc0c01f3a14c1.jpeg",
            "source_hash": null,
            "storage_class": "STANDARD",
            "tags": {},
            "tags_all": {},
            "version_id": "",
            "website_redirect": ""
          },
          "sensitive_attributes": [],
          "private": "bnVsbA==",
          "dependencies": [
            "aws_s3_bucket.dev_bucket"
          ]
        },
        {
          "index_key": "12ba843c75312dd308b0.woff",
          "schema_version": 0,
          "attributes": {
            "acl": "private",
            "bucket": "dev.annapivunova.me",
            "bucket_key_enabled": false,
            "cache_control": "",
            "content": null,
            "content_base64": null,
            "content_disposition": "",
            "content_encoding": "",
            "content_language": "",
            "content_type": "font/woff",
            "etag": "184c553c59496c96a2d7acca680c85fa",
            "force_destroy": false,
            "id": "12ba843c75312dd308b0.woff",
            "key": "12ba843c75312dd308b0.woff",
            "kms_key_id": null,
            "metadata": {},
            "object_lock_legal_hold_status": "",
            "object_lock_mode": "",
            "object_lock_retain_until_date": "",
            "server_side_encryption": "AES256",
            "source": "../dist_preprod/12ba843c75312dd308b0.woff",
            "source_hash": null,
            "storage_class": "STANDARD",
            "tags": {},
            "tags_all": {},
            "version_id": "",
            "website_redirect": ""
          },
          "sensitive_attributes": [],
          "private": "bnVsbA==",
          "dependencies": [
            "aws_s3_bucket.dev_bucket"
          ]
        },
        {
          "index_key": "1348fe9ee04e69dc6d9a.jpeg",
          "schema_version": 0,
          "attributes": {
            "acl": "private",
            "bucket": "dev.annapivunova.me",
            "bucket_key_enabled": false,
            "cache_control": "",
            "content": null,
            "content_base64": null,
            "content_disposition": "",
            "content_encoding": "",
            "content_language": "",
            "content_type": "image/jpeg",
            "etag": "5b191dd7e511bb2604d71fa3bdee16be",
            "force_destroy": false,
            "id": "1348fe9ee04e69dc6d9a.jpeg",
            "key": "1348fe9ee04e69dc6d9a.jpeg",
            "kms_key_id": null,
            "metadata": {},
            "object_lock_legal_hold_status": "",
            "object_lock_mode": "",
            "object_lock_retain_until_date": "",
            "server_side_encryption": "AES256",
            "source": "../dist_preprod/1348fe9ee04e69dc6d9a.jpeg",
            "source_hash": null,
            "storage_class": "STANDARD",
            "tags": {},
            "tags_all": {},
            "version_id": "",
            "website_redirect": ""
          },
          "sensitive_attributes": [],
          "private": "bnVsbA==",
          "dependencies": [
            "aws_s3_bucket.dev_bucket"
          ]
        },
        {
          "index_key": "146d477fb622f21d0352.png",
          "schema_version": 0,
          "attributes": {
            "acl": "private",
            "bucket": "dev.annapivunova.me",
            "bucket_key_enabled": false,
            "cache_control": "",
            "content": null,
            "content_base64": null,
            "content_disposition": "",
            "content_encoding": "",
            "content_language": "",
            "content_type": "image/png",
            "etag": "d70473554d39b9c63ea6880dbe88a5bc",
            "force_destroy": false,
            "id": "146d477fb622f21d0352.png",
            "key": "146d477fb622f21d0352.png",
            "kms_key_id": null,
            "metadata": {},
            "object_lock_legal_hold_status": "",
            "object_lock_mode": "",
            "object_lock_retain_until_date": "",
            "server_side_encryption": "AES256",
            "source": "../dist_preprod/146d477fb622f21d0352.png",
            "source_hash": null,
            "storage_class": "STANDARD",
            "tags": {},
            "tags_all": {},
            "version_id": "",
            "website_redirect": ""
          },
          "sensitive_attributes": [],
          "private": "bnVsbA==",
          "dependencies": [
            "aws_s3_bucket.dev_bucket"
          ]
        },
        {
          "index_key": "21452b1d7e511e139e6d.jpeg",
          "schema_version": 0,
          "attributes": {
            "acl": "private",
            "bucket": "dev.annapivunova.me",
            "bucket_key_enabled": false,
            "cache_control": "",
            "content": null,
            "content_base64": null,
            "content_disposition": "",
            "content_encoding": "",
            "content_language": "",
            "content_type": "image/jpeg",
            "etag": "dbf0e22f2d8ddd61717082e8f64fe026",
            "force_destroy": false,
            "id": "21452b1d7e511e139e6d.jpeg",
            "key": "21452b1d7e511e139e6d.jpeg",
            "kms_key_id": null,
            "metadata": {},
            "object_lock_legal_hold_status": "",
            "object_lock_mode": "",
            "object_lock_retain_until_date": "",
            "server_side_encryption": "AES256",
            "source": "../dist_preprod/21452b1d7e511e139e6d.jpeg",
            "source_hash": null,
            "storage_class": "STANDARD",
            "tags": {},
            "tags_all": {},
            "version_id": "",
            "website_redirect": ""
          },
          "sensitive_attributes": [],
          "private": "bnVsbA==",
          "dependencies": [
            "aws_s3_bucket.dev_bucket"
          ]
        },
        {
          "index_key": "2ca169c90e53d1d0480b.woff",
          "schema_version": 0,
          "attributes": {
            "acl": "private",
            "bucket": "dev.annapivunova.me",
            "bucket_key_enabled": false,
            "cache_control": "",
            "content": null,
            "content_base64": null,
            "content_disposition": "",
            "content_encoding": "",
            "content_language": "",
            "content_type": "font/woff",
            "etag": "ab459481bb83f2cf53e5da9d7067323b",
            "force_destroy": false,
            "id": "2ca169c90e53d1d0480b.woff",
            "key": "2ca169c90e53d1d0480b.woff",
            "kms_key_id": null,
            "metadata": {},
            "object_lock_legal_hold_status": "",
            "object_lock_mode": "",
            "object_lock_retain_until_date": "",
            "server_side_encryption": "AES256",
            "source": "../dist_preprod/2ca169c90e53d1d0480b.woff",
            "source_hash": null,
            "storage_class": "STANDARD",
            "tags": {},
            "tags_all": {},
            "version_id": "",
            "website_redirect": ""
          },
          "sensitive_attributes": [],
          "private": "bnVsbA==",
          "dependencies": [
            "aws_s3_bucket.dev_bucket"
          ]
        },
        {
          "index_key": "499b9a8f593f4f957d19.jpeg",
          "schema_version": 0,
          "attributes": {
            "acl": "private",
            "bucket": "dev.annapivunova.me",
            "bucket_key_enabled": false,
            "cache_control": "",
            "content": null,
            "content_base64": null,
            "content_disposition": "",
            "content_encoding": "",
            "content_language": "",
            "content_type": "image/jpeg",
            "etag": "eaaab9eb0e8184ab9fa435284076ca91",
            "force_destroy": false,
            "id": "499b9a8f593f4f957d19.jpeg",
            "key": "499b9a8f593f4f957d19.jpeg",
            "kms_key_id": null,
            "metadata": {},
            "object_lock_legal_hold_status": "",
            "object_lock_mode": "",
            "object_lock_retain_until_date": "",
            "server_side_encryption": "AES256",
            "source": "../dist_preprod/499b9a8f593f4f957d19.jpeg",
            "source_hash": null,
            "storage_class": "STANDARD",
            "tags": {},
            "tags_all": {},
            "version_id": "",
            "website_redirect": ""
          },
          "sensitive_attributes": [],
          "private": "bnVsbA==",
          "dependencies": [
            "aws_s3_bucket.dev_bucket"
          ]
        },
        {
          "index_key": "5d6f3d63938af9a87022.jpeg",
          "schema_version": 0,
          "attributes": {
            "acl": "private",
            "bucket": "dev.annapivunova.me",
            "bucket_key_enabled": false,
            "cache_control": "",
            "content": null,
            "content_base64": null,
            "content_disposition": "",
            "content_encoding": "",
            "content_language": "",
            "content_type": "image/jpeg",
            "etag": "742176bc6372e5be56b2b4ebbf8ae2eb",
            "force_destroy": false,
            "id": "5d6f3d63938af9a87022.jpeg",
            "key": "5d6f3d63938af9a87022.jpeg",
            "kms_key_id": null,
            "metadata": {},
            "object_lock_legal_hold_status": "",
            "object_lock_mode": "",
            "object_lock_retain_until_date": "",
            "server_side_encryption": "AES256",
            "source": "../dist_preprod/5d6f3d63938af9a87022.jpeg",
            "source_hash": null,
            "storage_class": "STANDARD",
            "tags": {},
            "tags_all": {},
            "version_id": "",
            "website_redirect": ""
          },
          "sensitive_attributes": [],
          "private": "bnVsbA==",
          "dependencies": [
            "aws_s3_bucket.dev_bucket"
          ]
        },
        {
          "index_key": "6591a9170ff5c423e1ce.woff",
          "schema_version": 0,
          "attributes": {
            "acl": "private",
            "bucket": "dev.annapivunova.me",
            "bucket_key_enabled": false,
            "cache_control": "",
            "content": null,
            "content_base64": null,
            "content_disposition": "",
            "content_encoding": "",
            "content_language": "",
            "content_type": "font/woff",
            "etag": "7039c94946b605c240eb1e3e8002176e",
            "force_destroy": false,
            "id": "6591a9170ff5c423e1ce.woff",
            "key": "6591a9170ff5c423e1ce.woff",
            "kms_key_id": null,
            "metadata": {},
            "object_lock_legal_hold_status": "",
            "object_lock_mode": "",
            "object_lock_retain_until_date": "",
            "server_side_encryption": "AES256",
            "source": "../dist_preprod/6591a9170ff5c423e1ce.woff",
            "source_hash": null,
            "storage_class": "STANDARD",
            "tags": {},
            "tags_all": {},
            "version_id": "",
            "website_redirect": ""
          },
          "sensitive_attributes": [],
          "private": "bnVsbA==",
          "dependencies": [
            "aws_s3_bucket.dev_bucket"
          ]
        },
        {
          "index_key": "68e4caae06987f656b71.jpeg",
          "schema_version": 0,
          "attributes": {
            "acl": "private",
            "bucket": "dev.annapivunova.me",
            "bucket_key_enabled": false,
            "cache_control": "",
            "content": null,
            "content_base64": null,
            "content_disposition": "",
            "content_encoding": "",
            "content_language": "",
            "content_type": "image/jpeg",
            "etag": "c0be3ecd771779367bd4b2681a80decf",
            "force_destroy": false,
            "id": "68e4caae06987f656b71.jpeg",
            "key": "68e4caae06987f656b71.jpeg",
            "kms_key_id": null,
            "metadata": {},
            "object_lock_legal_hold_status": "",
            "object_lock_mode": "",
            "object_lock_retain_until_date": "",
            "server_side_encryption": "AES256",
            "source": "../dist_preprod/68e4caae06987f656b71.jpeg",
            "source_hash": null,
            "storage_class": "STANDARD",
            "tags": {},
            "tags_all": {},
            "version_id": "",
            "website_redirect": ""
          },
          "sensitive_attributes": [],
          "private": "bnVsbA==",
          "dependencies": [
            "aws_s3_bucket.dev_bucket"
          ]
        },
        {
          "index_key": "6cacc1742a06a161d20b.jpeg",
          "schema_version": 0,
          "attributes": {
            "acl": "private",
            "bucket": "dev.annapivunova.me",
            "bucket_key_enabled": false,
            "cache_control": "",
            "content": null,
            "content_base64": null,
            "content_disposition": "",
            "content_encoding": "",
            "content_language": "",
            "content_type": "image/jpeg",
            "etag": "826a30ddd4102c52ba8742a124cfd42f",
            "force_destroy": false,
            "id": "6cacc1742a06a161d20b.jpeg",
            "key": "6cacc1742a06a161d20b.jpeg",
            "kms_key_id": null,
            "metadata": {},
            "object_lock_legal_hold_status": "",
            "object_lock_mode": "",
            "object_lock_retain_until_date": "",
            "server_side_encryption": "AES256",
            "source": "../dist_preprod/6cacc1742a06a161d20b.jpeg",
            "source_hash": null,
            "storage_class": "STANDARD",
            "tags": {},
            "tags_all": {},
            "version_id": "",
            "website_redirect": ""
          },
          "sensitive_attributes": [],
          "private": "bnVsbA==",
          "dependencies": [
            "aws_s3_bucket.dev_bucket"
          ]
        },
        {
          "index_key": "6d772e95710f1b87a371.jpeg",
          "schema_version": 0,
          "attributes": {
            "acl": "private",
            "bucket": "dev.annapivunova.me",
            "bucket_key_enabled": false,
            "cache_control": "",
            "content": null,
            "content_base64": null,
            "content_disposition": "",
            "content_encoding": "",
            "content_language": "",
            "content_type": "image/jpeg",
            "etag": "2282ee27e01acc006518d50989e379ed",
            "force_destroy": false,
            "id": "6d772e95710f1b87a371.jpeg",
            "key": "6d772e95710f1b87a371.jpeg",
            "kms_key_id": null,
            "metadata": {},
            "object_lock_legal_hold_status": "",
            "object_lock_mode": "",
            "object_lock_retain_until_date": "",
            "server_side_encryption": "AES256",
            "source": "../dist_preprod/6d772e95710f1b87a371.jpeg",
            "source_hash": null,
            "storage_class": "STANDARD",
            "tags": {},
            "tags_all": {},
            "version_id": "",
            "website_redirect": ""
          },
          "sensitive_attributes": [],
          "private": "bnVsbA==",
          "dependencies": [
            "aws_s3_bucket.dev_bucket"
          ]
        },
        {
          "index_key": "71624f5164d24391c230.jpg",
          "schema_version": 0,
          "attributes": {
            "acl": "private",
            "bucket": "dev.annapivunova.me",
            "bucket_key_enabled": false,
            "cache_control": "",
            "content": null,
            "content_base64": null,
            "content_disposition": "",
            "content_encoding": "",
            "content_language": "",
            "content_type": "image/jpeg",
            "etag": "1664a5b37910eb40fb98f622b4ddea22",
            "force_destroy": false,
            "id": "71624f5164d24391c230.jpg",
            "key": "71624f5164d24391c230.jpg",
            "kms_key_id": null,
            "metadata": {},
            "object_lock_legal_hold_status": "",
            "object_lock_mode": "",
            "object_lock_retain_until_date": "",
            "server_side_encryption": "AES256",
            "source": "../dist_preprod/71624f5164d24391c230.jpg",
            "source_hash": null,
            "storage_class": "STANDARD",
            "tags": {},
            "tags_all": {},
            "version_id": "",
            "website_redirect": ""
          },
          "sensitive_attributes": [],
          "private": "bnVsbA==",
          "dependencies": [
            "aws_s3_bucket.dev_bucket"
          ]
        },
        {
          "index_key": "753b242210cffa4f7eab.woff",
          "schema_version": 0,
          "attributes": {
            "acl": "private",
            "bucket": "dev.annapivunova.me",
            "bucket_key_enabled": false,
            "cache_control": "",
            "content": null,
            "content_base64": null,
            "content_disposition": "",
            "content_encoding": "",
            "content_language": "",
            "content_type": "font/woff",
            "etag": "37b68ccc45988654bde1655c5261827d",
            "force_destroy": false,
            "id": "753b242210cffa4f7eab.woff",
            "key": "753b242210cffa4f7eab.woff",
            "kms_key_id": null,
            "metadata": {},
            "object_lock_legal_hold_status": "",
            "object_lock_mode": "",
            "object_lock_retain_until_date": "",
            "server_side_encryption": "AES256",
            "source": "../dist_preprod/753b242210cffa4f7eab.woff",
            "source_hash": null,
            "storage_class": "STANDARD",
            "tags": {},
            "tags_all": {},
            "version_id": "",
            "website_redirect": ""
          },
          "sensitive_attributes": [],
          "private": "bnVsbA==",
          "dependencies": [
            "aws_s3_bucket.dev_bucket"
          ]
        },
        {
          "index_key": "7bdd57921c4b04e48947.png",
          "schema_version": 0,
          "attributes": {
            "acl": "private",
            "bucket": "dev.annapivunova.me",
            "bucket_key_enabled": false,
            "cache_control": "",
            "content": null,
            "content_base64": null,
            "content_disposition": "",
            "content_encoding": "",
            "content_language": "",
            "content_type": "image/png",
            "etag": "a097d3f1709de03a8ecf4b63adfc510d",
            "force_destroy": false,
            "id": "7bdd57921c4b04e48947.png",
            "key": "7bdd57921c4b04e48947.png",
            "kms_key_id": null,
            "metadata": {},
            "object_lock_legal_hold_status": "",
            "object_lock_mode": "",
            "object_lock_retain_until_date": "",
            "server_side_encryption": "AES256",
            "source": "../dist_preprod/7bdd57921c4b04e48947.png",
            "source_hash": null,
            "storage_class": "STANDARD",
            "tags": {},
            "tags_all": {},
            "version_id": "",
            "website_redirect": ""
          },
          "sensitive_attributes": [],
          "private": "bnVsbA==",
          "dependencies": [
            "aws_s3_bucket.dev_bucket"
          ]
        },
        {
          "index_key": "7f1f352a294379b2aada.jpeg",
          "schema_version": 0,
          "attributes": {
            "acl": "private",
            "bucket": "dev.annapivunova.me",
            "bucket_key_enabled": false,
            "cache_control": "",
            "content": null,
            "content_base64": null,
            "content_disposition": "",
            "content_encoding": "",
            "content_language": "",
            "content_type": "image/jpeg",
            "etag": "452089a4d2cecd135bd615aa5b47d5be",
            "force_destroy": false,
            "id": "7f1f352a294379b2aada.jpeg",
            "key": "7f1f352a294379b2aada.jpeg",
            "kms_key_id": null,
            "metadata": {},
            "object_lock_legal_hold_status": "",
            "object_lock_mode": "",
            "object_lock_retain_until_date": "",
            "server_side_encryption": "AES256",
            "source": "../dist_preprod/7f1f352a294379b2aada.jpeg",
            "source_hash": null,
            "storage_class": "STANDARD",
            "tags": {},
            "tags_all": {},
            "version_id": "",
            "website_redirect": ""
          },
          "sensitive_attributes": [],
          "private": "bnVsbA==",
          "dependencies": [
            "aws_s3_bucket.dev_bucket"
          ]
        },
        {
          "index_key": "912b7b1fb0657b371a6e.png",
          "schema_version": 0,
          "attributes": {
            "acl": "private",
            "bucket": "dev.annapivunova.me",
            "bucket_key_enabled": false,
            "cache_control": "",
            "content": null,
            "content_base64": null,
            "content_disposition": "",
            "content_encoding": "",
            "content_language": "",
            "content_type": "image/png",
            "etag": "49cf7b71c3a53cdc7533293cc2d66ef8",
            "force_destroy": false,
            "id": "912b7b1fb0657b371a6e.png",
            "key": "912b7b1fb0657b371a6e.png",
            "kms_key_id": null,
            "metadata": {},
            "object_lock_legal_hold_status": "",
            "object_lock_mode": "",
            "object_lock_retain_until_date": "",
            "server_side_encryption": "AES256",
            "source": "../dist_preprod/912b7b1fb0657b371a6e.png",
            "source_hash": null,
            "storage_class": "STANDARD",
            "tags": {},
            "tags_all": {},
            "version_id": "",
            "website_redirect": ""
          },
          "sensitive_attributes": [],
          "private": "bnVsbA==",
          "dependencies": [
            "aws_s3_bucket.dev_bucket"
          ]
        },
        {
          "index_key": "9d365c6b943c73e2efc6.svg",
          "schema_version": 0,
          "attributes": {
            "acl": "private",
            "bucket": "dev.annapivunova.me",
            "bucket_key_enabled": false,
            "cache_control": "",
            "content": null,
            "content_base64": null,
            "content_disposition": "",
            "content_encoding": "",
            "content_language": "",
            "content_type": "image/svg+xml",
            "etag": "1e88b7461973878a192b9d931a4bebca",
            "force_destroy": false,
            "id": "9d365c6b943c73e2efc6.svg",
            "key": "9d365c6b943c73e2efc6.svg",
            "kms_key_id": null,
            "metadata": {},
            "object_lock_legal_hold_status": "",
            "object_lock_mode": "",
            "object_lock_retain_until_date": "",
            "server_side_encryption": "AES256",
            "source": "../dist_preprod/9d365c6b943c73e2efc6.svg",
            "source_hash": null,
            "storage_class": "STANDARD",
            "tags": {},
            "tags_all": {},
            "version_id": "",
            "website_redirect": ""
          },
          "sensitive_attributes": [],
          "private": "bnVsbA==",
          "dependencies": [
            "aws_s3_bucket.dev_bucket"
          ]
        },
        {
          "index_key": "9f208dc47e353df8a7da.jpeg",
          "schema_version": 0,
          "attributes": {
            "acl": "private",
            "bucket": "dev.annapivunova.me",
            "bucket_key_enabled": false,
            "cache_control": "",
            "content": null,
            "content_base64": null,
            "content_disposition": "",
            "content_encoding": "",
            "content_language": "",
            "content_type": "image/jpeg",
            "etag": "a27c60c6daf41b46ead0e231edcd4b64",
            "force_destroy": false,
            "id": "9f208dc47e353df8a7da.jpeg",
            "key": "9f208dc47e353df8a7da.jpeg",
            "kms_key_id": null,
            "metadata": {},
            "object_lock_legal_hold_status": "",
            "object_lock_mode": "",
            "object_lock_retain_until_date": "",
            "server_side_encryption": "AES256",
            "source": "../dist_preprod/9f208dc47e353df8a7da.jpeg",
            "source_hash": null,
            "storage_class": "STANDARD",
            "tags": {},
            "tags_all": {},
            "version_id": "",
            "website_redirect": ""
          },
          "sensitive_attributes": [],
          "private": "bnVsbA==",
          "dependencies": [
            "aws_s3_bucket.dev_bucket"
          ]
        },
        {
          "index_key": "a28fd17ba979c3eb6382.jpeg",
          "schema_version": 0,
          "attributes": {
            "acl": "private",
            "bucket": "dev.annapivunova.me",
            "bucket_key_enabled": false,
            "cache_control": "",
            "content": null,
            "content_base64": null,
            "content_disposition": "",
            "content_encoding": "",
            "content_language": "",
            "content_type": "image/jpeg",
            "etag": "2fdac169e7d6669dc614cee700d5d8f1",
            "force_destroy": false,
            "id": "a28fd17ba979c3eb6382.jpeg",
            "key": "a28fd17ba979c3eb6382.jpeg",
            "kms_key_id": null,
            "metadata": {},
            "object_lock_legal_hold_status": "",
            "object_lock_mode": "",
            "object_lock_retain_until_date": "",
            "server_side_encryption": "AES256",
            "source": "../dist_preprod/a28fd17ba979c3eb6382.jpeg",
            "source_hash": null,
            "storage_class": "STANDARD",
            "tags": {},
            "tags_all": {},
            "version_id": "",
            "website_redirect": ""
          },
          "sensitive_attributes": [],
          "private": "bnVsbA==",
          "dependencies": [
            "aws_s3_bucket.dev_bucket"
          ]
        },
        {
          "index_key": "a3da98a33d37107beef8.jpeg",
          "schema_version": 0,
          "attributes": {
            "acl": "private",
            "bucket": "dev.annapivunova.me",
            "bucket_key_enabled": false,
            "cache_control": "",
            "content": null,
            "content_base64": null,
            "content_disposition": "",
            "content_encoding": "",
            "content_language": "",
            "content_type": "image/jpeg",
            "etag": "44efebd03da10bd6e27c61bd8fc6242c",
            "force_destroy": false,
            "id": "a3da98a33d37107beef8.jpeg",
            "key": "a3da98a33d37107beef8.jpeg",
            "kms_key_id": null,
            "metadata": {},
            "object_lock_legal_hold_status": "",
            "object_lock_mode": "",
            "object_lock_retain_until_date": "",
            "server_side_encryption": "AES256",
            "source": "../dist_preprod/a3da98a33d37107beef8.jpeg",
            "source_hash": null,
            "storage_class": "STANDARD",
            "tags": {},
            "tags_all": {},
            "version_id": "",
            "website_redirect": ""
          },
          "sensitive_attributes": [],
          "private": "bnVsbA==",
          "dependencies": [
            "aws_s3_bucket.dev_bucket"
          ]
        },
        {
          "index_key": "a4414291e00d7ceea9dd.png",
          "schema_version": 0,
          "attributes": {
            "acl": "private",
            "bucket": "dev.annapivunova.me",
            "bucket_key_enabled": false,
            "cache_control": "",
            "content": null,
            "content_base64": null,
            "content_disposition": "",
            "content_encoding": "",
            "content_language": "",
            "content_type": "image/png",
            "etag": "7fb75110cd0a73ead5544ae456ab731b",
            "force_destroy": false,
            "id": "a4414291e00d7ceea9dd.png",
            "key": "a4414291e00d7ceea9dd.png",
            "kms_key_id": null,
            "metadata": {},
            "object_lock_legal_hold_status": "",
            "object_lock_mode": "",
            "object_lock_retain_until_date": "",
            "server_side_encryption": "AES256",
            "source": "../dist_preprod/a4414291e00d7ceea9dd.png",
            "source_hash": null,
            "storage_class": "STANDARD",
            "tags": {},
            "tags_all": {},
            "version_id": "",
            "website_redirect": ""
          },
          "sensitive_attributes": [],
          "private": "bnVsbA==",
          "dependencies": [
            "aws_s3_bucket.dev_bucket"
          ]
        },
        {
          "index_key": "c9c75cbb71d1904a76ff.jpeg",
          "schema_version": 0,
          "attributes": {
            "acl": "private",
            "bucket": "dev.annapivunova.me",
            "bucket_key_enabled": false,
            "cache_control": "",
            "content": null,
            "content_base64": null,
            "content_disposition": "",
            "content_encoding": "",
            "content_language": "",
            "content_type": "image/jpeg",
            "etag": "8522c95937c2ebaa3bb64fd7c6add456",
            "force_destroy": false,
            "id": "c9c75cbb71d1904a76ff.jpeg",
            "key": "c9c75cbb71d1904a76ff.jpeg",
            "kms_key_id": null,
            "metadata": {},
            "object_lock_legal_hold_status": "",
            "object_lock_mode": "",
            "object_lock_retain_until_date": "",
            "server_side_encryption": "AES256",
            "source": "../dist_preprod/c9c75cbb71d1904a76ff.jpeg",
            "source_hash": null,
            "storage_class": "STANDARD",
            "tags": {},
            "tags_all": {},
            "version_id": "",
            "website_redirect": ""
          },
          "sensitive_attributes": [],
          "private": "bnVsbA==",
          "dependencies": [
            "aws_s3_bucket.dev_bucket"
          ]
        },
        {
          "index_key": "cdd1df186a3d51621aac.jpeg",
          "schema_version": 0,
          "attributes": {
            "acl": "private",
            "bucket": "dev.annapivunova.me",
            "bucket_key_enabled": false,
            "cache_control": "",
            "content": null,
            "content_base64": null,
            "content_disposition": "",
            "content_encoding": "",
            "content_language": "",
            "content_type": "image/jpeg",
            "etag": "f101d3287d5b2f3599b767b500ae3bae",
            "force_destroy": false,
            "id": "cdd1df186a3d51621aac.jpeg",
            "key": "cdd1df186a3d51621aac.jpeg",
            "kms_key_id": null,
            "metadata": {},
            "object_lock_legal_hold_status": "",
            "object_lock_mode": "",
            "object_lock_retain_until_date": "",
            "server_side_encryption": "AES256",
            "source": "../dist_preprod/cdd1df186a3d51621aac.jpeg",
            "source_hash": null,
            "storage_class": "STANDARD",
            "tags": {},
            "tags_all": {},
            "version_id": "",
            "website_redirect": ""
          },
          "sensitive_attributes": [],
          "private": "bnVsbA==",
          "dependencies": [
            "aws_s3_bucket.dev_bucket"
          ]
        },
        {
          "index_key": "d5aa4598268c7278ca3c.png",
          "schema_version": 0,
          "attributes": {
            "acl": "private",
            "bucket": "dev.annapivunova.me",
            "bucket_key_enabled": false,
            "cache_control": "",
            "content": null,
            "content_base64": null,
            "content_disposition": "",
            "content_encoding": "",
            "content_language": "",
            "content_type": "image/png",
            "etag": "37ed65ac226f48ac2286cddb36c6540d",
            "force_destroy": false,
            "id": "d5aa4598268c7278ca3c.png",
            "key": "d5aa4598268c7278ca3c.png",
            "kms_key_id": null,
            "metadata": {},
            "object_lock_legal_hold_status": "",
            "object_lock_mode": "",
            "object_lock_retain_until_date": "",
            "server_side_encryption": "AES256",
            "source": "../dist_preprod/d5aa4598268c7278ca3c.png",
            "source_hash": null,
            "storage_class": "STANDARD",
            "tags": {},
            "tags_all": {},
            "version_id": "",
            "website_redirect": ""
          },
          "sensitive_attributes": [],
          "private": "bnVsbA==",
          "dependencies": [
            "aws_s3_bucket.dev_bucket"
          ]
        },
        {
          "index_key": "da779a156099b8aee62e.jpeg",
          "schema_version": 0,
          "attributes": {
            "acl": "private",
            "bucket": "dev.annapivunova.me",
            "bucket_key_enabled": false,
            "cache_control": "",
            "content": null,
            "content_base64": null,
            "content_disposition": "",
            "content_encoding": "",
            "content_language": "",
            "content_type": "image/jpeg",
            "etag": "ede10a8bac2d9efc461576d6603a7c82",
            "force_destroy": false,
            "id": "da779a156099b8aee62e.jpeg",
            "key": "da779a156099b8aee62e.jpeg",
            "kms_key_id": null,
            "metadata": {},
            "object_lock_legal_hold_status": "",
            "object_lock_mode": "",
            "object_lock_retain_until_date": "",
            "server_side_encryption": "AES256",
            "source": "../dist_preprod/da779a156099b8aee62e.jpeg",
            "source_hash": null,
            "storage_class": "STANDARD",
            "tags": {},
            "tags_all": {},
            "version_id": "",
            "website_redirect": ""
          },
          "sensitive_attributes": [],
          "private": "bnVsbA==",
          "dependencies": [
            "aws_s3_bucket.dev_bucket"
          ]
        },
        {
          "index_key": "db3837aa609dd17aaf79.jpeg",
          "schema_version": 0,
          "attributes": {
            "acl": "private",
            "bucket": "dev.annapivunova.me",
            "bucket_key_enabled": false,
            "cache_control": "",
            "content": null,
            "content_base64": null,
            "content_disposition": "",
            "content_encoding": "",
            "content_language": "",
            "content_type": "image/jpeg",
            "etag": "367abe52e2588525e3fcffbf54b5ae2e",
            "force_destroy": false,
            "id": "db3837aa609dd17aaf79.jpeg",
            "key": "db3837aa609dd17aaf79.jpeg",
            "kms_key_id": null,
            "metadata": {},
            "object_lock_legal_hold_status": "",
            "object_lock_mode": "",
            "object_lock_retain_until_date": "",
            "server_side_encryption": "AES256",
            "source": "../dist_preprod/db3837aa609dd17aaf79.jpeg",
            "source_hash": null,
            "storage_class": "STANDARD",
            "tags": {},
            "tags_all": {},
            "version_id": "",
            "website_redirect": ""
          },
          "sensitive_attributes": [],
          "private": "bnVsbA==",
          "dependencies": [
            "aws_s3_bucket.dev_bucket"
          ]
        },
        {
          "index_key": "dcba4d2328ce9320a321.png",
          "schema_version": 0,
          "attributes": {
            "acl": "private",
            "bucket": "dev.annapivunova.me",
            "bucket_key_enabled": false,
            "cache_control": "",
            "content": null,
            "content_base64": null,
            "content_disposition": "",
            "content_encoding": "",
            "content_language": "",
            "content_type": "image/png",
            "etag": "53d00943fd25ee9cb4e4d653308b7e3c",
            "force_destroy": false,
            "id": "dcba4d2328ce9320a321.png",
            "key": "dcba4d2328ce9320a321.png",
            "kms_key_id": null,
            "metadata": {},
            "object_lock_legal_hold_status": "",
            "object_lock_mode": "",
            "object_lock_retain_until_date": "",
            "server_side_encryption": "AES256",
            "source": "../dist_preprod/dcba4d2328ce9320a321.png",
            "source_hash": null,
            "storage_class": "STANDARD",
            "tags": {},
            "tags_all": {},
            "version_id": "",
            "website_redirect": ""
          },
          "sensitive_attributes": [],
          "private": "bnVsbA==",
          "dependencies": [
            "aws_s3_bucket.dev_bucket"
          ]
        },
        {
          "index_key": "ddbf5962dc8127fd324b.svg",
          "schema_version": 0,
          "attributes": {
            "acl": "private",
            "bucket": "dev.annapivunova.me",
            "bucket_key_enabled": false,
            "cache_control": "",
            "content": null,
            "content_base64": null,
            "content_disposition": "",
            "content_encoding": "",
            "content_language": "",
            "content_type": "image/svg+xml",
            "etag": "f080a9a34b099307340a4c1315f2f498",
            "force_destroy": false,
            "id": "ddbf5962dc8127fd324b.svg",
            "key": "ddbf5962dc8127fd324b.svg",
            "kms_key_id": null,
            "metadata": {},
            "object_lock_legal_hold_status": "",
            "object_lock_mode": "",
            "object_lock_retain_until_date": "",
            "server_side_encryption": "AES256",
            "source": "../dist_preprod/ddbf5962dc8127fd324b.svg",
            "source_hash": null,
            "storage_class": "STANDARD",
            "tags": {},
            "tags_all": {},
            "version_id": "",
            "website_redirect": ""
          },
          "sensitive_attributes": [],
          "private": "bnVsbA==",
          "dependencies": [
            "aws_s3_bucket.dev_bucket"
          ]
        },
        {
          "index_key": "dfe7986b49b57640247d.png",
          "schema_version": 0,
          "attributes": {
            "acl": "private",
            "bucket": "dev.annapivunova.me",
            "bucket_key_enabled": false,
            "cache_control": "",
            "content": null,
            "content_base64": null,
            "content_disposition": "",
            "content_encoding": "",
            "content_language": "",
            "content_type": "image/png",
            "etag": "ab104a226d87f8ae938e5a5be7432ebc",
            "force_destroy": false,
            "id": "dfe7986b49b57640247d.png",
            "key": "dfe7986b49b57640247d.png",
            "kms_key_id": null,
            "metadata": {},
            "object_lock_legal_hold_status": "",
            "object_lock_mode": "",
            "object_lock_retain_until_date": "",
            "server_side_encryption": "AES256",
            "source": "../dist_preprod/dfe7986b49b57640247d.png",
            "source_hash": null,
            "storage_class": "STANDARD",
            "tags": {},
            "tags_all": {},
            "version_id": "",
            "website_redirect": ""
          },
          "sensitive_attributes": [],
          "private": "bnVsbA==",
          "dependencies": [
            "aws_s3_bucket.dev_bucket"
          ]
        },
        {
          "index_key": "e1a32eb7645943df7f70.png",
          "schema_version": 0,
          "attributes": {
            "acl": "private",
            "bucket": "dev.annapivunova.me",
            "bucket_key_enabled": false,
            "cache_control": "",
            "content": null,
            "content_base64": null,
            "content_disposition": "",
            "content_encoding": "",
            "content_language": "",
            "content_type": "image/png",
            "etag": "3315744d6e0928feeba348228df285c6",
            "force_destroy": false,
            "id": "e1a32eb7645943df7f70.png",
            "key": "e1a32eb7645943df7f70.png",
            "kms_key_id": null,
            "metadata": {},
            "object_lock_legal_hold_status": "",
            "object_lock_mode": "",
            "object_lock_retain_until_date": "",
            "server_side_encryption": "AES256",
            "source": "../dist_preprod/e1a32eb7645943df7f70.png",
            "source_hash": null,
            "storage_class": "STANDARD",
            "tags": {},
            "tags_all": {},
            "version_id": "",
            "website_redirect": ""
          },
          "sensitive_attributes": [],
          "private": "bnVsbA==",
          "dependencies": [
            "aws_s3_bucket.dev_bucket"
          ]
        },
        {
          "index_key": "ea649e2aea77ce96c726.jpeg",
          "schema_version": 0,
          "attributes": {
            "acl": "private",
            "bucket": "dev.annapivunova.me",
            "bucket_key_enabled": false,
            "cache_control": "",
            "content": null,
            "content_base64": null,
            "content_disposition": "",
            "content_encoding": "",
            "content_language": "",
            "content_type": "image/jpeg",
            "etag": "3c4c4d171762693d2ae2cac0ba5a68e8",
            "force_destroy": false,
            "id": "ea649e2aea77ce96c726.jpeg",
            "key": "ea649e2aea77ce96c726.jpeg",
            "kms_key_id": null,
            "metadata": {},
            "object_lock_legal_hold_status": "",
            "object_lock_mode": "",
            "object_lock_retain_until_date": "",
            "server_side_encryption": "AES256",
            "source": "../dist_preprod/ea649e2aea77ce96c726.jpeg",
            "source_hash": null,
            "storage_class": "STANDARD",
            "tags": {},
            "tags_all": {},
            "version_id": "",
            "website_redirect": ""
          },
          "sensitive_attributes": [],
          "private": "bnVsbA==",
          "dependencies": [
            "aws_s3_bucket.dev_bucket"
          ]
        },
        {
          "index_key": "edec2f58cc84d5ed4e16.jpeg",
          "schema_version": 0,
          "attributes": {
            "acl": "private",
            "bucket": "dev.annapivunova.me",
            "bucket_key_enabled": false,
            "cache_control": "",
            "content": null,
            "content_base64": null,
            "content_disposition": "",
            "content_encoding": "",
            "content_language": "",
            "content_type": "image/jpeg",
            "etag": "8e1bc4aad12fb6535bafbb69e82f3faa",
            "force_destroy": false,
            "id": "edec2f58cc84d5ed4e16.jpeg",
            "key": "edec2f58cc84d5ed4e16.jpeg",
            "kms_key_id": null,
            "metadata": {},
            "object_lock_legal_hold_status": "",
            "object_lock_mode": "",
            "object_lock_retain_until_date": "",
            "server_side_encryption": "AES256",
            "source": "../dist_preprod/edec2f58cc84d5ed4e16.jpeg",
            "source_hash": null,
            "storage_class": "STANDARD",
            "tags": {},
            "tags_all": {},
            "version_id": "",
            "website_redirect": ""
          },
          "sensitive_attributes": [],
          "private": "bnVsbA==",
          "dependencies": [
            "aws_s3_bucket.dev_bucket"
          ]
        },
        {
          "index_key": "fc10886900b52a001365.svg",
          "schema_version": 0,
          "attributes": {
            "acl": "private",
            "bucket": "dev.annapivunova.me",
            "bucket_key_enabled": false,
            "cache_control": "",
            "content": null,
            "content_base64": null,
            "content_disposition": "",
            "content_encoding": "",
            "content_language": "",
            "content_type": "image/svg+xml",
            "etag": "25fc53bfff51d8e031123fc0aa57971f",
            "force_destroy": false,
            "id": "fc10886900b52a001365.svg",
            "key": "fc10886900b52a001365.svg",
            "kms_key_id": null,
            "metadata": {},
            "object_lock_legal_hold_status": "",
            "object_lock_mode": "",
            "object_lock_retain_until_date": "",
            "server_side_encryption": "AES256",
            "source": "../dist_preprod/fc10886900b52a001365.svg",
            "source_hash": null,
            "storage_class": "STANDARD",
            "tags": {},
            "tags_all": {},
            "version_id": "",
            "website_redirect": ""
          },
          "sensitive_attributes": [],
          "private": "bnVsbA==",
          "dependencies": [
            "aws_s3_bucket.dev_bucket"
          ]
        },
        {
          "index_key": "index.html",
          "schema_version": 0,
          "attributes": {
            "acl": "private",
            "bucket": "dev.annapivunova.me",
            "bucket_key_enabled": false,
            "cache_control": "",
            "content": null,
            "content_base64": null,
            "content_disposition": "",
            "content_encoding": "",
            "content_language": "",
            "content_type": "text/html",
            "etag": "75c5b98ca7e8687c734a12659a493820",
            "force_destroy": false,
            "id": "index.html",
            "key": "index.html",
            "kms_key_id": null,
            "metadata": {},
            "object_lock_legal_hold_status": "",
            "object_lock_mode": "",
            "object_lock_retain_until_date": "",
            "server_side_encryption": "AES256",
            "source": "../dist_preprod/index.html",
            "source_hash": null,
            "storage_class": "STANDARD",
            "tags": {},
            "tags_all": {},
            "version_id": "",
            "website_redirect": ""
          },
          "sensitive_attributes": [],
          "private": "bnVsbA==",
          "dependencies": [
            "aws_s3_bucket.dev_bucket"
          ]
        },
        {
          "index_key": "main.js",
          "schema_version": 0,
          "attributes": {
            "acl": "private",
            "bucket": "dev.annapivunova.me",
            "bucket_key_enabled": false,
            "cache_control": "",
            "content": null,
            "content_base64": null,
            "content_disposition": "",
            "content_encoding": "",
            "content_language": "",
            "content_type": "application/javascript",
            "etag": "3a18d21e68e1ffbd5fc6e068daf8fd53",
            "force_destroy": false,
            "id": "main.js",
            "key": "main.js",
            "kms_key_id": null,
            "metadata": {},
            "object_lock_legal_hold_status": "",
            "object_lock_mode": "",
            "object_lock_retain_until_date": "",
            "server_side_encryption": "AES256",
            "source": "../dist_preprod/main.js",
            "source_hash": null,
            "storage_class": "STANDARD",
            "tags": {},
            "tags_all": {},
            "version_id": "",
            "website_redirect": ""
          },
          "sensitive_attributes": [],
          "private": "bnVsbA==",
          "dependencies": [
            "aws_s3_bucket.dev_bucket"
          ]
        },
        {
          "index_key": "main.js.LICENSE.txt",
          "schema_version": 0,
          "attributes": {
            "acl": "private",
            "bucket": "dev.annapivunova.me",
            "bucket_key_enabled": false,
            "cache_control": "",
            "content": null,
            "content_base64": null,
            "content_disposition": "",
            "content_encoding": "",
            "content_language": "",
            "content_type": "text/plain",
            "etag": "352c2013eb59f17b3a71da1983fd792b",
            "force_destroy": false,
            "id": "main.js.LICENSE.txt",
            "key": "main.js.LICENSE.txt",
            "kms_key_id": null,
            "metadata": {},
            "object_lock_legal_hold_status": "",
            "object_lock_mode": "",
            "object_lock_retain_until_date": "",
            "server_side_encryption": "AES256",
            "source": "../dist_preprod/main.js.LICENSE.txt",
            "source_hash": null,
            "storage_class": "STANDARD",
            "tags": {},
            "tags_all": {},
            "version_id": "",
            "website_redirect": ""
          },
          "sensitive_attributes": [],
          "private": "bnVsbA==",
          "dependencies": [
            "aws_s3_bucket.dev_bucket"
          ]
        }
      ]
    },
    {
      "mode": "managed",
      "type": "aws_s3_object",
      "name": "dist_preprod",
      "provider": "provider[\"registry.terraform.io/hashicorp/aws\"]",
      "instances": [
        {
          "index_key": "001c8f0d44c03830dfc2.jpeg",
          "schema_version": 0,
          "attributes": {
            "acl": "private",
            "bucket": "preprod.annapivunova.me",
            "bucket_key_enabled": false,
            "cache_control": "",
            "content": null,
            "content_base64": null,
            "content_disposition": "",
            "content_encoding": "",
            "content_language": "",
            "content_type": "image/jpeg",
            "etag": "11a3b5ec0b5be019294beefb4a12b53d",
            "force_destroy": false,
            "id": "001c8f0d44c03830dfc2.jpeg",
            "key": "001c8f0d44c03830dfc2.jpeg",
            "kms_key_id": null,
            "metadata": {},
            "object_lock_legal_hold_status": "",
            "object_lock_mode": "",
            "object_lock_retain_until_date": "",
            "server_side_encryption": "AES256",
            "source": "../dist_preprod/001c8f0d44c03830dfc2.jpeg",
            "source_hash": null,
            "storage_class": "STANDARD",
            "tags": {},
            "tags_all": {},
            "version_id": "",
            "website_redirect": ""
          },
          "sensitive_attributes": [],
          "private": "bnVsbA==",
          "dependencies": [
            "aws_s3_bucket.preprod_bucket"
          ]
        },
        {
          "index_key": "007dc30656f75d3a5871.jpg",
          "schema_version": 0,
          "attributes": {
            "acl": "private",
            "bucket": "preprod.annapivunova.me",
            "bucket_key_enabled": false,
            "cache_control": "",
            "content": null,
            "content_base64": null,
            "content_disposition": "",
            "content_encoding": "",
            "content_language": "",
            "content_type": "image/jpeg",
            "etag": "d38bbe7390968ee60c6a44e209f7fc3a",
            "force_destroy": false,
            "id": "007dc30656f75d3a5871.jpg",
            "key": "007dc30656f75d3a5871.jpg",
            "kms_key_id": null,
            "metadata": {},
            "object_lock_legal_hold_status": "",
            "object_lock_mode": "",
            "object_lock_retain_until_date": "",
            "server_side_encryption": "AES256",
            "source": "../dist_preprod/007dc30656f75d3a5871.jpg",
            "source_hash": null,
            "storage_class": "STANDARD",
            "tags": {},
            "tags_all": {},
            "version_id": "",
            "website_redirect": ""
          },
          "sensitive_attributes": [],
          "private": "bnVsbA==",
          "dependencies": [
            "aws_s3_bucket.preprod_bucket"
          ]
        },
        {
          "index_key": "03bdc10621d4d3a26bed.png",
          "schema_version": 0,
          "attributes": {
            "acl": "private",
            "bucket": "preprod.annapivunova.me",
            "bucket_key_enabled": false,
            "cache_control": "",
            "content": null,
            "content_base64": null,
            "content_disposition": "",
            "content_encoding": "",
            "content_language": "",
            "content_type": "image/png",
            "etag": "d9ea29d3d545fee041dde955fc3b0450",
            "force_destroy": false,
            "id": "03bdc10621d4d3a26bed.png",
            "key": "03bdc10621d4d3a26bed.png",
            "kms_key_id": null,
            "metadata": {},
            "object_lock_legal_hold_status": "",
            "object_lock_mode": "",
            "object_lock_retain_until_date": "",
            "server_side_encryption": "AES256",
            "source": "../dist_preprod/03bdc10621d4d3a26bed.png",
            "source_hash": null,
            "storage_class": "STANDARD",
            "tags": {},
            "tags_all": {},
            "version_id": "",
            "website_redirect": ""
          },
          "sensitive_attributes": [],
          "private": "bnVsbA==",
          "dependencies": [
            "aws_s3_bucket.preprod_bucket"
          ]
        },
        {
          "index_key": "06116c9f05031f374857.jpeg",
          "schema_version": 0,
          "attributes": {
            "acl": "private",
            "bucket": "preprod.annapivunova.me",
            "bucket_key_enabled": false,
            "cache_control": "",
            "content": null,
            "content_base64": null,
            "content_disposition": "",
            "content_encoding": "",
            "content_language": "",
            "content_type": "image/jpeg",
            "etag": "82e59a4ccfd3c239648c2160af96fe6c",
            "force_destroy": false,
            "id": "06116c9f05031f374857.jpeg",
            "key": "06116c9f05031f374857.jpeg",
            "kms_key_id": null,
            "metadata": {},
            "object_lock_legal_hold_status": "",
            "object_lock_mode": "",
            "object_lock_retain_until_date": "",
            "server_side_encryption": "AES256",
            "source": "../dist_preprod/06116c9f05031f374857.jpeg",
            "source_hash": null,
            "storage_class": "STANDARD",
            "tags": {},
            "tags_all": {},
            "version_id": "",
            "website_redirect": ""
          },
          "sensitive_attributes": [],
          "private": "bnVsbA==",
          "dependencies": [
            "aws_s3_bucket.preprod_bucket"
          ]
        },
        {
          "index_key": "0ba6e839798a44f524e8.woff",
          "schema_version": 0,
          "attributes": {
            "acl": "private",
            "bucket": "preprod.annapivunova.me",
            "bucket_key_enabled": false,
            "cache_control": "",
            "content": null,
            "content_base64": null,
            "content_disposition": "",
            "content_encoding": "",
            "content_language": "",
            "content_type": "font/woff",
            "etag": "b7875934f6279e7189b64244552a2393",
            "force_destroy": false,
            "id": "0ba6e839798a44f524e8.woff",
            "key": "0ba6e839798a44f524e8.woff",
            "kms_key_id": null,
            "metadata": {},
            "object_lock_legal_hold_status": "",
            "object_lock_mode": "",
            "object_lock_retain_until_date": "",
            "server_side_encryption": "AES256",
            "source": "../dist_preprod/0ba6e839798a44f524e8.woff",
            "source_hash": null,
            "storage_class": "STANDARD",
            "tags": {},
            "tags_all": {},
            "version_id": "",
            "website_redirect": ""
          },
          "sensitive_attributes": [],
          "private": "bnVsbA==",
          "dependencies": [
            "aws_s3_bucket.preprod_bucket"
          ]
        },
        {
          "index_key": "0d3b49877014db46e7c6.jpeg",
          "schema_version": 0,
          "attributes": {
            "acl": "private",
            "bucket": "preprod.annapivunova.me",
            "bucket_key_enabled": false,
            "cache_control": "",
            "content": null,
            "content_base64": null,
            "content_disposition": "",
            "content_encoding": "",
            "content_language": "",
            "content_type": "image/jpeg",
            "etag": "04eb2fbfe88449c84c99549a3cf19a43",
            "force_destroy": false,
            "id": "0d3b49877014db46e7c6.jpeg",
            "key": "0d3b49877014db46e7c6.jpeg",
            "kms_key_id": null,
            "metadata": {},
            "object_lock_legal_hold_status": "",
            "object_lock_mode": "",
            "object_lock_retain_until_date": "",
            "server_side_encryption": "AES256",
            "source": "../dist_preprod/0d3b49877014db46e7c6.jpeg",
            "source_hash": null,
            "storage_class": "STANDARD",
            "tags": {},
            "tags_all": {},
            "version_id": "",
            "website_redirect": ""
          },
          "sensitive_attributes": [],
          "private": "bnVsbA==",
          "dependencies": [
            "aws_s3_bucket.preprod_bucket"
          ]
        },
        {
          "index_key": "0ea4d0d26b3481858bf2.jpeg",
          "schema_version": 0,
          "attributes": {
            "acl": "private",
            "bucket": "preprod.annapivunova.me",
            "bucket_key_enabled": false,
            "cache_control": "",
            "content": null,
            "content_base64": null,
            "content_disposition": "",
            "content_encoding": "",
            "content_language": "",
            "content_type": "image/jpeg",
            "etag": "6e6f316c1888bde229d5431e94dcfa1b",
            "force_destroy": false,
            "id": "0ea4d0d26b3481858bf2.jpeg",
            "key": "0ea4d0d26b3481858bf2.jpeg",
            "kms_key_id": null,
            "metadata": {},
            "object_lock_legal_hold_status": "",
            "object_lock_mode": "",
            "object_lock_retain_until_date": "",
            "server_side_encryption": "AES256",
            "source": "../dist_preprod/0ea4d0d26b3481858bf2.jpeg",
            "source_hash": null,
            "storage_class": "STANDARD",
            "tags": {},
            "tags_all": {},
            "version_id": "",
            "website_redirect": ""
          },
          "sensitive_attributes": [],
          "private": "bnVsbA==",
          "dependencies": [
            "aws_s3_bucket.preprod_bucket"
          ]
        },
        {
          "index_key": "1022515e95a973373e44.jpeg",
          "schema_version": 0,
          "attributes": {
            "acl": "private",
            "bucket": "preprod.annapivunova.me",
            "bucket_key_enabled": false,
            "cache_control": "",
            "content": null,
            "content_base64": null,
            "content_disposition": "",
            "content_encoding": "",
            "content_language": "",
            "content_type": "image/jpeg",
            "etag": "4474a1ac0434236be2411b1a7dc1524a",
            "force_destroy": false,
            "id": "1022515e95a973373e44.jpeg",
            "key": "1022515e95a973373e44.jpeg",
            "kms_key_id": null,
            "metadata": {},
            "object_lock_legal_hold_status": "",
            "object_lock_mode": "",
            "object_lock_retain_until_date": "",
            "server_side_encryption": "AES256",
            "source": "../dist_preprod/1022515e95a973373e44.jpeg",
            "source_hash": null,
            "storage_class": "STANDARD",
            "tags": {},
            "tags_all": {},
            "version_id": "",
            "website_redirect": ""
          },
          "sensitive_attributes": [],
          "private": "bnVsbA==",
          "dependencies": [
            "aws_s3_bucket.preprod_bucket"
          ]
        },
        {
          "index_key": "10dcdf2d32017bb55b16.svg",
          "schema_version": 0,
          "attributes": {
            "acl": "private",
            "bucket": "preprod.annapivunova.me",
            "bucket_key_enabled": false,
            "cache_control": "",
            "content": null,
            "content_base64": null,
            "content_disposition": "",
            "content_encoding": "",
            "content_language": "",
            "content_type": "image/svg+xml",
            "etag": "12f0f04e3ed6bf662681c437bd6fb006",
            "force_destroy": false,
            "id": "10dcdf2d32017bb55b16.svg",
            "key": "10dcdf2d32017bb55b16.svg",
            "kms_key_id": null,
            "metadata": {},
            "object_lock_legal_hold_status": "",
            "object_lock_mode": "",
            "object_lock_retain_until_date": "",
            "server_side_encryption": "AES256",
            "source": "../dist_preprod/10dcdf2d32017bb55b16.svg",
            "source_hash": null,
            "storage_class": "STANDARD",
            "tags": {},
            "tags_all": {},
            "version_id": "",
            "website_redirect": ""
          },
          "sensitive_attributes": [],
          "private": "bnVsbA==",
          "dependencies": [
            "aws_s3_bucket.preprod_bucket"
          ]
        },
        {
          "index_key": "11990d3bc0c01f3a14c1.jpeg",
          "schema_version": 0,
          "attributes": {
            "acl": "private",
            "bucket": "preprod.annapivunova.me",
            "bucket_key_enabled": false,
            "cache_control": "",
            "content": null,
            "content_base64": null,
            "content_disposition": "",
            "content_encoding": "",
            "content_language": "",
            "content_type": "image/jpeg",
            "etag": "99e6bfd369aabd7a7bca02d3ab184c61",
            "force_destroy": false,
            "id": "11990d3bc0c01f3a14c1.jpeg",
            "key": "11990d3bc0c01f3a14c1.jpeg",
            "kms_key_id": null,
            "metadata": {},
            "object_lock_legal_hold_status": "",
            "object_lock_mode": "",
            "object_lock_retain_until_date": "",
            "server_side_encryption": "AES256",
            "source": "../dist_preprod/11990d3bc0c01f3a14c1.jpeg",
            "source_hash": null,
            "storage_class": "STANDARD",
            "tags": {},
            "tags_all": {},
            "version_id": "",
            "website_redirect": ""
          },
          "sensitive_attributes": [],
          "private": "bnVsbA==",
          "dependencies": [
            "aws_s3_bucket.preprod_bucket"
          ]
        },
        {
          "index_key": "12ba843c75312dd308b0.woff",
          "schema_version": 0,
          "attributes": {
            "acl": "private",
            "bucket": "preprod.annapivunova.me",
            "bucket_key_enabled": false,
            "cache_control": "",
            "content": null,
            "content_base64": null,
            "content_disposition": "",
            "content_encoding": "",
            "content_language": "",
            "content_type": "font/woff",
            "etag": "184c553c59496c96a2d7acca680c85fa",
            "force_destroy": false,
            "id": "12ba843c75312dd308b0.woff",
            "key": "12ba843c75312dd308b0.woff",
            "kms_key_id": null,
            "metadata": {},
            "object_lock_legal_hold_status": "",
            "object_lock_mode": "",
            "object_lock_retain_until_date": "",
            "server_side_encryption": "AES256",
            "source": "../dist_preprod/12ba843c75312dd308b0.woff",
            "source_hash": null,
            "storage_class": "STANDARD",
            "tags": {},
            "tags_all": {},
            "version_id": "",
            "website_redirect": ""
          },
          "sensitive_attributes": [],
          "private": "bnVsbA==",
          "dependencies": [
            "aws_s3_bucket.preprod_bucket"
          ]
        },
        {
          "index_key": "1348fe9ee04e69dc6d9a.jpeg",
          "schema_version": 0,
          "attributes": {
            "acl": "private",
            "bucket": "preprod.annapivunova.me",
            "bucket_key_enabled": false,
            "cache_control": "",
            "content": null,
            "content_base64": null,
            "content_disposition": "",
            "content_encoding": "",
            "content_language": "",
            "content_type": "image/jpeg",
            "etag": "5b191dd7e511bb2604d71fa3bdee16be",
            "force_destroy": false,
            "id": "1348fe9ee04e69dc6d9a.jpeg",
            "key": "1348fe9ee04e69dc6d9a.jpeg",
            "kms_key_id": null,
            "metadata": {},
            "object_lock_legal_hold_status": "",
            "object_lock_mode": "",
            "object_lock_retain_until_date": "",
            "server_side_encryption": "AES256",
            "source": "../dist_preprod/1348fe9ee04e69dc6d9a.jpeg",
            "source_hash": null,
            "storage_class": "STANDARD",
            "tags": {},
            "tags_all": {},
            "version_id": "",
            "website_redirect": ""
          },
          "sensitive_attributes": [],
          "private": "bnVsbA==",
          "dependencies": [
            "aws_s3_bucket.preprod_bucket"
          ]
        },
        {
          "index_key": "146d477fb622f21d0352.png",
          "schema_version": 0,
          "attributes": {
            "acl": "private",
            "bucket": "preprod.annapivunova.me",
            "bucket_key_enabled": false,
            "cache_control": "",
            "content": null,
            "content_base64": null,
            "content_disposition": "",
            "content_encoding": "",
            "content_language": "",
            "content_type": "image/png",
            "etag": "d70473554d39b9c63ea6880dbe88a5bc",
            "force_destroy": false,
            "id": "146d477fb622f21d0352.png",
            "key": "146d477fb622f21d0352.png",
            "kms_key_id": null,
            "metadata": {},
            "object_lock_legal_hold_status": "",
            "object_lock_mode": "",
            "object_lock_retain_until_date": "",
            "server_side_encryption": "AES256",
            "source": "../dist_preprod/146d477fb622f21d0352.png",
            "source_hash": null,
            "storage_class": "STANDARD",
            "tags": {},
            "tags_all": {},
            "version_id": "",
            "website_redirect": ""
          },
          "sensitive_attributes": [],
          "private": "bnVsbA==",
          "dependencies": [
            "aws_s3_bucket.preprod_bucket"
          ]
        },
        {
          "index_key": "21452b1d7e511e139e6d.jpeg",
          "schema_version": 0,
          "attributes": {
            "acl": "private",
            "bucket": "preprod.annapivunova.me",
            "bucket_key_enabled": false,
            "cache_control": "",
            "content": null,
            "content_base64": null,
            "content_disposition": "",
            "content_encoding": "",
            "content_language": "",
            "content_type": "image/jpeg",
            "etag": "dbf0e22f2d8ddd61717082e8f64fe026",
            "force_destroy": false,
            "id": "21452b1d7e511e139e6d.jpeg",
            "key": "21452b1d7e511e139e6d.jpeg",
            "kms_key_id": null,
            "metadata": {},
            "object_lock_legal_hold_status": "",
            "object_lock_mode": "",
            "object_lock_retain_until_date": "",
            "server_side_encryption": "AES256",
            "source": "../dist_preprod/21452b1d7e511e139e6d.jpeg",
            "source_hash": null,
            "storage_class": "STANDARD",
            "tags": {},
            "tags_all": {},
            "version_id": "",
            "website_redirect": ""
          },
          "sensitive_attributes": [],
          "private": "bnVsbA==",
          "dependencies": [
            "aws_s3_bucket.preprod_bucket"
          ]
        },
        {
          "index_key": "2ca169c90e53d1d0480b.woff",
          "schema_version": 0,
          "attributes": {
            "acl": "private",
            "bucket": "preprod.annapivunova.me",
            "bucket_key_enabled": false,
            "cache_control": "",
            "content": null,
            "content_base64": null,
            "content_disposition": "",
            "content_encoding": "",
            "content_language": "",
            "content_type": "font/woff",
            "etag": "ab459481bb83f2cf53e5da9d7067323b",
            "force_destroy": false,
            "id": "2ca169c90e53d1d0480b.woff",
            "key": "2ca169c90e53d1d0480b.woff",
            "kms_key_id": null,
            "metadata": {},
            "object_lock_legal_hold_status": "",
            "object_lock_mode": "",
            "object_lock_retain_until_date": "",
            "server_side_encryption": "AES256",
            "source": "../dist_preprod/2ca169c90e53d1d0480b.woff",
            "source_hash": null,
            "storage_class": "STANDARD",
            "tags": {},
            "tags_all": {},
            "version_id": "",
            "website_redirect": ""
          },
          "sensitive_attributes": [],
          "private": "bnVsbA==",
          "dependencies": [
            "aws_s3_bucket.preprod_bucket"
          ]
        },
        {
          "index_key": "499b9a8f593f4f957d19.jpeg",
          "schema_version": 0,
          "attributes": {
            "acl": "private",
            "bucket": "preprod.annapivunova.me",
            "bucket_key_enabled": false,
            "cache_control": "",
            "content": null,
            "content_base64": null,
            "content_disposition": "",
            "content_encoding": "",
            "content_language": "",
            "content_type": "image/jpeg",
            "etag": "eaaab9eb0e8184ab9fa435284076ca91",
            "force_destroy": false,
            "id": "499b9a8f593f4f957d19.jpeg",
            "key": "499b9a8f593f4f957d19.jpeg",
            "kms_key_id": null,
            "metadata": {},
            "object_lock_legal_hold_status": "",
            "object_lock_mode": "",
            "object_lock_retain_until_date": "",
            "server_side_encryption": "AES256",
            "source": "../dist_preprod/499b9a8f593f4f957d19.jpeg",
            "source_hash": null,
            "storage_class": "STANDARD",
            "tags": {},
            "tags_all": {},
            "version_id": "",
            "website_redirect": ""
          },
          "sensitive_attributes": [],
          "private": "bnVsbA==",
          "dependencies": [
            "aws_s3_bucket.preprod_bucket"
          ]
        },
        {
          "index_key": "5d6f3d63938af9a87022.jpeg",
          "schema_version": 0,
          "attributes": {
            "acl": "private",
            "bucket": "preprod.annapivunova.me",
            "bucket_key_enabled": false,
            "cache_control": "",
            "content": null,
            "content_base64": null,
            "content_disposition": "",
            "content_encoding": "",
            "content_language": "",
            "content_type": "image/jpeg",
            "etag": "742176bc6372e5be56b2b4ebbf8ae2eb",
            "force_destroy": false,
            "id": "5d6f3d63938af9a87022.jpeg",
            "key": "5d6f3d63938af9a87022.jpeg",
            "kms_key_id": null,
            "metadata": {},
            "object_lock_legal_hold_status": "",
            "object_lock_mode": "",
            "object_lock_retain_until_date": "",
            "server_side_encryption": "AES256",
            "source": "../dist_preprod/5d6f3d63938af9a87022.jpeg",
            "source_hash": null,
            "storage_class": "STANDARD",
            "tags": {},
            "tags_all": {},
            "version_id": "",
            "website_redirect": ""
          },
          "sensitive_attributes": [],
          "private": "bnVsbA==",
          "dependencies": [
            "aws_s3_bucket.preprod_bucket"
          ]
        },
        {
          "index_key": "6591a9170ff5c423e1ce.woff",
          "schema_version": 0,
          "attributes": {
            "acl": "private",
            "bucket": "preprod.annapivunova.me",
            "bucket_key_enabled": false,
            "cache_control": "",
            "content": null,
            "content_base64": null,
            "content_disposition": "",
            "content_encoding": "",
            "content_language": "",
            "content_type": "font/woff",
            "etag": "7039c94946b605c240eb1e3e8002176e",
            "force_destroy": false,
            "id": "6591a9170ff5c423e1ce.woff",
            "key": "6591a9170ff5c423e1ce.woff",
            "kms_key_id": null,
            "metadata": {},
            "object_lock_legal_hold_status": "",
            "object_lock_mode": "",
            "object_lock_retain_until_date": "",
            "server_side_encryption": "AES256",
            "source": "../dist_preprod/6591a9170ff5c423e1ce.woff",
            "source_hash": null,
            "storage_class": "STANDARD",
            "tags": {},
            "tags_all": {},
            "version_id": "",
            "website_redirect": ""
          },
          "sensitive_attributes": [],
          "private": "bnVsbA==",
          "dependencies": [
            "aws_s3_bucket.preprod_bucket"
          ]
        },
        {
          "index_key": "68e4caae06987f656b71.jpeg",
          "schema_version": 0,
          "attributes": {
            "acl": "private",
            "bucket": "preprod.annapivunova.me",
            "bucket_key_enabled": false,
            "cache_control": "",
            "content": null,
            "content_base64": null,
            "content_disposition": "",
            "content_encoding": "",
            "content_language": "",
            "content_type": "image/jpeg",
            "etag": "c0be3ecd771779367bd4b2681a80decf",
            "force_destroy": false,
            "id": "68e4caae06987f656b71.jpeg",
            "key": "68e4caae06987f656b71.jpeg",
            "kms_key_id": null,
            "metadata": {},
            "object_lock_legal_hold_status": "",
            "object_lock_mode": "",
            "object_lock_retain_until_date": "",
            "server_side_encryption": "AES256",
            "source": "../dist_preprod/68e4caae06987f656b71.jpeg",
            "source_hash": null,
            "storage_class": "STANDARD",
            "tags": {},
            "tags_all": {},
            "version_id": "",
            "website_redirect": ""
          },
          "sensitive_attributes": [],
          "private": "bnVsbA==",
          "dependencies": [
            "aws_s3_bucket.preprod_bucket"
          ]
        },
        {
          "index_key": "6cacc1742a06a161d20b.jpeg",
          "schema_version": 0,
          "attributes": {
            "acl": "private",
            "bucket": "preprod.annapivunova.me",
            "bucket_key_enabled": false,
            "cache_control": "",
            "content": null,
            "content_base64": null,
            "content_disposition": "",
            "content_encoding": "",
            "content_language": "",
            "content_type": "image/jpeg",
            "etag": "826a30ddd4102c52ba8742a124cfd42f",
            "force_destroy": false,
            "id": "6cacc1742a06a161d20b.jpeg",
            "key": "6cacc1742a06a161d20b.jpeg",
            "kms_key_id": null,
            "metadata": {},
            "object_lock_legal_hold_status": "",
            "object_lock_mode": "",
            "object_lock_retain_until_date": "",
            "server_side_encryption": "AES256",
            "source": "../dist_preprod/6cacc1742a06a161d20b.jpeg",
            "source_hash": null,
            "storage_class": "STANDARD",
            "tags": {},
            "tags_all": {},
            "version_id": "",
            "website_redirect": ""
          },
          "sensitive_attributes": [],
          "private": "bnVsbA==",
          "dependencies": [
            "aws_s3_bucket.preprod_bucket"
          ]
        },
        {
          "index_key": "6d772e95710f1b87a371.jpeg",
          "schema_version": 0,
          "attributes": {
            "acl": "private",
            "bucket": "preprod.annapivunova.me",
            "bucket_key_enabled": false,
            "cache_control": "",
            "content": null,
            "content_base64": null,
            "content_disposition": "",
            "content_encoding": "",
            "content_language": "",
            "content_type": "image/jpeg",
            "etag": "2282ee27e01acc006518d50989e379ed",
            "force_destroy": false,
            "id": "6d772e95710f1b87a371.jpeg",
            "key": "6d772e95710f1b87a371.jpeg",
            "kms_key_id": null,
            "metadata": {},
            "object_lock_legal_hold_status": "",
            "object_lock_mode": "",
            "object_lock_retain_until_date": "",
            "server_side_encryption": "AES256",
            "source": "../dist_preprod/6d772e95710f1b87a371.jpeg",
            "source_hash": null,
            "storage_class": "STANDARD",
            "tags": {},
            "tags_all": {},
            "version_id": "",
            "website_redirect": ""
          },
          "sensitive_attributes": [],
          "private": "bnVsbA==",
          "dependencies": [
            "aws_s3_bucket.preprod_bucket"
          ]
        },
        {
          "index_key": "71624f5164d24391c230.jpg",
          "schema_version": 0,
          "attributes": {
            "acl": "private",
            "bucket": "preprod.annapivunova.me",
            "bucket_key_enabled": false,
            "cache_control": "",
            "content": null,
            "content_base64": null,
            "content_disposition": "",
            "content_encoding": "",
            "content_language": "",
            "content_type": "image/jpeg",
            "etag": "1664a5b37910eb40fb98f622b4ddea22",
            "force_destroy": false,
            "id": "71624f5164d24391c230.jpg",
            "key": "71624f5164d24391c230.jpg",
            "kms_key_id": null,
            "metadata": {},
            "object_lock_legal_hold_status": "",
            "object_lock_mode": "",
            "object_lock_retain_until_date": "",
            "server_side_encryption": "AES256",
            "source": "../dist_preprod/71624f5164d24391c230.jpg",
            "source_hash": null,
            "storage_class": "STANDARD",
            "tags": {},
            "tags_all": {},
            "version_id": "",
            "website_redirect": ""
          },
          "sensitive_attributes": [],
          "private": "bnVsbA==",
          "dependencies": [
            "aws_s3_bucket.preprod_bucket"
          ]
        },
        {
          "index_key": "753b242210cffa4f7eab.woff",
          "schema_version": 0,
          "attributes": {
            "acl": "private",
            "bucket": "preprod.annapivunova.me",
            "bucket_key_enabled": false,
            "cache_control": "",
            "content": null,
            "content_base64": null,
            "content_disposition": "",
            "content_encoding": "",
            "content_language": "",
            "content_type": "font/woff",
            "etag": "37b68ccc45988654bde1655c5261827d",
            "force_destroy": false,
            "id": "753b242210cffa4f7eab.woff",
            "key": "753b242210cffa4f7eab.woff",
            "kms_key_id": null,
            "metadata": {},
            "object_lock_legal_hold_status": "",
            "object_lock_mode": "",
            "object_lock_retain_until_date": "",
            "server_side_encryption": "AES256",
            "source": "../dist_preprod/753b242210cffa4f7eab.woff",
            "source_hash": null,
            "storage_class": "STANDARD",
            "tags": {},
            "tags_all": {},
            "version_id": "",
            "website_redirect": ""
          },
          "sensitive_attributes": [],
          "private": "bnVsbA==",
          "dependencies": [
            "aws_s3_bucket.preprod_bucket"
          ]
        },
        {
          "index_key": "7bdd57921c4b04e48947.png",
          "schema_version": 0,
          "attributes": {
            "acl": "private",
            "bucket": "preprod.annapivunova.me",
            "bucket_key_enabled": false,
            "cache_control": "",
            "content": null,
            "content_base64": null,
            "content_disposition": "",
            "content_encoding": "",
            "content_language": "",
            "content_type": "image/png",
            "etag": "a097d3f1709de03a8ecf4b63adfc510d",
            "force_destroy": false,
            "id": "7bdd57921c4b04e48947.png",
            "key": "7bdd57921c4b04e48947.png",
            "kms_key_id": null,
            "metadata": {},
            "object_lock_legal_hold_status": "",
            "object_lock_mode": "",
            "object_lock_retain_until_date": "",
            "server_side_encryption": "AES256",
            "source": "../dist_preprod/7bdd57921c4b04e48947.png",
            "source_hash": null,
            "storage_class": "STANDARD",
            "tags": {},
            "tags_all": {},
            "version_id": "",
            "website_redirect": ""
          },
          "sensitive_attributes": [],
          "private": "bnVsbA==",
          "dependencies": [
            "aws_s3_bucket.preprod_bucket"
          ]
        },
        {
          "index_key": "7f1f352a294379b2aada.jpeg",
          "schema_version": 0,
          "attributes": {
            "acl": "private",
            "bucket": "preprod.annapivunova.me",
            "bucket_key_enabled": false,
            "cache_control": "",
            "content": null,
            "content_base64": null,
            "content_disposition": "",
            "content_encoding": "",
            "content_language": "",
            "content_type": "image/jpeg",
            "etag": "452089a4d2cecd135bd615aa5b47d5be",
            "force_destroy": false,
            "id": "7f1f352a294379b2aada.jpeg",
            "key": "7f1f352a294379b2aada.jpeg",
            "kms_key_id": null,
            "metadata": {},
            "object_lock_legal_hold_status": "",
            "object_lock_mode": "",
            "object_lock_retain_until_date": "",
            "server_side_encryption": "AES256",
            "source": "../dist_preprod/7f1f352a294379b2aada.jpeg",
            "source_hash": null,
            "storage_class": "STANDARD",
            "tags": {},
            "tags_all": {},
            "version_id": "",
            "website_redirect": ""
          },
          "sensitive_attributes": [],
          "private": "bnVsbA==",
          "dependencies": [
            "aws_s3_bucket.preprod_bucket"
          ]
        },
        {
          "index_key": "912b7b1fb0657b371a6e.png",
          "schema_version": 0,
          "attributes": {
            "acl": "private",
            "bucket": "preprod.annapivunova.me",
            "bucket_key_enabled": false,
            "cache_control": "",
            "content": null,
            "content_base64": null,
            "content_disposition": "",
            "content_encoding": "",
            "content_language": "",
            "content_type": "image/png",
            "etag": "49cf7b71c3a53cdc7533293cc2d66ef8",
            "force_destroy": false,
            "id": "912b7b1fb0657b371a6e.png",
            "key": "912b7b1fb0657b371a6e.png",
            "kms_key_id": null,
            "metadata": {},
            "object_lock_legal_hold_status": "",
            "object_lock_mode": "",
            "object_lock_retain_until_date": "",
            "server_side_encryption": "AES256",
            "source": "../dist_preprod/912b7b1fb0657b371a6e.png",
            "source_hash": null,
            "storage_class": "STANDARD",
            "tags": {},
            "tags_all": {},
            "version_id": "",
            "website_redirect": ""
          },
          "sensitive_attributes": [],
          "private": "bnVsbA==",
          "dependencies": [
            "aws_s3_bucket.preprod_bucket"
          ]
        },
        {
          "index_key": "9d365c6b943c73e2efc6.svg",
          "schema_version": 0,
          "attributes": {
            "acl": "private",
            "bucket": "preprod.annapivunova.me",
            "bucket_key_enabled": false,
            "cache_control": "",
            "content": null,
            "content_base64": null,
            "content_disposition": "",
            "content_encoding": "",
            "content_language": "",
            "content_type": "image/svg+xml",
            "etag": "1e88b7461973878a192b9d931a4bebca",
            "force_destroy": false,
            "id": "9d365c6b943c73e2efc6.svg",
            "key": "9d365c6b943c73e2efc6.svg",
            "kms_key_id": null,
            "metadata": {},
            "object_lock_legal_hold_status": "",
            "object_lock_mode": "",
            "object_lock_retain_until_date": "",
            "server_side_encryption": "AES256",
            "source": "../dist_preprod/9d365c6b943c73e2efc6.svg",
            "source_hash": null,
            "storage_class": "STANDARD",
            "tags": {},
            "tags_all": {},
            "version_id": "",
            "website_redirect": ""
          },
          "sensitive_attributes": [],
          "private": "bnVsbA==",
          "dependencies": [
            "aws_s3_bucket.preprod_bucket"
          ]
        },
        {
          "index_key": "9f208dc47e353df8a7da.jpeg",
          "schema_version": 0,
          "attributes": {
            "acl": "private",
            "bucket": "preprod.annapivunova.me",
            "bucket_key_enabled": false,
            "cache_control": "",
            "content": null,
            "content_base64": null,
            "content_disposition": "",
            "content_encoding": "",
            "content_language": "",
            "content_type": "image/jpeg",
            "etag": "a27c60c6daf41b46ead0e231edcd4b64",
            "force_destroy": false,
            "id": "9f208dc47e353df8a7da.jpeg",
            "key": "9f208dc47e353df8a7da.jpeg",
            "kms_key_id": null,
            "metadata": {},
            "object_lock_legal_hold_status": "",
            "object_lock_mode": "",
            "object_lock_retain_until_date": "",
            "server_side_encryption": "AES256",
            "source": "../dist_preprod/9f208dc47e353df8a7da.jpeg",
            "source_hash": null,
            "storage_class": "STANDARD",
            "tags": {},
            "tags_all": {},
            "version_id": "",
            "website_redirect": ""
          },
          "sensitive_attributes": [],
          "private": "bnVsbA==",
          "dependencies": [
            "aws_s3_bucket.preprod_bucket"
          ]
        },
        {
          "index_key": "a28fd17ba979c3eb6382.jpeg",
          "schema_version": 0,
          "attributes": {
            "acl": "private",
            "bucket": "preprod.annapivunova.me",
            "bucket_key_enabled": false,
            "cache_control": "",
            "content": null,
            "content_base64": null,
            "content_disposition": "",
            "content_encoding": "",
            "content_language": "",
            "content_type": "image/jpeg",
            "etag": "2fdac169e7d6669dc614cee700d5d8f1",
            "force_destroy": false,
            "id": "a28fd17ba979c3eb6382.jpeg",
            "key": "a28fd17ba979c3eb6382.jpeg",
            "kms_key_id": null,
            "metadata": {},
            "object_lock_legal_hold_status": "",
            "object_lock_mode": "",
            "object_lock_retain_until_date": "",
            "server_side_encryption": "AES256",
            "source": "../dist_preprod/a28fd17ba979c3eb6382.jpeg",
            "source_hash": null,
            "storage_class": "STANDARD",
            "tags": {},
            "tags_all": {},
            "version_id": "",
            "website_redirect": ""
          },
          "sensitive_attributes": [],
          "private": "bnVsbA==",
          "dependencies": [
            "aws_s3_bucket.preprod_bucket"
          ]
        },
        {
          "index_key": "a3da98a33d37107beef8.jpeg",
          "schema_version": 0,
          "attributes": {
            "acl": "private",
            "bucket": "preprod.annapivunova.me",
            "bucket_key_enabled": false,
            "cache_control": "",
            "content": null,
            "content_base64": null,
            "content_disposition": "",
            "content_encoding": "",
            "content_language": "",
            "content_type": "image/jpeg",
            "etag": "44efebd03da10bd6e27c61bd8fc6242c",
            "force_destroy": false,
            "id": "a3da98a33d37107beef8.jpeg",
            "key": "a3da98a33d37107beef8.jpeg",
            "kms_key_id": null,
            "metadata": {},
            "object_lock_legal_hold_status": "",
            "object_lock_mode": "",
            "object_lock_retain_until_date": "",
            "server_side_encryption": "AES256",
            "source": "../dist_preprod/a3da98a33d37107beef8.jpeg",
            "source_hash": null,
            "storage_class": "STANDARD",
            "tags": {},
            "tags_all": {},
            "version_id": "",
            "website_redirect": ""
          },
          "sensitive_attributes": [],
          "private": "bnVsbA==",
          "dependencies": [
            "aws_s3_bucket.preprod_bucket"
          ]
        },
        {
          "index_key": "a4414291e00d7ceea9dd.png",
          "schema_version": 0,
          "attributes": {
            "acl": "private",
            "bucket": "preprod.annapivunova.me",
            "bucket_key_enabled": false,
            "cache_control": "",
            "content": null,
            "content_base64": null,
            "content_disposition": "",
            "content_encoding": "",
            "content_language": "",
            "content_type": "image/png",
            "etag": "7fb75110cd0a73ead5544ae456ab731b",
            "force_destroy": false,
            "id": "a4414291e00d7ceea9dd.png",
            "key": "a4414291e00d7ceea9dd.png",
            "kms_key_id": null,
            "metadata": {},
            "object_lock_legal_hold_status": "",
            "object_lock_mode": "",
            "object_lock_retain_until_date": "",
            "server_side_encryption": "AES256",
            "source": "../dist_preprod/a4414291e00d7ceea9dd.png",
            "source_hash": null,
            "storage_class": "STANDARD",
            "tags": {},
            "tags_all": {},
            "version_id": "",
            "website_redirect": ""
          },
          "sensitive_attributes": [],
          "private": "bnVsbA==",
          "dependencies": [
            "aws_s3_bucket.preprod_bucket"
          ]
        },
        {
          "index_key": "c9c75cbb71d1904a76ff.jpeg",
          "schema_version": 0,
          "attributes": {
            "acl": "private",
            "bucket": "preprod.annapivunova.me",
            "bucket_key_enabled": false,
            "cache_control": "",
            "content": null,
            "content_base64": null,
            "content_disposition": "",
            "content_encoding": "",
            "content_language": "",
            "content_type": "image/jpeg",
            "etag": "8522c95937c2ebaa3bb64fd7c6add456",
            "force_destroy": false,
            "id": "c9c75cbb71d1904a76ff.jpeg",
            "key": "c9c75cbb71d1904a76ff.jpeg",
            "kms_key_id": null,
            "metadata": {},
            "object_lock_legal_hold_status": "",
            "object_lock_mode": "",
            "object_lock_retain_until_date": "",
            "server_side_encryption": "AES256",
            "source": "../dist_preprod/c9c75cbb71d1904a76ff.jpeg",
            "source_hash": null,
            "storage_class": "STANDARD",
            "tags": {},
            "tags_all": {},
            "version_id": "",
            "website_redirect": ""
          },
          "sensitive_attributes": [],
          "private": "bnVsbA==",
          "dependencies": [
            "aws_s3_bucket.preprod_bucket"
          ]
        },
        {
          "index_key": "cdd1df186a3d51621aac.jpeg",
          "schema_version": 0,
          "attributes": {
            "acl": "private",
            "bucket": "preprod.annapivunova.me",
            "bucket_key_enabled": false,
            "cache_control": "",
            "content": null,
            "content_base64": null,
            "content_disposition": "",
            "content_encoding": "",
            "content_language": "",
            "content_type": "image/jpeg",
            "etag": "f101d3287d5b2f3599b767b500ae3bae",
            "force_destroy": false,
            "id": "cdd1df186a3d51621aac.jpeg",
            "key": "cdd1df186a3d51621aac.jpeg",
            "kms_key_id": null,
            "metadata": {},
            "object_lock_legal_hold_status": "",
            "object_lock_mode": "",
            "object_lock_retain_until_date": "",
            "server_side_encryption": "AES256",
            "source": "../dist_preprod/cdd1df186a3d51621aac.jpeg",
            "source_hash": null,
            "storage_class": "STANDARD",
            "tags": {},
            "tags_all": {},
            "version_id": "",
            "website_redirect": ""
          },
          "sensitive_attributes": [],
          "private": "bnVsbA==",
          "dependencies": [
            "aws_s3_bucket.preprod_bucket"
          ]
        },
        {
          "index_key": "d5aa4598268c7278ca3c.png",
          "schema_version": 0,
          "attributes": {
            "acl": "private",
            "bucket": "preprod.annapivunova.me",
            "bucket_key_enabled": false,
            "cache_control": "",
            "content": null,
            "content_base64": null,
            "content_disposition": "",
            "content_encoding": "",
            "content_language": "",
            "content_type": "image/png",
            "etag": "37ed65ac226f48ac2286cddb36c6540d",
            "force_destroy": false,
            "id": "d5aa4598268c7278ca3c.png",
            "key": "d5aa4598268c7278ca3c.png",
            "kms_key_id": null,
            "metadata": {},
            "object_lock_legal_hold_status": "",
            "object_lock_mode": "",
            "object_lock_retain_until_date": "",
            "server_side_encryption": "AES256",
            "source": "../dist_preprod/d5aa4598268c7278ca3c.png",
            "source_hash": null,
            "storage_class": "STANDARD",
            "tags": {},
            "tags_all": {},
            "version_id": "",
            "website_redirect": ""
          },
          "sensitive_attributes": [],
          "private": "bnVsbA==",
          "dependencies": [
            "aws_s3_bucket.preprod_bucket"
          ]
        },
        {
          "index_key": "da779a156099b8aee62e.jpeg",
          "schema_version": 0,
          "attributes": {
            "acl": "private",
            "bucket": "preprod.annapivunova.me",
            "bucket_key_enabled": false,
            "cache_control": "",
            "content": null,
            "content_base64": null,
            "content_disposition": "",
            "content_encoding": "",
            "content_language": "",
            "content_type": "image/jpeg",
            "etag": "ede10a8bac2d9efc461576d6603a7c82",
            "force_destroy": false,
            "id": "da779a156099b8aee62e.jpeg",
            "key": "da779a156099b8aee62e.jpeg",
            "kms_key_id": null,
            "metadata": {},
            "object_lock_legal_hold_status": "",
            "object_lock_mode": "",
            "object_lock_retain_until_date": "",
            "server_side_encryption": "AES256",
            "source": "../dist_preprod/da779a156099b8aee62e.jpeg",
            "source_hash": null,
            "storage_class": "STANDARD",
            "tags": {},
            "tags_all": {},
            "version_id": "",
            "website_redirect": ""
          },
          "sensitive_attributes": [],
          "private": "bnVsbA==",
          "dependencies": [
            "aws_s3_bucket.preprod_bucket"
          ]
        },
        {
          "index_key": "db3837aa609dd17aaf79.jpeg",
          "schema_version": 0,
          "attributes": {
            "acl": "private",
            "bucket": "preprod.annapivunova.me",
            "bucket_key_enabled": false,
            "cache_control": "",
            "content": null,
            "content_base64": null,
            "content_disposition": "",
            "content_encoding": "",
            "content_language": "",
            "content_type": "image/jpeg",
            "etag": "367abe52e2588525e3fcffbf54b5ae2e",
            "force_destroy": false,
            "id": "db3837aa609dd17aaf79.jpeg",
            "key": "db3837aa609dd17aaf79.jpeg",
            "kms_key_id": null,
            "metadata": {},
            "object_lock_legal_hold_status": "",
            "object_lock_mode": "",
            "object_lock_retain_until_date": "",
            "server_side_encryption": "AES256",
            "source": "../dist_preprod/db3837aa609dd17aaf79.jpeg",
            "source_hash": null,
            "storage_class": "STANDARD",
            "tags": {},
            "tags_all": {},
            "version_id": "",
            "website_redirect": ""
          },
          "sensitive_attributes": [],
          "private": "bnVsbA==",
          "dependencies": [
            "aws_s3_bucket.preprod_bucket"
          ]
        },
        {
          "index_key": "dcba4d2328ce9320a321.png",
          "schema_version": 0,
          "attributes": {
            "acl": "private",
            "bucket": "preprod.annapivunova.me",
            "bucket_key_enabled": false,
            "cache_control": "",
            "content": null,
            "content_base64": null,
            "content_disposition": "",
            "content_encoding": "",
            "content_language": "",
            "content_type": "image/png",
            "etag": "53d00943fd25ee9cb4e4d653308b7e3c",
            "force_destroy": false,
            "id": "dcba4d2328ce9320a321.png",
            "key": "dcba4d2328ce9320a321.png",
            "kms_key_id": null,
            "metadata": {},
            "object_lock_legal_hold_status": "",
            "object_lock_mode": "",
            "object_lock_retain_until_date": "",
            "server_side_encryption": "AES256",
            "source": "../dist_preprod/dcba4d2328ce9320a321.png",
            "source_hash": null,
            "storage_class": "STANDARD",
            "tags": {},
            "tags_all": {},
            "version_id": "",
            "website_redirect": ""
          },
          "sensitive_attributes": [],
          "private": "bnVsbA==",
          "dependencies": [
            "aws_s3_bucket.preprod_bucket"
          ]
        },
        {
          "index_key": "ddbf5962dc8127fd324b.svg",
          "schema_version": 0,
          "attributes": {
            "acl": "private",
            "bucket": "preprod.annapivunova.me",
            "bucket_key_enabled": false,
            "cache_control": "",
            "content": null,
            "content_base64": null,
            "content_disposition": "",
            "content_encoding": "",
            "content_language": "",
            "content_type": "image/svg+xml",
            "etag": "f080a9a34b099307340a4c1315f2f498",
            "force_destroy": false,
            "id": "ddbf5962dc8127fd324b.svg",
            "key": "ddbf5962dc8127fd324b.svg",
            "kms_key_id": null,
            "metadata": {},
            "object_lock_legal_hold_status": "",
            "object_lock_mode": "",
            "object_lock_retain_until_date": "",
            "server_side_encryption": "AES256",
            "source": "../dist_preprod/ddbf5962dc8127fd324b.svg",
            "source_hash": null,
            "storage_class": "STANDARD",
            "tags": {},
            "tags_all": {},
            "version_id": "",
            "website_redirect": ""
          },
          "sensitive_attributes": [],
          "private": "bnVsbA==",
          "dependencies": [
            "aws_s3_bucket.preprod_bucket"
          ]
        },
        {
          "index_key": "dfe7986b49b57640247d.png",
          "schema_version": 0,
          "attributes": {
            "acl": "private",
            "bucket": "preprod.annapivunova.me",
            "bucket_key_enabled": false,
            "cache_control": "",
            "content": null,
            "content_base64": null,
            "content_disposition": "",
            "content_encoding": "",
            "content_language": "",
            "content_type": "image/png",
            "etag": "ab104a226d87f8ae938e5a5be7432ebc",
            "force_destroy": false,
            "id": "dfe7986b49b57640247d.png",
            "key": "dfe7986b49b57640247d.png",
            "kms_key_id": null,
            "metadata": {},
            "object_lock_legal_hold_status": "",
            "object_lock_mode": "",
            "object_lock_retain_until_date": "",
            "server_side_encryption": "AES256",
            "source": "../dist_preprod/dfe7986b49b57640247d.png",
            "source_hash": null,
            "storage_class": "STANDARD",
            "tags": {},
            "tags_all": {},
            "version_id": "",
            "website_redirect": ""
          },
          "sensitive_attributes": [],
          "private": "bnVsbA==",
          "dependencies": [
            "aws_s3_bucket.preprod_bucket"
          ]
        },
        {
          "index_key": "e1a32eb7645943df7f70.png",
          "schema_version": 0,
          "attributes": {
            "acl": "private",
            "bucket": "preprod.annapivunova.me",
            "bucket_key_enabled": false,
            "cache_control": "",
            "content": null,
            "content_base64": null,
            "content_disposition": "",
            "content_encoding": "",
            "content_language": "",
            "content_type": "image/png",
            "etag": "3315744d6e0928feeba348228df285c6",
            "force_destroy": false,
            "id": "e1a32eb7645943df7f70.png",
            "key": "e1a32eb7645943df7f70.png",
            "kms_key_id": null,
            "metadata": {},
            "object_lock_legal_hold_status": "",
            "object_lock_mode": "",
            "object_lock_retain_until_date": "",
            "server_side_encryption": "AES256",
            "source": "../dist_preprod/e1a32eb7645943df7f70.png",
            "source_hash": null,
            "storage_class": "STANDARD",
            "tags": {},
            "tags_all": {},
            "version_id": "",
            "website_redirect": ""
          },
          "sensitive_attributes": [],
          "private": "bnVsbA==",
          "dependencies": [
            "aws_s3_bucket.preprod_bucket"
          ]
        },
        {
          "index_key": "ea649e2aea77ce96c726.jpeg",
          "schema_version": 0,
          "attributes": {
            "acl": "private",
            "bucket": "preprod.annapivunova.me",
            "bucket_key_enabled": false,
            "cache_control": "",
            "content": null,
            "content_base64": null,
            "content_disposition": "",
            "content_encoding": "",
            "content_language": "",
            "content_type": "image/jpeg",
            "etag": "3c4c4d171762693d2ae2cac0ba5a68e8",
            "force_destroy": false,
            "id": "ea649e2aea77ce96c726.jpeg",
            "key": "ea649e2aea77ce96c726.jpeg",
            "kms_key_id": null,
            "metadata": {},
            "object_lock_legal_hold_status": "",
            "object_lock_mode": "",
            "object_lock_retain_until_date": "",
            "server_side_encryption": "AES256",
            "source": "../dist_preprod/ea649e2aea77ce96c726.jpeg",
            "source_hash": null,
            "storage_class": "STANDARD",
            "tags": {},
            "tags_all": {},
            "version_id": "",
            "website_redirect": ""
          },
          "sensitive_attributes": [],
          "private": "bnVsbA==",
          "dependencies": [
            "aws_s3_bucket.preprod_bucket"
          ]
        },
        {
          "index_key": "edec2f58cc84d5ed4e16.jpeg",
          "schema_version": 0,
          "attributes": {
            "acl": "private",
            "bucket": "preprod.annapivunova.me",
            "bucket_key_enabled": false,
            "cache_control": "",
            "content": null,
            "content_base64": null,
            "content_disposition": "",
            "content_encoding": "",
            "content_language": "",
            "content_type": "image/jpeg",
            "etag": "8e1bc4aad12fb6535bafbb69e82f3faa",
            "force_destroy": false,
            "id": "edec2f58cc84d5ed4e16.jpeg",
            "key": "edec2f58cc84d5ed4e16.jpeg",
            "kms_key_id": null,
            "metadata": {},
            "object_lock_legal_hold_status": "",
            "object_lock_mode": "",
            "object_lock_retain_until_date": "",
            "server_side_encryption": "AES256",
            "source": "../dist_preprod/edec2f58cc84d5ed4e16.jpeg",
            "source_hash": null,
            "storage_class": "STANDARD",
            "tags": {},
            "tags_all": {},
            "version_id": "",
            "website_redirect": ""
          },
          "sensitive_attributes": [],
          "private": "bnVsbA==",
          "dependencies": [
            "aws_s3_bucket.preprod_bucket"
          ]
        },
        {
          "index_key": "fc10886900b52a001365.svg",
          "schema_version": 0,
          "attributes": {
            "acl": "private",
            "bucket": "preprod.annapivunova.me",
            "bucket_key_enabled": false,
            "cache_control": "",
            "content": null,
            "content_base64": null,
            "content_disposition": "",
            "content_encoding": "",
            "content_language": "",
            "content_type": "image/svg+xml",
            "etag": "25fc53bfff51d8e031123fc0aa57971f",
            "force_destroy": false,
            "id": "fc10886900b52a001365.svg",
            "key": "fc10886900b52a001365.svg",
            "kms_key_id": null,
            "metadata": {},
            "object_lock_legal_hold_status": "",
            "object_lock_mode": "",
            "object_lock_retain_until_date": "",
            "server_side_encryption": "AES256",
            "source": "../dist_preprod/fc10886900b52a001365.svg",
            "source_hash": null,
            "storage_class": "STANDARD",
            "tags": {},
            "tags_all": {},
            "version_id": "",
            "website_redirect": ""
          },
          "sensitive_attributes": [],
          "private": "bnVsbA==",
          "dependencies": [
            "aws_s3_bucket.preprod_bucket"
          ]
        },
        {
          "index_key": "index.html",
          "schema_version": 0,
          "attributes": {
            "acl": "private",
            "bucket": "preprod.annapivunova.me",
            "bucket_key_enabled": false,
            "cache_control": "",
            "content": null,
            "content_base64": null,
            "content_disposition": "",
            "content_encoding": "",
            "content_language": "",
            "content_type": "text/html",
            "etag": "75c5b98ca7e8687c734a12659a493820",
            "force_destroy": false,
            "id": "index.html",
            "key": "index.html",
            "kms_key_id": null,
            "metadata": {},
            "object_lock_legal_hold_status": "",
            "object_lock_mode": "",
            "object_lock_retain_until_date": "",
            "server_side_encryption": "AES256",
            "source": "../dist_preprod/index.html",
            "source_hash": null,
            "storage_class": "STANDARD",
            "tags": {},
            "tags_all": {},
            "version_id": "",
            "website_redirect": ""
          },
          "sensitive_attributes": [],
          "private": "bnVsbA==",
          "dependencies": [
            "aws_s3_bucket.preprod_bucket"
          ]
        },
        {
          "index_key": "main.js",
          "schema_version": 0,
          "attributes": {
            "acl": "private",
            "bucket": "preprod.annapivunova.me",
            "bucket_key_enabled": false,
            "cache_control": "",
            "content": null,
            "content_base64": null,
            "content_disposition": "",
            "content_encoding": "",
            "content_language": "",
            "content_type": "application/javascript",
            "etag": "3a18d21e68e1ffbd5fc6e068daf8fd53",
            "force_destroy": false,
            "id": "main.js",
            "key": "main.js",
            "kms_key_id": null,
            "metadata": {},
            "object_lock_legal_hold_status": "",
            "object_lock_mode": "",
            "object_lock_retain_until_date": "",
            "server_side_encryption": "AES256",
            "source": "../dist_preprod/main.js",
            "source_hash": null,
            "storage_class": "STANDARD",
            "tags": {},
            "tags_all": {},
            "version_id": "",
            "website_redirect": ""
          },
          "sensitive_attributes": [],
          "private": "bnVsbA==",
          "dependencies": [
            "aws_s3_bucket.preprod_bucket"
          ]
        },
        {
          "index_key": "main.js.LICENSE.txt",
          "schema_version": 0,
          "attributes": {
            "acl": "private",
            "bucket": "preprod.annapivunova.me",
            "bucket_key_enabled": false,
            "cache_control": "",
            "content": null,
            "content_base64": null,
            "content_disposition": "",
            "content_encoding": "",
            "content_language": "",
            "content_type": "text/plain",
            "etag": "352c2013eb59f17b3a71da1983fd792b",
            "force_destroy": false,
            "id": "main.js.LICENSE.txt",
            "key": "main.js.LICENSE.txt",
            "kms_key_id": null,
            "metadata": {},
            "object_lock_legal_hold_status": "",
            "object_lock_mode": "",
            "object_lock_retain_until_date": "",
            "server_side_encryption": "AES256",
            "source": "../dist_preprod/main.js.LICENSE.txt",
            "source_hash": null,
            "storage_class": "STANDARD",
            "tags": {},
            "tags_all": {},
            "version_id": "",
            "website_redirect": ""
          },
          "sensitive_attributes": [],
          "private": "bnVsbA==",
          "dependencies": [
            "aws_s3_bucket.preprod_bucket"
          ]
        }
      ]
    },
    {
      "mode": "managed",
      "type": "aws_s3_object",
      "name": "dist_prod",
      "provider": "provider[\"registry.terraform.io/hashicorp/aws\"]",
      "instances": [
        {
          "index_key": "001c8f0d44c03830dfc2.jpeg",
          "schema_version": 0,
          "attributes": {
            "acl": "private",
            "bucket": "annapivunova.me",
            "bucket_key_enabled": false,
            "cache_control": "",
            "content": null,
            "content_base64": null,
            "content_disposition": "",
            "content_encoding": "",
            "content_language": "",
            "content_type": "image/jpeg",
            "etag": "11a3b5ec0b5be019294beefb4a12b53d",
            "force_destroy": false,
            "id": "001c8f0d44c03830dfc2.jpeg",
            "key": "001c8f0d44c03830dfc2.jpeg",
            "kms_key_id": null,
            "metadata": {},
            "object_lock_legal_hold_status": "",
            "object_lock_mode": "",
            "object_lock_retain_until_date": "",
            "server_side_encryption": "AES256",
            "source": "../dist_prod/001c8f0d44c03830dfc2.jpeg",
            "source_hash": null,
            "storage_class": "STANDARD",
            "tags": {},
            "tags_all": {},
            "version_id": "",
            "website_redirect": ""
          },
          "sensitive_attributes": [],
          "private": "bnVsbA==",
          "dependencies": [
            "aws_s3_bucket.prod_bucket"
          ]
        },
        {
          "index_key": "007dc30656f75d3a5871.jpg",
          "schema_version": 0,
          "attributes": {
            "acl": "private",
            "bucket": "annapivunova.me",
            "bucket_key_enabled": false,
            "cache_control": "",
            "content": null,
            "content_base64": null,
            "content_disposition": "",
            "content_encoding": "",
            "content_language": "",
            "content_type": "image/jpeg",
            "etag": "d38bbe7390968ee60c6a44e209f7fc3a",
            "force_destroy": false,
            "id": "007dc30656f75d3a5871.jpg",
            "key": "007dc30656f75d3a5871.jpg",
            "kms_key_id": null,
            "metadata": {},
            "object_lock_legal_hold_status": "",
            "object_lock_mode": "",
            "object_lock_retain_until_date": "",
            "server_side_encryption": "AES256",
            "source": "../dist_prod/007dc30656f75d3a5871.jpg",
            "source_hash": null,
            "storage_class": "STANDARD",
            "tags": {},
            "tags_all": {},
            "version_id": "",
            "website_redirect": ""
          },
          "sensitive_attributes": [],
          "private": "bnVsbA==",
          "dependencies": [
            "aws_s3_bucket.prod_bucket"
          ]
        },
        {
          "index_key": "03bdc10621d4d3a26bed.png",
          "schema_version": 0,
          "attributes": {
            "acl": "private",
            "bucket": "annapivunova.me",
            "bucket_key_enabled": false,
            "cache_control": "",
            "content": null,
            "content_base64": null,
            "content_disposition": "",
            "content_encoding": "",
            "content_language": "",
            "content_type": "image/png",
            "etag": "d9ea29d3d545fee041dde955fc3b0450",
            "force_destroy": false,
            "id": "03bdc10621d4d3a26bed.png",
            "key": "03bdc10621d4d3a26bed.png",
            "kms_key_id": null,
            "metadata": {},
            "object_lock_legal_hold_status": "",
            "object_lock_mode": "",
            "object_lock_retain_until_date": "",
            "server_side_encryption": "AES256",
            "source": "../dist_prod/03bdc10621d4d3a26bed.png",
            "source_hash": null,
            "storage_class": "STANDARD",
            "tags": {},
            "tags_all": {},
            "version_id": "",
            "website_redirect": ""
          },
          "sensitive_attributes": [],
          "private": "bnVsbA==",
          "dependencies": [
            "aws_s3_bucket.prod_bucket"
          ]
        },
        {
          "index_key": "06116c9f05031f374857.jpeg",
          "schema_version": 0,
          "attributes": {
            "acl": "private",
            "bucket": "annapivunova.me",
            "bucket_key_enabled": false,
            "cache_control": "",
            "content": null,
            "content_base64": null,
            "content_disposition": "",
            "content_encoding": "",
            "content_language": "",
            "content_type": "image/jpeg",
            "etag": "82e59a4ccfd3c239648c2160af96fe6c",
            "force_destroy": false,
            "id": "06116c9f05031f374857.jpeg",
            "key": "06116c9f05031f374857.jpeg",
            "kms_key_id": null,
            "metadata": {},
            "object_lock_legal_hold_status": "",
            "object_lock_mode": "",
            "object_lock_retain_until_date": "",
            "server_side_encryption": "AES256",
            "source": "../dist_prod/06116c9f05031f374857.jpeg",
            "source_hash": null,
            "storage_class": "STANDARD",
            "tags": {},
            "tags_all": {},
            "version_id": "",
            "website_redirect": ""
          },
          "sensitive_attributes": [],
          "private": "bnVsbA==",
          "dependencies": [
            "aws_s3_bucket.prod_bucket"
          ]
        },
        {
          "index_key": "0ba6e839798a44f524e8.woff",
          "schema_version": 0,
          "attributes": {
            "acl": "private",
            "bucket": "annapivunova.me",
            "bucket_key_enabled": false,
            "cache_control": "",
            "content": null,
            "content_base64": null,
            "content_disposition": "",
            "content_encoding": "",
            "content_language": "",
            "content_type": "font/woff",
            "etag": "b7875934f6279e7189b64244552a2393",
            "force_destroy": false,
            "id": "0ba6e839798a44f524e8.woff",
            "key": "0ba6e839798a44f524e8.woff",
            "kms_key_id": null,
            "metadata": {},
            "object_lock_legal_hold_status": "",
            "object_lock_mode": "",
            "object_lock_retain_until_date": "",
            "server_side_encryption": "AES256",
            "source": "../dist_prod/0ba6e839798a44f524e8.woff",
            "source_hash": null,
            "storage_class": "STANDARD",
            "tags": {},
            "tags_all": {},
            "version_id": "",
            "website_redirect": ""
          },
          "sensitive_attributes": [],
          "private": "bnVsbA==",
          "dependencies": [
            "aws_s3_bucket.prod_bucket"
          ]
        },
        {
          "index_key": "0d3b49877014db46e7c6.jpeg",
          "schema_version": 0,
          "attributes": {
            "acl": "private",
            "bucket": "annapivunova.me",
            "bucket_key_enabled": false,
            "cache_control": "",
            "content": null,
            "content_base64": null,
            "content_disposition": "",
            "content_encoding": "",
            "content_language": "",
            "content_type": "image/jpeg",
            "etag": "04eb2fbfe88449c84c99549a3cf19a43",
            "force_destroy": false,
            "id": "0d3b49877014db46e7c6.jpeg",
            "key": "0d3b49877014db46e7c6.jpeg",
            "kms_key_id": null,
            "metadata": {},
            "object_lock_legal_hold_status": "",
            "object_lock_mode": "",
            "object_lock_retain_until_date": "",
            "server_side_encryption": "AES256",
            "source": "../dist_prod/0d3b49877014db46e7c6.jpeg",
            "source_hash": null,
            "storage_class": "STANDARD",
            "tags": {},
            "tags_all": {},
            "version_id": "",
            "website_redirect": ""
          },
          "sensitive_attributes": [],
          "private": "bnVsbA==",
          "dependencies": [
            "aws_s3_bucket.prod_bucket"
          ]
        },
        {
          "index_key": "0ea4d0d26b3481858bf2.jpeg",
          "schema_version": 0,
          "attributes": {
            "acl": "private",
            "bucket": "annapivunova.me",
            "bucket_key_enabled": false,
            "cache_control": "",
            "content": null,
            "content_base64": null,
            "content_disposition": "",
            "content_encoding": "",
            "content_language": "",
            "content_type": "image/jpeg",
            "etag": "6e6f316c1888bde229d5431e94dcfa1b",
            "force_destroy": false,
            "id": "0ea4d0d26b3481858bf2.jpeg",
            "key": "0ea4d0d26b3481858bf2.jpeg",
            "kms_key_id": null,
            "metadata": {},
            "object_lock_legal_hold_status": "",
            "object_lock_mode": "",
            "object_lock_retain_until_date": "",
            "server_side_encryption": "AES256",
            "source": "../dist_prod/0ea4d0d26b3481858bf2.jpeg",
            "source_hash": null,
            "storage_class": "STANDARD",
            "tags": {},
            "tags_all": {},
            "version_id": "",
            "website_redirect": ""
          },
          "sensitive_attributes": [],
          "private": "bnVsbA==",
          "dependencies": [
            "aws_s3_bucket.prod_bucket"
          ]
        },
        {
          "index_key": "1022515e95a973373e44.jpeg",
          "schema_version": 0,
          "attributes": {
            "acl": "private",
            "bucket": "annapivunova.me",
            "bucket_key_enabled": false,
            "cache_control": "",
            "content": null,
            "content_base64": null,
            "content_disposition": "",
            "content_encoding": "",
            "content_language": "",
            "content_type": "image/jpeg",
            "etag": "4474a1ac0434236be2411b1a7dc1524a",
            "force_destroy": false,
            "id": "1022515e95a973373e44.jpeg",
            "key": "1022515e95a973373e44.jpeg",
            "kms_key_id": null,
            "metadata": {},
            "object_lock_legal_hold_status": "",
            "object_lock_mode": "",
            "object_lock_retain_until_date": "",
            "server_side_encryption": "AES256",
            "source": "../dist_prod/1022515e95a973373e44.jpeg",
            "source_hash": null,
            "storage_class": "STANDARD",
            "tags": {},
            "tags_all": {},
            "version_id": "",
            "website_redirect": ""
          },
          "sensitive_attributes": [],
          "private": "bnVsbA==",
          "dependencies": [
            "aws_s3_bucket.prod_bucket"
          ]
        },
        {
          "index_key": "10dcdf2d32017bb55b16.svg",
          "schema_version": 0,
          "attributes": {
            "acl": "private",
            "bucket": "annapivunova.me",
            "bucket_key_enabled": false,
            "cache_control": "",
            "content": null,
            "content_base64": null,
            "content_disposition": "",
            "content_encoding": "",
            "content_language": "",
            "content_type": "image/svg+xml",
            "etag": "12f0f04e3ed6bf662681c437bd6fb006",
            "force_destroy": false,
            "id": "10dcdf2d32017bb55b16.svg",
            "key": "10dcdf2d32017bb55b16.svg",
            "kms_key_id": null,
            "metadata": {},
            "object_lock_legal_hold_status": "",
            "object_lock_mode": "",
            "object_lock_retain_until_date": "",
            "server_side_encryption": "AES256",
            "source": "../dist_prod/10dcdf2d32017bb55b16.svg",
            "source_hash": null,
            "storage_class": "STANDARD",
            "tags": {},
            "tags_all": {},
            "version_id": "",
            "website_redirect": ""
          },
          "sensitive_attributes": [],
          "private": "bnVsbA==",
          "dependencies": [
            "aws_s3_bucket.prod_bucket"
          ]
        },
        {
          "index_key": "11990d3bc0c01f3a14c1.jpeg",
          "schema_version": 0,
          "attributes": {
            "acl": "private",
            "bucket": "annapivunova.me",
            "bucket_key_enabled": false,
            "cache_control": "",
            "content": null,
            "content_base64": null,
            "content_disposition": "",
            "content_encoding": "",
            "content_language": "",
            "content_type": "image/jpeg",
            "etag": "99e6bfd369aabd7a7bca02d3ab184c61",
            "force_destroy": false,
            "id": "11990d3bc0c01f3a14c1.jpeg",
            "key": "11990d3bc0c01f3a14c1.jpeg",
            "kms_key_id": null,
            "metadata": {},
            "object_lock_legal_hold_status": "",
            "object_lock_mode": "",
            "object_lock_retain_until_date": "",
            "server_side_encryption": "AES256",
            "source": "../dist_prod/11990d3bc0c01f3a14c1.jpeg",
            "source_hash": null,
            "storage_class": "STANDARD",
            "tags": {},
            "tags_all": {},
            "version_id": "",
            "website_redirect": ""
          },
          "sensitive_attributes": [],
          "private": "bnVsbA==",
          "dependencies": [
            "aws_s3_bucket.prod_bucket"
          ]
        },
        {
          "index_key": "12ba843c75312dd308b0.woff",
          "schema_version": 0,
          "attributes": {
            "acl": "private",
            "bucket": "annapivunova.me",
            "bucket_key_enabled": false,
            "cache_control": "",
            "content": null,
            "content_base64": null,
            "content_disposition": "",
            "content_encoding": "",
            "content_language": "",
            "content_type": "font/woff",
            "etag": "184c553c59496c96a2d7acca680c85fa",
            "force_destroy": false,
            "id": "12ba843c75312dd308b0.woff",
            "key": "12ba843c75312dd308b0.woff",
            "kms_key_id": null,
            "metadata": {},
            "object_lock_legal_hold_status": "",
            "object_lock_mode": "",
            "object_lock_retain_until_date": "",
            "server_side_encryption": "AES256",
            "source": "../dist_prod/12ba843c75312dd308b0.woff",
            "source_hash": null,
            "storage_class": "STANDARD",
            "tags": {},
            "tags_all": {},
            "version_id": "",
            "website_redirect": ""
          },
          "sensitive_attributes": [],
          "private": "bnVsbA==",
          "dependencies": [
            "aws_s3_bucket.prod_bucket"
          ]
        },
        {
          "index_key": "1348fe9ee04e69dc6d9a.jpeg",
          "schema_version": 0,
          "attributes": {
            "acl": "private",
            "bucket": "annapivunova.me",
            "bucket_key_enabled": false,
            "cache_control": "",
            "content": null,
            "content_base64": null,
            "content_disposition": "",
            "content_encoding": "",
            "content_language": "",
            "content_type": "image/jpeg",
            "etag": "5b191dd7e511bb2604d71fa3bdee16be",
            "force_destroy": false,
            "id": "1348fe9ee04e69dc6d9a.jpeg",
            "key": "1348fe9ee04e69dc6d9a.jpeg",
            "kms_key_id": null,
            "metadata": {},
            "object_lock_legal_hold_status": "",
            "object_lock_mode": "",
            "object_lock_retain_until_date": "",
            "server_side_encryption": "AES256",
            "source": "../dist_prod/1348fe9ee04e69dc6d9a.jpeg",
            "source_hash": null,
            "storage_class": "STANDARD",
            "tags": {},
            "tags_all": {},
            "version_id": "",
            "website_redirect": ""
          },
          "sensitive_attributes": [],
          "private": "bnVsbA==",
          "dependencies": [
            "aws_s3_bucket.prod_bucket"
          ]
        },
        {
          "index_key": "146d477fb622f21d0352.png",
          "schema_version": 0,
          "attributes": {
            "acl": "private",
            "bucket": "annapivunova.me",
            "bucket_key_enabled": false,
            "cache_control": "",
            "content": null,
            "content_base64": null,
            "content_disposition": "",
            "content_encoding": "",
            "content_language": "",
            "content_type": "image/png",
            "etag": "d70473554d39b9c63ea6880dbe88a5bc",
            "force_destroy": false,
            "id": "146d477fb622f21d0352.png",
            "key": "146d477fb622f21d0352.png",
            "kms_key_id": null,
            "metadata": {},
            "object_lock_legal_hold_status": "",
            "object_lock_mode": "",
            "object_lock_retain_until_date": "",
            "server_side_encryption": "AES256",
            "source": "../dist_prod/146d477fb622f21d0352.png",
            "source_hash": null,
            "storage_class": "STANDARD",
            "tags": {},
            "tags_all": {},
            "version_id": "",
            "website_redirect": ""
          },
          "sensitive_attributes": [],
          "private": "bnVsbA==",
          "dependencies": [
            "aws_s3_bucket.prod_bucket"
          ]
        },
        {
          "index_key": "21452b1d7e511e139e6d.jpeg",
          "schema_version": 0,
          "attributes": {
            "acl": "private",
            "bucket": "annapivunova.me",
            "bucket_key_enabled": false,
            "cache_control": "",
            "content": null,
            "content_base64": null,
            "content_disposition": "",
            "content_encoding": "",
            "content_language": "",
            "content_type": "image/jpeg",
            "etag": "dbf0e22f2d8ddd61717082e8f64fe026",
            "force_destroy": false,
            "id": "21452b1d7e511e139e6d.jpeg",
            "key": "21452b1d7e511e139e6d.jpeg",
            "kms_key_id": null,
            "metadata": {},
            "object_lock_legal_hold_status": "",
            "object_lock_mode": "",
            "object_lock_retain_until_date": "",
            "server_side_encryption": "AES256",
            "source": "../dist_prod/21452b1d7e511e139e6d.jpeg",
            "source_hash": null,
            "storage_class": "STANDARD",
            "tags": {},
            "tags_all": {},
            "version_id": "",
            "website_redirect": ""
          },
          "sensitive_attributes": [],
          "private": "bnVsbA==",
          "dependencies": [
            "aws_s3_bucket.prod_bucket"
          ]
        },
        {
          "index_key": "2ca169c90e53d1d0480b.woff",
          "schema_version": 0,
          "attributes": {
            "acl": "private",
            "bucket": "annapivunova.me",
            "bucket_key_enabled": false,
            "cache_control": "",
            "content": null,
            "content_base64": null,
            "content_disposition": "",
            "content_encoding": "",
            "content_language": "",
            "content_type": "font/woff",
            "etag": "ab459481bb83f2cf53e5da9d7067323b",
            "force_destroy": false,
            "id": "2ca169c90e53d1d0480b.woff",
            "key": "2ca169c90e53d1d0480b.woff",
            "kms_key_id": null,
            "metadata": {},
            "object_lock_legal_hold_status": "",
            "object_lock_mode": "",
            "object_lock_retain_until_date": "",
            "server_side_encryption": "AES256",
            "source": "../dist_prod/2ca169c90e53d1d0480b.woff",
            "source_hash": null,
            "storage_class": "STANDARD",
            "tags": {},
            "tags_all": {},
            "version_id": "",
            "website_redirect": ""
          },
          "sensitive_attributes": [],
          "private": "bnVsbA==",
          "dependencies": [
            "aws_s3_bucket.prod_bucket"
          ]
        },
        {
          "index_key": "499b9a8f593f4f957d19.jpeg",
          "schema_version": 0,
          "attributes": {
            "acl": "private",
            "bucket": "annapivunova.me",
            "bucket_key_enabled": false,
            "cache_control": "",
            "content": null,
            "content_base64": null,
            "content_disposition": "",
            "content_encoding": "",
            "content_language": "",
            "content_type": "image/jpeg",
            "etag": "eaaab9eb0e8184ab9fa435284076ca91",
            "force_destroy": false,
            "id": "499b9a8f593f4f957d19.jpeg",
            "key": "499b9a8f593f4f957d19.jpeg",
            "kms_key_id": null,
            "metadata": {},
            "object_lock_legal_hold_status": "",
            "object_lock_mode": "",
            "object_lock_retain_until_date": "",
            "server_side_encryption": "AES256",
            "source": "../dist_prod/499b9a8f593f4f957d19.jpeg",
            "source_hash": null,
            "storage_class": "STANDARD",
            "tags": {},
            "tags_all": {},
            "version_id": "",
            "website_redirect": ""
          },
          "sensitive_attributes": [],
          "private": "bnVsbA==",
          "dependencies": [
            "aws_s3_bucket.prod_bucket"
          ]
        },
        {
          "index_key": "5d6f3d63938af9a87022.jpeg",
          "schema_version": 0,
          "attributes": {
            "acl": "private",
            "bucket": "annapivunova.me",
            "bucket_key_enabled": false,
            "cache_control": "",
            "content": null,
            "content_base64": null,
            "content_disposition": "",
            "content_encoding": "",
            "content_language": "",
            "content_type": "image/jpeg",
            "etag": "742176bc6372e5be56b2b4ebbf8ae2eb",
            "force_destroy": false,
            "id": "5d6f3d63938af9a87022.jpeg",
            "key": "5d6f3d63938af9a87022.jpeg",
            "kms_key_id": null,
            "metadata": {},
            "object_lock_legal_hold_status": "",
            "object_lock_mode": "",
            "object_lock_retain_until_date": "",
            "server_side_encryption": "AES256",
            "source": "../dist_prod/5d6f3d63938af9a87022.jpeg",
            "source_hash": null,
            "storage_class": "STANDARD",
            "tags": {},
            "tags_all": {},
            "version_id": "",
            "website_redirect": ""
          },
          "sensitive_attributes": [],
          "private": "bnVsbA==",
          "dependencies": [
            "aws_s3_bucket.prod_bucket"
          ]
        },
        {
          "index_key": "6591a9170ff5c423e1ce.woff",
          "schema_version": 0,
          "attributes": {
            "acl": "private",
            "bucket": "annapivunova.me",
            "bucket_key_enabled": false,
            "cache_control": "",
            "content": null,
            "content_base64": null,
            "content_disposition": "",
            "content_encoding": "",
            "content_language": "",
            "content_type": "font/woff",
            "etag": "7039c94946b605c240eb1e3e8002176e",
            "force_destroy": false,
            "id": "6591a9170ff5c423e1ce.woff",
            "key": "6591a9170ff5c423e1ce.woff",
            "kms_key_id": null,
            "metadata": {},
            "object_lock_legal_hold_status": "",
            "object_lock_mode": "",
            "object_lock_retain_until_date": "",
            "server_side_encryption": "AES256",
            "source": "../dist_prod/6591a9170ff5c423e1ce.woff",
            "source_hash": null,
            "storage_class": "STANDARD",
            "tags": {},
            "tags_all": {},
            "version_id": "",
            "website_redirect": ""
          },
          "sensitive_attributes": [],
          "private": "bnVsbA==",
          "dependencies": [
            "aws_s3_bucket.prod_bucket"
          ]
        },
        {
          "index_key": "68e4caae06987f656b71.jpeg",
          "schema_version": 0,
          "attributes": {
            "acl": "private",
            "bucket": "annapivunova.me",
            "bucket_key_enabled": false,
            "cache_control": "",
            "content": null,
            "content_base64": null,
            "content_disposition": "",
            "content_encoding": "",
            "content_language": "",
            "content_type": "image/jpeg",
            "etag": "c0be3ecd771779367bd4b2681a80decf",
            "force_destroy": false,
            "id": "68e4caae06987f656b71.jpeg",
            "key": "68e4caae06987f656b71.jpeg",
            "kms_key_id": null,
            "metadata": {},
            "object_lock_legal_hold_status": "",
            "object_lock_mode": "",
            "object_lock_retain_until_date": "",
            "server_side_encryption": "AES256",
            "source": "../dist_prod/68e4caae06987f656b71.jpeg",
            "source_hash": null,
            "storage_class": "STANDARD",
            "tags": {},
            "tags_all": {},
            "version_id": "",
            "website_redirect": ""
          },
          "sensitive_attributes": [],
          "private": "bnVsbA==",
          "dependencies": [
            "aws_s3_bucket.prod_bucket"
          ]
        },
        {
          "index_key": "6cacc1742a06a161d20b.jpeg",
          "schema_version": 0,
          "attributes": {
            "acl": "private",
            "bucket": "annapivunova.me",
            "bucket_key_enabled": false,
            "cache_control": "",
            "content": null,
            "content_base64": null,
            "content_disposition": "",
            "content_encoding": "",
            "content_language": "",
            "content_type": "image/jpeg",
            "etag": "826a30ddd4102c52ba8742a124cfd42f",
            "force_destroy": false,
            "id": "6cacc1742a06a161d20b.jpeg",
            "key": "6cacc1742a06a161d20b.jpeg",
            "kms_key_id": null,
            "metadata": {},
            "object_lock_legal_hold_status": "",
            "object_lock_mode": "",
            "object_lock_retain_until_date": "",
            "server_side_encryption": "AES256",
            "source": "../dist_prod/6cacc1742a06a161d20b.jpeg",
            "source_hash": null,
            "storage_class": "STANDARD",
            "tags": {},
            "tags_all": {},
            "version_id": "",
            "website_redirect": ""
          },
          "sensitive_attributes": [],
          "private": "bnVsbA==",
          "dependencies": [
            "aws_s3_bucket.prod_bucket"
          ]
        },
        {
          "index_key": "6d772e95710f1b87a371.jpeg",
          "schema_version": 0,
          "attributes": {
            "acl": "private",
            "bucket": "annapivunova.me",
            "bucket_key_enabled": false,
            "cache_control": "",
            "content": null,
            "content_base64": null,
            "content_disposition": "",
            "content_encoding": "",
            "content_language": "",
            "content_type": "image/jpeg",
            "etag": "2282ee27e01acc006518d50989e379ed",
            "force_destroy": false,
            "id": "6d772e95710f1b87a371.jpeg",
            "key": "6d772e95710f1b87a371.jpeg",
            "kms_key_id": null,
            "metadata": {},
            "object_lock_legal_hold_status": "",
            "object_lock_mode": "",
            "object_lock_retain_until_date": "",
            "server_side_encryption": "AES256",
            "source": "../dist_prod/6d772e95710f1b87a371.jpeg",
            "source_hash": null,
            "storage_class": "STANDARD",
            "tags": {},
            "tags_all": {},
            "version_id": "",
            "website_redirect": ""
          },
          "sensitive_attributes": [],
          "private": "bnVsbA==",
          "dependencies": [
            "aws_s3_bucket.prod_bucket"
          ]
        },
        {
          "index_key": "71624f5164d24391c230.jpg",
          "schema_version": 0,
          "attributes": {
            "acl": "private",
            "bucket": "annapivunova.me",
            "bucket_key_enabled": false,
            "cache_control": "",
            "content": null,
            "content_base64": null,
            "content_disposition": "",
            "content_encoding": "",
            "content_language": "",
            "content_type": "image/jpeg",
            "etag": "1664a5b37910eb40fb98f622b4ddea22",
            "force_destroy": false,
            "id": "71624f5164d24391c230.jpg",
            "key": "71624f5164d24391c230.jpg",
            "kms_key_id": null,
            "metadata": {},
            "object_lock_legal_hold_status": "",
            "object_lock_mode": "",
            "object_lock_retain_until_date": "",
            "server_side_encryption": "AES256",
            "source": "../dist_prod/71624f5164d24391c230.jpg",
            "source_hash": null,
            "storage_class": "STANDARD",
            "tags": {},
            "tags_all": {},
            "version_id": "",
            "website_redirect": ""
          },
          "sensitive_attributes": [],
          "private": "bnVsbA==",
          "dependencies": [
            "aws_s3_bucket.prod_bucket"
          ]
        },
        {
          "index_key": "753b242210cffa4f7eab.woff",
          "schema_version": 0,
          "attributes": {
            "acl": "private",
            "bucket": "annapivunova.me",
            "bucket_key_enabled": false,
            "cache_control": "",
            "content": null,
            "content_base64": null,
            "content_disposition": "",
            "content_encoding": "",
            "content_language": "",
            "content_type": "font/woff",
            "etag": "37b68ccc45988654bde1655c5261827d",
            "force_destroy": false,
            "id": "753b242210cffa4f7eab.woff",
            "key": "753b242210cffa4f7eab.woff",
            "kms_key_id": null,
            "metadata": {},
            "object_lock_legal_hold_status": "",
            "object_lock_mode": "",
            "object_lock_retain_until_date": "",
            "server_side_encryption": "AES256",
            "source": "../dist_prod/753b242210cffa4f7eab.woff",
            "source_hash": null,
            "storage_class": "STANDARD",
            "tags": {},
            "tags_all": {},
            "version_id": "",
            "website_redirect": ""
          },
          "sensitive_attributes": [],
          "private": "bnVsbA==",
          "dependencies": [
            "aws_s3_bucket.prod_bucket"
          ]
        },
        {
          "index_key": "7bdd57921c4b04e48947.png",
          "schema_version": 0,
          "attributes": {
            "acl": "private",
            "bucket": "annapivunova.me",
            "bucket_key_enabled": false,
            "cache_control": "",
            "content": null,
            "content_base64": null,
            "content_disposition": "",
            "content_encoding": "",
            "content_language": "",
            "content_type": "image/png",
            "etag": "a097d3f1709de03a8ecf4b63adfc510d",
            "force_destroy": false,
            "id": "7bdd57921c4b04e48947.png",
            "key": "7bdd57921c4b04e48947.png",
            "kms_key_id": null,
            "metadata": {},
            "object_lock_legal_hold_status": "",
            "object_lock_mode": "",
            "object_lock_retain_until_date": "",
            "server_side_encryption": "AES256",
            "source": "../dist_prod/7bdd57921c4b04e48947.png",
            "source_hash": null,
            "storage_class": "STANDARD",
            "tags": {},
            "tags_all": {},
            "version_id": "",
            "website_redirect": ""
          },
          "sensitive_attributes": [],
          "private": "bnVsbA==",
          "dependencies": [
            "aws_s3_bucket.prod_bucket"
          ]
        },
        {
          "index_key": "7f1f352a294379b2aada.jpeg",
          "schema_version": 0,
          "attributes": {
            "acl": "private",
            "bucket": "annapivunova.me",
            "bucket_key_enabled": false,
            "cache_control": "",
            "content": null,
            "content_base64": null,
            "content_disposition": "",
            "content_encoding": "",
            "content_language": "",
            "content_type": "image/jpeg",
            "etag": "452089a4d2cecd135bd615aa5b47d5be",
            "force_destroy": false,
            "id": "7f1f352a294379b2aada.jpeg",
            "key": "7f1f352a294379b2aada.jpeg",
            "kms_key_id": null,
            "metadata": {},
            "object_lock_legal_hold_status": "",
            "object_lock_mode": "",
            "object_lock_retain_until_date": "",
            "server_side_encryption": "AES256",
            "source": "../dist_prod/7f1f352a294379b2aada.jpeg",
            "source_hash": null,
            "storage_class": "STANDARD",
            "tags": {},
            "tags_all": {},
            "version_id": "",
            "website_redirect": ""
          },
          "sensitive_attributes": [],
          "private": "bnVsbA==",
          "dependencies": [
            "aws_s3_bucket.prod_bucket"
          ]
        },
        {
          "index_key": "912b7b1fb0657b371a6e.png",
          "schema_version": 0,
          "attributes": {
            "acl": "private",
            "bucket": "annapivunova.me",
            "bucket_key_enabled": false,
            "cache_control": "",
            "content": null,
            "content_base64": null,
            "content_disposition": "",
            "content_encoding": "",
            "content_language": "",
            "content_type": "image/png",
            "etag": "49cf7b71c3a53cdc7533293cc2d66ef8",
            "force_destroy": false,
            "id": "912b7b1fb0657b371a6e.png",
            "key": "912b7b1fb0657b371a6e.png",
            "kms_key_id": null,
            "metadata": {},
            "object_lock_legal_hold_status": "",
            "object_lock_mode": "",
            "object_lock_retain_until_date": "",
            "server_side_encryption": "AES256",
            "source": "../dist_prod/912b7b1fb0657b371a6e.png",
            "source_hash": null,
            "storage_class": "STANDARD",
            "tags": {},
            "tags_all": {},
            "version_id": "",
            "website_redirect": ""
          },
          "sensitive_attributes": [],
          "private": "bnVsbA==",
          "dependencies": [
            "aws_s3_bucket.prod_bucket"
          ]
        },
        {
          "index_key": "9d365c6b943c73e2efc6.svg",
          "schema_version": 0,
          "attributes": {
            "acl": "private",
            "bucket": "annapivunova.me",
            "bucket_key_enabled": false,
            "cache_control": "",
            "content": null,
            "content_base64": null,
            "content_disposition": "",
            "content_encoding": "",
            "content_language": "",
            "content_type": "image/svg+xml",
            "etag": "1e88b7461973878a192b9d931a4bebca",
            "force_destroy": false,
            "id": "9d365c6b943c73e2efc6.svg",
            "key": "9d365c6b943c73e2efc6.svg",
            "kms_key_id": null,
            "metadata": {},
            "object_lock_legal_hold_status": "",
            "object_lock_mode": "",
            "object_lock_retain_until_date": "",
            "server_side_encryption": "AES256",
            "source": "../dist_prod/9d365c6b943c73e2efc6.svg",
            "source_hash": null,
            "storage_class": "STANDARD",
            "tags": {},
            "tags_all": {},
            "version_id": "",
            "website_redirect": ""
          },
          "sensitive_attributes": [],
          "private": "bnVsbA==",
          "dependencies": [
            "aws_s3_bucket.prod_bucket"
          ]
        },
        {
          "index_key": "9f208dc47e353df8a7da.jpeg",
          "schema_version": 0,
          "attributes": {
            "acl": "private",
            "bucket": "annapivunova.me",
            "bucket_key_enabled": false,
            "cache_control": "",
            "content": null,
            "content_base64": null,
            "content_disposition": "",
            "content_encoding": "",
            "content_language": "",
            "content_type": "image/jpeg",
            "etag": "a27c60c6daf41b46ead0e231edcd4b64",
            "force_destroy": false,
            "id": "9f208dc47e353df8a7da.jpeg",
            "key": "9f208dc47e353df8a7da.jpeg",
            "kms_key_id": null,
            "metadata": {},
            "object_lock_legal_hold_status": "",
            "object_lock_mode": "",
            "object_lock_retain_until_date": "",
            "server_side_encryption": "AES256",
            "source": "../dist_prod/9f208dc47e353df8a7da.jpeg",
            "source_hash": null,
            "storage_class": "STANDARD",
            "tags": {},
            "tags_all": {},
            "version_id": "",
            "website_redirect": ""
          },
          "sensitive_attributes": [],
          "private": "bnVsbA==",
          "dependencies": [
            "aws_s3_bucket.prod_bucket"
          ]
        },
        {
          "index_key": "a28fd17ba979c3eb6382.jpeg",
          "schema_version": 0,
          "attributes": {
            "acl": "private",
            "bucket": "annapivunova.me",
            "bucket_key_enabled": false,
            "cache_control": "",
            "content": null,
            "content_base64": null,
            "content_disposition": "",
            "content_encoding": "",
            "content_language": "",
            "content_type": "image/jpeg",
            "etag": "2fdac169e7d6669dc614cee700d5d8f1",
            "force_destroy": false,
            "id": "a28fd17ba979c3eb6382.jpeg",
            "key": "a28fd17ba979c3eb6382.jpeg",
            "kms_key_id": null,
            "metadata": {},
            "object_lock_legal_hold_status": "",
            "object_lock_mode": "",
            "object_lock_retain_until_date": "",
            "server_side_encryption": "AES256",
            "source": "../dist_prod/a28fd17ba979c3eb6382.jpeg",
            "source_hash": null,
            "storage_class": "STANDARD",
            "tags": {},
            "tags_all": {},
            "version_id": "",
            "website_redirect": ""
          },
          "sensitive_attributes": [],
          "private": "bnVsbA==",
          "dependencies": [
            "aws_s3_bucket.prod_bucket"
          ]
        },
        {
          "index_key": "a3da98a33d37107beef8.jpeg",
          "schema_version": 0,
          "attributes": {
            "acl": "private",
            "bucket": "annapivunova.me",
            "bucket_key_enabled": false,
            "cache_control": "",
            "content": null,
            "content_base64": null,
            "content_disposition": "",
            "content_encoding": "",
            "content_language": "",
            "content_type": "image/jpeg",
            "etag": "44efebd03da10bd6e27c61bd8fc6242c",
            "force_destroy": false,
            "id": "a3da98a33d37107beef8.jpeg",
            "key": "a3da98a33d37107beef8.jpeg",
            "kms_key_id": null,
            "metadata": {},
            "object_lock_legal_hold_status": "",
            "object_lock_mode": "",
            "object_lock_retain_until_date": "",
            "server_side_encryption": "AES256",
            "source": "../dist_prod/a3da98a33d37107beef8.jpeg",
            "source_hash": null,
            "storage_class": "STANDARD",
            "tags": {},
            "tags_all": {},
            "version_id": "",
            "website_redirect": ""
          },
          "sensitive_attributes": [],
          "private": "bnVsbA==",
          "dependencies": [
            "aws_s3_bucket.prod_bucket"
          ]
        },
        {
          "index_key": "a4414291e00d7ceea9dd.png",
          "schema_version": 0,
          "attributes": {
            "acl": "private",
            "bucket": "annapivunova.me",
            "bucket_key_enabled": false,
            "cache_control": "",
            "content": null,
            "content_base64": null,
            "content_disposition": "",
            "content_encoding": "",
            "content_language": "",
            "content_type": "image/png",
            "etag": "7fb75110cd0a73ead5544ae456ab731b",
            "force_destroy": false,
            "id": "a4414291e00d7ceea9dd.png",
            "key": "a4414291e00d7ceea9dd.png",
            "kms_key_id": null,
            "metadata": {},
            "object_lock_legal_hold_status": "",
            "object_lock_mode": "",
            "object_lock_retain_until_date": "",
            "server_side_encryption": "AES256",
            "source": "../dist_prod/a4414291e00d7ceea9dd.png",
            "source_hash": null,
            "storage_class": "STANDARD",
            "tags": {},
            "tags_all": {},
            "version_id": "",
            "website_redirect": ""
          },
          "sensitive_attributes": [],
          "private": "bnVsbA==",
          "dependencies": [
            "aws_s3_bucket.prod_bucket"
          ]
        },
        {
          "index_key": "c9c75cbb71d1904a76ff.jpeg",
          "schema_version": 0,
          "attributes": {
            "acl": "private",
            "bucket": "annapivunova.me",
            "bucket_key_enabled": false,
            "cache_control": "",
            "content": null,
            "content_base64": null,
            "content_disposition": "",
            "content_encoding": "",
            "content_language": "",
            "content_type": "image/jpeg",
            "etag": "8522c95937c2ebaa3bb64fd7c6add456",
            "force_destroy": false,
            "id": "c9c75cbb71d1904a76ff.jpeg",
            "key": "c9c75cbb71d1904a76ff.jpeg",
            "kms_key_id": null,
            "metadata": {},
            "object_lock_legal_hold_status": "",
            "object_lock_mode": "",
            "object_lock_retain_until_date": "",
            "server_side_encryption": "AES256",
            "source": "../dist_prod/c9c75cbb71d1904a76ff.jpeg",
            "source_hash": null,
            "storage_class": "STANDARD",
            "tags": {},
            "tags_all": {},
            "version_id": "",
            "website_redirect": ""
          },
          "sensitive_attributes": [],
          "private": "bnVsbA==",
          "dependencies": [
            "aws_s3_bucket.prod_bucket"
          ]
        },
        {
          "index_key": "cdd1df186a3d51621aac.jpeg",
          "schema_version": 0,
          "attributes": {
            "acl": "private",
            "bucket": "annapivunova.me",
            "bucket_key_enabled": false,
            "cache_control": "",
            "content": null,
            "content_base64": null,
            "content_disposition": "",
            "content_encoding": "",
            "content_language": "",
            "content_type": "image/jpeg",
            "etag": "f101d3287d5b2f3599b767b500ae3bae",
            "force_destroy": false,
            "id": "cdd1df186a3d51621aac.jpeg",
            "key": "cdd1df186a3d51621aac.jpeg",
            "kms_key_id": null,
            "metadata": {},
            "object_lock_legal_hold_status": "",
            "object_lock_mode": "",
            "object_lock_retain_until_date": "",
            "server_side_encryption": "AES256",
            "source": "../dist_prod/cdd1df186a3d51621aac.jpeg",
            "source_hash": null,
            "storage_class": "STANDARD",
            "tags": {},
            "tags_all": {},
            "version_id": "",
            "website_redirect": ""
          },
          "sensitive_attributes": [],
          "private": "bnVsbA==",
          "dependencies": [
            "aws_s3_bucket.prod_bucket"
          ]
        },
        {
          "index_key": "d5aa4598268c7278ca3c.png",
          "schema_version": 0,
          "attributes": {
            "acl": "private",
            "bucket": "annapivunova.me",
            "bucket_key_enabled": false,
            "cache_control": "",
            "content": null,
            "content_base64": null,
            "content_disposition": "",
            "content_encoding": "",
            "content_language": "",
            "content_type": "image/png",
            "etag": "37ed65ac226f48ac2286cddb36c6540d",
            "force_destroy": false,
            "id": "d5aa4598268c7278ca3c.png",
            "key": "d5aa4598268c7278ca3c.png",
            "kms_key_id": null,
            "metadata": {},
            "object_lock_legal_hold_status": "",
            "object_lock_mode": "",
            "object_lock_retain_until_date": "",
            "server_side_encryption": "AES256",
            "source": "../dist_prod/d5aa4598268c7278ca3c.png",
            "source_hash": null,
            "storage_class": "STANDARD",
            "tags": {},
            "tags_all": {},
            "version_id": "",
            "website_redirect": ""
          },
          "sensitive_attributes": [],
          "private": "bnVsbA==",
          "dependencies": [
            "aws_s3_bucket.prod_bucket"
          ]
        },
        {
          "index_key": "da779a156099b8aee62e.jpeg",
          "schema_version": 0,
          "attributes": {
            "acl": "private",
            "bucket": "annapivunova.me",
            "bucket_key_enabled": false,
            "cache_control": "",
            "content": null,
            "content_base64": null,
            "content_disposition": "",
            "content_encoding": "",
            "content_language": "",
            "content_type": "image/jpeg",
            "etag": "ede10a8bac2d9efc461576d6603a7c82",
            "force_destroy": false,
            "id": "da779a156099b8aee62e.jpeg",
            "key": "da779a156099b8aee62e.jpeg",
            "kms_key_id": null,
            "metadata": {},
            "object_lock_legal_hold_status": "",
            "object_lock_mode": "",
            "object_lock_retain_until_date": "",
            "server_side_encryption": "AES256",
            "source": "../dist_prod/da779a156099b8aee62e.jpeg",
            "source_hash": null,
            "storage_class": "STANDARD",
            "tags": {},
            "tags_all": {},
            "version_id": "",
            "website_redirect": ""
          },
          "sensitive_attributes": [],
          "private": "bnVsbA==",
          "dependencies": [
            "aws_s3_bucket.prod_bucket"
          ]
        },
        {
          "index_key": "db3837aa609dd17aaf79.jpeg",
          "schema_version": 0,
          "attributes": {
            "acl": "private",
            "bucket": "annapivunova.me",
            "bucket_key_enabled": false,
            "cache_control": "",
            "content": null,
            "content_base64": null,
            "content_disposition": "",
            "content_encoding": "",
            "content_language": "",
            "content_type": "image/jpeg",
            "etag": "367abe52e2588525e3fcffbf54b5ae2e",
            "force_destroy": false,
            "id": "db3837aa609dd17aaf79.jpeg",
            "key": "db3837aa609dd17aaf79.jpeg",
            "kms_key_id": null,
            "metadata": {},
            "object_lock_legal_hold_status": "",
            "object_lock_mode": "",
            "object_lock_retain_until_date": "",
            "server_side_encryption": "AES256",
            "source": "../dist_prod/db3837aa609dd17aaf79.jpeg",
            "source_hash": null,
            "storage_class": "STANDARD",
            "tags": {},
            "tags_all": {},
            "version_id": "",
            "website_redirect": ""
          },
          "sensitive_attributes": [],
          "private": "bnVsbA==",
          "dependencies": [
            "aws_s3_bucket.prod_bucket"
          ]
        },
        {
          "index_key": "dcba4d2328ce9320a321.png",
          "schema_version": 0,
          "attributes": {
            "acl": "private",
            "bucket": "annapivunova.me",
            "bucket_key_enabled": false,
            "cache_control": "",
            "content": null,
            "content_base64": null,
            "content_disposition": "",
            "content_encoding": "",
            "content_language": "",
            "content_type": "image/png",
            "etag": "53d00943fd25ee9cb4e4d653308b7e3c",
            "force_destroy": false,
            "id": "dcba4d2328ce9320a321.png",
            "key": "dcba4d2328ce9320a321.png",
            "kms_key_id": null,
            "metadata": {},
            "object_lock_legal_hold_status": "",
            "object_lock_mode": "",
            "object_lock_retain_until_date": "",
            "server_side_encryption": "AES256",
            "source": "../dist_prod/dcba4d2328ce9320a321.png",
            "source_hash": null,
            "storage_class": "STANDARD",
            "tags": {},
            "tags_all": {},
            "version_id": "",
            "website_redirect": ""
          },
          "sensitive_attributes": [],
          "private": "bnVsbA==",
          "dependencies": [
            "aws_s3_bucket.prod_bucket"
          ]
        },
        {
          "index_key": "ddbf5962dc8127fd324b.svg",
          "schema_version": 0,
          "attributes": {
            "acl": "private",
            "bucket": "annapivunova.me",
            "bucket_key_enabled": false,
            "cache_control": "",
            "content": null,
            "content_base64": null,
            "content_disposition": "",
            "content_encoding": "",
            "content_language": "",
            "content_type": "image/svg+xml",
            "etag": "f080a9a34b099307340a4c1315f2f498",
            "force_destroy": false,
            "id": "ddbf5962dc8127fd324b.svg",
            "key": "ddbf5962dc8127fd324b.svg",
            "kms_key_id": null,
            "metadata": {},
            "object_lock_legal_hold_status": "",
            "object_lock_mode": "",
            "object_lock_retain_until_date": "",
            "server_side_encryption": "AES256",
            "source": "../dist_prod/ddbf5962dc8127fd324b.svg",
            "source_hash": null,
            "storage_class": "STANDARD",
            "tags": {},
            "tags_all": {},
            "version_id": "",
            "website_redirect": ""
          },
          "sensitive_attributes": [],
          "private": "bnVsbA==",
          "dependencies": [
            "aws_s3_bucket.prod_bucket"
          ]
        },
        {
          "index_key": "dfe7986b49b57640247d.png",
          "schema_version": 0,
          "attributes": {
            "acl": "private",
            "bucket": "annapivunova.me",
            "bucket_key_enabled": false,
            "cache_control": "",
            "content": null,
            "content_base64": null,
            "content_disposition": "",
            "content_encoding": "",
            "content_language": "",
            "content_type": "image/png",
            "etag": "ab104a226d87f8ae938e5a5be7432ebc",
            "force_destroy": false,
            "id": "dfe7986b49b57640247d.png",
            "key": "dfe7986b49b57640247d.png",
            "kms_key_id": null,
            "metadata": {},
            "object_lock_legal_hold_status": "",
            "object_lock_mode": "",
            "object_lock_retain_until_date": "",
            "server_side_encryption": "AES256",
            "source": "../dist_prod/dfe7986b49b57640247d.png",
            "source_hash": null,
            "storage_class": "STANDARD",
            "tags": {},
            "tags_all": {},
            "version_id": "",
            "website_redirect": ""
          },
          "sensitive_attributes": [],
          "private": "bnVsbA==",
          "dependencies": [
            "aws_s3_bucket.prod_bucket"
          ]
        },
        {
          "index_key": "e1a32eb7645943df7f70.png",
          "schema_version": 0,
          "attributes": {
            "acl": "private",
            "bucket": "annapivunova.me",
            "bucket_key_enabled": false,
            "cache_control": "",
            "content": null,
            "content_base64": null,
            "content_disposition": "",
            "content_encoding": "",
            "content_language": "",
            "content_type": "image/png",
            "etag": "3315744d6e0928feeba348228df285c6",
            "force_destroy": false,
            "id": "e1a32eb7645943df7f70.png",
            "key": "e1a32eb7645943df7f70.png",
            "kms_key_id": null,
            "metadata": {},
            "object_lock_legal_hold_status": "",
            "object_lock_mode": "",
            "object_lock_retain_until_date": "",
            "server_side_encryption": "AES256",
            "source": "../dist_prod/e1a32eb7645943df7f70.png",
            "source_hash": null,
            "storage_class": "STANDARD",
            "tags": {},
            "tags_all": {},
            "version_id": "",
            "website_redirect": ""
          },
          "sensitive_attributes": [],
          "private": "bnVsbA==",
          "dependencies": [
            "aws_s3_bucket.prod_bucket"
          ]
        },
        {
          "index_key": "ea649e2aea77ce96c726.jpeg",
          "schema_version": 0,
          "attributes": {
            "acl": "private",
            "bucket": "annapivunova.me",
            "bucket_key_enabled": false,
            "cache_control": "",
            "content": null,
            "content_base64": null,
            "content_disposition": "",
            "content_encoding": "",
            "content_language": "",
            "content_type": "image/jpeg",
            "etag": "3c4c4d171762693d2ae2cac0ba5a68e8",
            "force_destroy": false,
            "id": "ea649e2aea77ce96c726.jpeg",
            "key": "ea649e2aea77ce96c726.jpeg",
            "kms_key_id": null,
            "metadata": {},
            "object_lock_legal_hold_status": "",
            "object_lock_mode": "",
            "object_lock_retain_until_date": "",
            "server_side_encryption": "AES256",
            "source": "../dist_prod/ea649e2aea77ce96c726.jpeg",
            "source_hash": null,
            "storage_class": "STANDARD",
            "tags": {},
            "tags_all": {},
            "version_id": "",
            "website_redirect": ""
          },
          "sensitive_attributes": [],
          "private": "bnVsbA==",
          "dependencies": [
            "aws_s3_bucket.prod_bucket"
          ]
        },
        {
          "index_key": "edec2f58cc84d5ed4e16.jpeg",
          "schema_version": 0,
          "attributes": {
            "acl": "private",
            "bucket": "annapivunova.me",
            "bucket_key_enabled": false,
            "cache_control": "",
            "content": null,
            "content_base64": null,
            "content_disposition": "",
            "content_encoding": "",
            "content_language": "",
            "content_type": "image/jpeg",
            "etag": "8e1bc4aad12fb6535bafbb69e82f3faa",
            "force_destroy": false,
            "id": "edec2f58cc84d5ed4e16.jpeg",
            "key": "edec2f58cc84d5ed4e16.jpeg",
            "kms_key_id": null,
            "metadata": {},
            "object_lock_legal_hold_status": "",
            "object_lock_mode": "",
            "object_lock_retain_until_date": "",
            "server_side_encryption": "AES256",
            "source": "../dist_prod/edec2f58cc84d5ed4e16.jpeg",
            "source_hash": null,
            "storage_class": "STANDARD",
            "tags": {},
            "tags_all": {},
            "version_id": "",
            "website_redirect": ""
          },
          "sensitive_attributes": [],
          "private": "bnVsbA==",
          "dependencies": [
            "aws_s3_bucket.prod_bucket"
          ]
        },
        {
          "index_key": "fc10886900b52a001365.svg",
          "schema_version": 0,
          "attributes": {
            "acl": "private",
            "bucket": "annapivunova.me",
            "bucket_key_enabled": false,
            "cache_control": "",
            "content": null,
            "content_base64": null,
            "content_disposition": "",
            "content_encoding": "",
            "content_language": "",
            "content_type": "image/svg+xml",
            "etag": "25fc53bfff51d8e031123fc0aa57971f",
            "force_destroy": false,
            "id": "fc10886900b52a001365.svg",
            "key": "fc10886900b52a001365.svg",
            "kms_key_id": null,
            "metadata": {},
            "object_lock_legal_hold_status": "",
            "object_lock_mode": "",
            "object_lock_retain_until_date": "",
            "server_side_encryption": "AES256",
            "source": "../dist_prod/fc10886900b52a001365.svg",
            "source_hash": null,
            "storage_class": "STANDARD",
            "tags": {},
            "tags_all": {},
            "version_id": "",
            "website_redirect": ""
          },
          "sensitive_attributes": [],
          "private": "bnVsbA==",
          "dependencies": [
            "aws_s3_bucket.prod_bucket"
          ]
        },
        {
          "index_key": "index.html",
          "schema_version": 0,
          "attributes": {
            "acl": "private",
            "bucket": "annapivunova.me",
            "bucket_key_enabled": false,
            "cache_control": "",
            "content": null,
            "content_base64": null,
            "content_disposition": "",
            "content_encoding": "",
            "content_language": "",
            "content_type": "text/html",
            "etag": "75c5b98ca7e8687c734a12659a493820",
            "force_destroy": false,
            "id": "index.html",
            "key": "index.html",
            "kms_key_id": null,
            "metadata": {},
            "object_lock_legal_hold_status": "",
            "object_lock_mode": "",
            "object_lock_retain_until_date": "",
            "server_side_encryption": "AES256",
            "source": "../dist_prod/index.html",
            "source_hash": null,
            "storage_class": "STANDARD",
            "tags": {},
            "tags_all": {},
            "version_id": "",
            "website_redirect": ""
          },
          "sensitive_attributes": [],
          "private": "bnVsbA==",
          "dependencies": [
            "aws_s3_bucket.prod_bucket"
          ]
        },
        {
          "index_key": "main.js",
          "schema_version": 0,
          "attributes": {
            "acl": "private",
            "bucket": "annapivunova.me",
            "bucket_key_enabled": false,
            "cache_control": "",
            "content": null,
            "content_base64": null,
            "content_disposition": "",
            "content_encoding": "",
            "content_language": "",
            "content_type": "application/javascript",
            "etag": "eafba0222f78bfc0aa78745d9fabd7f6",
            "force_destroy": false,
            "id": "main.js",
            "key": "main.js",
            "kms_key_id": null,
            "metadata": {},
            "object_lock_legal_hold_status": "",
            "object_lock_mode": "",
            "object_lock_retain_until_date": "",
            "server_side_encryption": "AES256",
            "source": "../dist_prod/main.js",
            "source_hash": null,
            "storage_class": "STANDARD",
            "tags": {},
            "tags_all": {},
            "version_id": "",
            "website_redirect": ""
          },
          "sensitive_attributes": [],
          "private": "bnVsbA==",
          "dependencies": [
            "aws_s3_bucket.prod_bucket"
          ]
        },
        {
          "index_key": "main.js.LICENSE.txt",
          "schema_version": 0,
          "attributes": {
            "acl": "private",
            "bucket": "annapivunova.me",
            "bucket_key_enabled": false,
            "cache_control": "",
            "content": null,
            "content_base64": null,
            "content_disposition": "",
            "content_encoding": "",
            "content_language": "",
            "content_type": "text/plain",
            "etag": "352c2013eb59f17b3a71da1983fd792b",
            "force_destroy": false,
            "id": "main.js.LICENSE.txt",
            "key": "main.js.LICENSE.txt",
            "kms_key_id": null,
            "metadata": {},
            "object_lock_legal_hold_status": "",
            "object_lock_mode": "",
            "object_lock_retain_until_date": "",
            "server_side_encryption": "AES256",
            "source": "../dist_prod/main.js.LICENSE.txt",
            "source_hash": null,
            "storage_class": "STANDARD",
            "tags": {},
            "tags_all": {},
            "version_id": "",
            "website_redirect": ""
          },
          "sensitive_attributes": [],
          "private": "bnVsbA==",
          "dependencies": [
            "aws_s3_bucket.prod_bucket"
          ]
        }
      ]
    },
    {
      "mode": "managed",
      "type": "aws_secretsmanager_secret",
      "name": "auth_secrets_manager",
      "provider": "provider[\"registry.terraform.io/hashicorp/aws\"]",
      "instances": [
        {
          "schema_version": 0,
          "attributes": {
            "arn": "arn:aws:secretsmanager:eu-central-1:556433906636:secret:annapivunova.me_secrets_storage-hbqz9C",
            "description": "",
            "force_overwrite_replica_secret": false,
            "id": "arn:aws:secretsmanager:eu-central-1:556433906636:secret:annapivunova.me_secrets_storage-hbqz9C",
            "kms_key_id": "",
            "name": "annapivunova.me_secrets_storage",
            "name_prefix": "",
            "policy": "",
            "recovery_window_in_days": 30,
            "replica": [],
            "rotation_enabled": false,
            "rotation_lambda_arn": "",
            "rotation_rules": [],
            "tags": {},
            "tags_all": {}
          },
          "sensitive_attributes": [],
          "private": "bnVsbA=="
        }
      ]
    },
    {
      "mode": "managed",
      "type": "aws_secretsmanager_secret_version",
      "name": "annapivunova_password",
      "provider": "provider[\"registry.terraform.io/hashicorp/aws\"]",
      "instances": [
        {
          "schema_version": 0,
          "attributes": {
            "arn": "arn:aws:secretsmanager:eu-central-1:556433906636:secret:annapivunova.me_secrets_storage-hbqz9C",
            "id": "arn:aws:secretsmanager:eu-central-1:556433906636:secret:annapivunova.me_secrets_storage-hbqz9C|9213561A-9841-4EBD-95A0-B3AFF2604211",
            "secret_binary": "",
            "secret_id": "arn:aws:secretsmanager:eu-central-1:556433906636:secret:annapivunova.me_secrets_storage-hbqz9C",
            "secret_string": "asdf",
            "version_id": "9213561A-9841-4EBD-95A0-B3AFF2604211",
            "version_stages": [
              "AWSCURRENT"
            ]
          },
          "sensitive_attributes": [],
          "private": "bnVsbA==",
          "dependencies": [
            "aws_secretsmanager_secret.auth_secrets_manager"
          ]
        }
      ]
    }
  ],
  "check_results": null
}
